{
  "version": 4,
  "terraform_version": "1.3.3",
  "serial": 94,
  "lineage": "0d132d87-4a28-05ae-ef02-ddec7708af9e",
  "outputs": {},
  "resources": [
    {
      "module": "module.VM",
      "mode": "managed",
      "type": "azurerm_network_interface",
      "name": "vm-private-nic",
      "provider": "provider[\"registry.terraform.io/hashicorp/azurerm\"]",
      "instances": [
        {
          "schema_version": 0,
          "attributes": {
            "applied_dns_servers": [],
            "dns_servers": [],
            "enable_accelerated_networking": false,
            "enable_ip_forwarding": false,
            "id": "/subscriptions/d154b22a-00e9-4d61-bccd-1c77b06247da/resourceGroups/kopicloud-jira-rg/providers/Microsoft.Network/networkInterfaces/vm-ixekoaht-nic",
            "internal_dns_name_label": "",
            "internal_domain_name_suffix": "501i5leswgbedlfg2loqp4wifb.ax.internal.cloudapp.net",
            "ip_configuration": [
              {
                "name": "Internet",
                "primary": true,
                "private_ip_address": "10.128.1.4",
                "private_ip_address_allocation": "Dynamic",
                "private_ip_address_version": "IPv4",
                "public_ip_address_id": "",
                "subnet_id": "/subscriptions/d154b22a-00e9-4d61-bccd-1c77b06247da/resourceGroups/kopicloud-jira-rg/providers/Microsoft.Network/virtualNetworks/kopicloud-jira-vnet/subnets/kopicloud-jira-subnet"
              }
            ],
            "location": "westeurope",
            "mac_address": "",
            "name": "vm-ixekoaht-nic",
            "private_ip_address": "10.128.1.4",
            "private_ip_addresses": [
              "10.128.1.4"
            ],
            "resource_group_name": "kopicloud-jira-rg",
            "tags": {
              "environment": "jira"
            },
            "timeouts": null,
            "virtual_machine_id": ""
          },
          "sensitive_attributes": [],
          "private": "eyJlMmJmYjczMC1lY2FhLTExZTYtOGY4OC0zNDM2M2JjN2M0YzAiOnsiY3JlYXRlIjoxODAwMDAwMDAwMDAwLCJkZWxldGUiOjE4MDAwMDAwMDAwMDAsInJlYWQiOjMwMDAwMDAwMDAwMCwidXBkYXRlIjoxODAwMDAwMDAwMDAwfX0=",
          "dependencies": [
            "module.VM.azurerm_public_ip.vm_ip",
            "module.VM.random_string.vm-name",
            "module.network_vpc_west.azurerm_resource_group.RG",
            "module.network_vpc_west.azurerm_subnet.subnet",
            "module.network_vpc_west.azurerm_virtual_network.Vnet"
          ]
        }
      ]
    },
    {
      "module": "module.VM",
      "mode": "managed",
      "type": "azurerm_network_interface",
      "name": "vm-private-nic-no-ip",
      "provider": "provider[\"registry.terraform.io/hashicorp/azurerm\"]",
      "instances": [
        {
          "schema_version": 0,
          "attributes": {
            "applied_dns_servers": [],
            "dns_servers": [],
            "enable_accelerated_networking": false,
            "enable_ip_forwarding": false,
            "id": "/subscriptions/d154b22a-00e9-4d61-bccd-1c77b06247da/resourceGroups/kopicloud-jira-rg/providers/Microsoft.Network/networkInterfaces/vm-ixekoaht-nic",
            "internal_dns_name_label": "",
            "internal_domain_name_suffix": "501i5leswgbedlfg2loqp4wifb.ax.internal.cloudapp.net",
            "ip_configuration": [
              {
                "name": "internal",
                "primary": true,
                "private_ip_address": "10.128.1.6",
                "private_ip_address_allocation": "Dynamic",
                "private_ip_address_version": "IPv4",
                "public_ip_address_id": "",
                "subnet_id": "/subscriptions/d154b22a-00e9-4d61-bccd-1c77b06247da/resourceGroups/kopicloud-jira-rg/providers/Microsoft.Network/virtualNetworks/kopicloud-jira-vnet/subnets/kopicloud-jira-subnet"
              }
            ],
            "location": "westeurope",
            "mac_address": "",
            "name": "vm-ixekoaht-nic",
            "private_ip_address": "10.128.1.6",
            "private_ip_addresses": [
              "10.128.1.6"
            ],
            "resource_group_name": "kopicloud-jira-rg",
            "tags": {
              "environment": "jira"
            },
            "timeouts": null,
            "virtual_machine_id": ""
          },
          "sensitive_attributes": [],
          "private": "eyJlMmJmYjczMC1lY2FhLTExZTYtOGY4OC0zNDM2M2JjN2M0YzAiOnsiY3JlYXRlIjoxODAwMDAwMDAwMDAwLCJkZWxldGUiOjE4MDAwMDAwMDAwMDAsInJlYWQiOjMwMDAwMDAwMDAwMCwidXBkYXRlIjoxODAwMDAwMDAwMDAwfX0=",
          "dependencies": [
            "module.VM.random_string.vm-name",
            "module.network_vpc_west.azurerm_resource_group.RG",
            "module.network_vpc_west.azurerm_subnet.subnet",
            "module.network_vpc_west.azurerm_virtual_network.Vnet"
          ]
        }
      ]
    },
    {
      "module": "module.VM",
      "mode": "managed",
      "type": "azurerm_network_interface_security_group_association",
      "name": "NSG-Public",
      "provider": "provider[\"registry.terraform.io/hashicorp/azurerm\"]",
      "instances": [
        {
          "schema_version": 0,
          "attributes": {
            "id": "/subscriptions/d154b22a-00e9-4d61-bccd-1c77b06247da/resourceGroups/kopicloud-jira-rg/providers/Microsoft.Network/networkInterfaces/vm-ixekoaht-nic|/subscriptions/d154b22a-00e9-4d61-bccd-1c77b06247da/resourceGroups/kopicloud-jira-rg/providers/Microsoft.Network/networkSecurityGroups/sql-jira-ixekoaht-nsg",
            "network_interface_id": "/subscriptions/d154b22a-00e9-4d61-bccd-1c77b06247da/resourceGroups/kopicloud-jira-rg/providers/Microsoft.Network/networkInterfaces/vm-ixekoaht-nic",
            "network_security_group_id": "/subscriptions/d154b22a-00e9-4d61-bccd-1c77b06247da/resourceGroups/kopicloud-jira-rg/providers/Microsoft.Network/networkSecurityGroups/sql-jira-ixekoaht-nsg",
            "timeouts": null
          },
          "sensitive_attributes": [],
          "private": "eyJlMmJmYjczMC1lY2FhLTExZTYtOGY4OC0zNDM2M2JjN2M0YzAiOnsiY3JlYXRlIjoxODAwMDAwMDAwMDAwLCJkZWxldGUiOjE4MDAwMDAwMDAwMDAsInJlYWQiOjMwMDAwMDAwMDAwMCwidXBkYXRlIjoxODAwMDAwMDAwMDAwfX0=",
          "dependencies": [
            "module.VM.azurerm_network_interface.vm-private-nic",
            "module.VM.azurerm_network_interface.vm-private-nic-no-ip",
            "module.VM.azurerm_network_security_group.vm-nsg",
            "module.VM.azurerm_public_ip.vm_ip",
            "module.VM.random_string.vm-name",
            "module.network_vpc_west.azurerm_resource_group.RG",
            "module.network_vpc_west.azurerm_subnet.subnet",
            "module.network_vpc_west.azurerm_virtual_network.Vnet"
          ]
        }
      ]
    },
    {
      "module": "module.VM",
      "mode": "managed",
      "type": "azurerm_network_security_group",
      "name": "vm-nsg",
      "provider": "provider[\"registry.terraform.io/hashicorp/azurerm\"]",
      "instances": [
        {
          "schema_version": 0,
          "attributes": {
            "id": "/subscriptions/d154b22a-00e9-4d61-bccd-1c77b06247da/resourceGroups/kopicloud-jira-rg/providers/Microsoft.Network/networkSecurityGroups/sql-jira-ixekoaht-nsg",
            "location": "westeurope",
            "name": "sql-jira-ixekoaht-nsg",
            "resource_group_name": "kopicloud-jira-rg",
            "security_rule": [
              {
                "access": "Allow",
                "description": "Allow SQL",
                "destination_address_prefix": "*",
                "destination_address_prefixes": [],
                "destination_application_security_group_ids": [],
                "destination_port_range": "5432",
                "destination_port_ranges": [],
                "direction": "Inbound",
                "name": "AllowSQL",
                "priority": 100,
                "protocol": "Tcp",
                "source_address_prefix": "VirtualNetwork",
                "source_address_prefixes": [],
                "source_application_security_group_ids": [],
                "source_port_range": "*",
                "source_port_ranges": []
              },
              {
                "access": "Allow",
                "description": "Allow SSH",
                "destination_address_prefix": "*",
                "destination_address_prefixes": [],
                "destination_application_security_group_ids": [],
                "destination_port_range": "22",
                "destination_port_ranges": [],
                "direction": "Inbound",
                "name": "AllowSSH",
                "priority": 150,
                "protocol": "Tcp",
                "source_address_prefix": "VirtualNetwork",
                "source_address_prefixes": [],
                "source_application_security_group_ids": [],
                "source_port_range": "*",
                "source_port_ranges": []
              }
            ],
            "tags": {
              "environment": "jira"
            },
            "timeouts": null
          },
          "sensitive_attributes": [],
          "private": "eyJlMmJmYjczMC1lY2FhLTExZTYtOGY4OC0zNDM2M2JjN2M0YzAiOnsiY3JlYXRlIjoxODAwMDAwMDAwMDAwLCJkZWxldGUiOjE4MDAwMDAwMDAwMDAsInJlYWQiOjMwMDAwMDAwMDAwMCwidXBkYXRlIjoxODAwMDAwMDAwMDAwfX0=",
          "dependencies": [
            "module.VM.random_string.vm-name",
            "module.network_vpc_west.azurerm_resource_group.RG"
          ]
        }
      ]
    },
    {
      "module": "module.VM",
      "mode": "managed",
      "type": "azurerm_public_ip",
      "name": "vm_ip",
      "provider": "provider[\"registry.terraform.io/hashicorp/azurerm\"]",
      "instances": [
        {
          "schema_version": 0,
          "attributes": {
            "allocation_method": "Static",
            "domain_name_label": null,
            "fqdn": null,
            "id": "/subscriptions/d154b22a-00e9-4d61-bccd-1c77b06247da/resourceGroups/kopicloud-jira-rg/providers/Microsoft.Network/publicIPAddresses/ip-ixekoaht-public",
            "idle_timeout_in_minutes": 4,
            "ip_address": "40.118.58.255",
            "ip_tags": null,
            "ip_version": "IPv4",
            "location": "westeurope",
            "name": "ip-ixekoaht-public",
            "public_ip_prefix_id": null,
            "resource_group_name": "kopicloud-jira-rg",
            "reverse_fqdn": null,
            "sku": "Basic",
            "tags": null,
            "timeouts": null,
            "zones": null
          },
          "sensitive_attributes": [],
          "private": "eyJlMmJmYjczMC1lY2FhLTExZTYtOGY4OC0zNDM2M2JjN2M0YzAiOnsiY3JlYXRlIjoxODAwMDAwMDAwMDAwLCJkZWxldGUiOjE4MDAwMDAwMDAwMDAsInJlYWQiOjMwMDAwMDAwMDAwMCwidXBkYXRlIjoxODAwMDAwMDAwMDAwfX0=",
          "dependencies": [
            "module.VM.random_string.vm-name",
            "module.network_vpc_west.azurerm_resource_group.RG"
          ]
        }
      ]
    },
    {
      "module": "module.VM",
      "mode": "managed",
      "type": "azurerm_virtual_machine",
      "name": "Vm",
      "provider": "provider[\"registry.terraform.io/hashicorp/azurerm\"]",
      "instances": [
        {
          "schema_version": 0,
          "attributes": {
            "additional_capabilities": [],
            "availability_set_id": null,
            "boot_diagnostics": [],
            "delete_data_disks_on_termination": true,
            "delete_os_disk_on_termination": true,
            "id": "/subscriptions/d154b22a-00e9-4d61-bccd-1c77b06247da/resourceGroups/kopicloud-jira-rg/providers/Microsoft.Compute/virtualMachines/vm-jira-ixekoaht-vm",
            "identity": [],
            "license_type": null,
            "location": "westeurope",
            "name": "vm-jira-ixekoaht-vm",
            "network_interface_ids": [
              "/subscriptions/d154b22a-00e9-4d61-bccd-1c77b06247da/resourceGroups/kopicloud-jira-rg/providers/Microsoft.Network/networkInterfaces/vm-ixekoaht-nic"
            ],
            "os_profile": [
              {
                "admin_password": "",
                "admin_username": "hector01",
                "computer_name": "vm-ixekoaht-vm",
                "custom_data": ""
              }
            ],
            "os_profile_linux_config": [
              {
                "disable_password_authentication": false,
                "ssh_keys": []
              }
            ],
            "os_profile_secrets": [],
            "os_profile_windows_config": [],
            "plan": [],
            "primary_network_interface_id": null,
            "proximity_placement_group_id": null,
            "resource_group_name": "kopicloud-jira-rg",
            "storage_data_disk": [],
            "storage_image_reference": [
              {
                "id": "",
                "offer": "UbuntuServer",
                "publisher": "Canonical",
                "sku": "18.04-LTS",
                "version": "latest"
              }
            ],
            "storage_os_disk": [
              {
                "caching": "ReadWrite",
                "create_option": "FromImage",
                "disk_size_gb": 30,
                "image_uri": "",
                "managed_disk_id": "/subscriptions/d154b22a-00e9-4d61-bccd-1c77b06247da/resourceGroups/kopicloud-jira-rg/providers/Microsoft.Compute/disks/diskixekoahtvm",
                "managed_disk_type": "Standard_LRS",
                "name": "diskixekoahtvm",
                "os_type": "Linux",
                "vhd_uri": "",
                "write_accelerator_enabled": false
              }
            ],
            "tags": null,
            "timeouts": null,
            "vm_size": "Standard_DS1_v2",
            "zones": null
          },
          "sensitive_attributes": [],
          "private": "eyJlMmJmYjczMC1lY2FhLTExZTYtOGY4OC0zNDM2M2JjN2M0YzAiOnsiY3JlYXRlIjozNjAwMDAwMDAwMDAwLCJkZWxldGUiOjM2MDAwMDAwMDAwMDAsInJlYWQiOjMwMDAwMDAwMDAwMCwidXBkYXRlIjozNjAwMDAwMDAwMDAwfX0=",
          "dependencies": [
            "module.VM.azurerm_network_interface.vm-private-nic",
            "module.VM.azurerm_network_interface.vm-private-nic-no-ip",
            "module.VM.azurerm_public_ip.vm_ip",
            "module.VM.random_string.vm-name",
            "module.network_vpc_west.azurerm_resource_group.RG",
            "module.network_vpc_west.azurerm_subnet.subnet",
            "module.network_vpc_west.azurerm_virtual_network.Vnet"
          ]
        }
      ]
    },
    {
      "module": "module.VM",
      "mode": "managed",
      "type": "random_string",
      "name": "vm-name",
      "provider": "provider[\"registry.terraform.io/hashicorp/random\"]",
      "instances": [
        {
          "schema_version": 2,
          "attributes": {
            "id": "ixekoaht",
            "keepers": null,
            "length": 8,
            "lower": true,
            "min_lower": 0,
            "min_numeric": 0,
            "min_special": 0,
            "min_upper": 0,
            "number": false,
            "numeric": false,
            "override_special": null,
            "result": "ixekoaht",
            "special": false,
            "upper": false
          },
          "sensitive_attributes": []
        }
      ]
    },
    {
      "module": "module.VM02",
      "mode": "managed",
      "type": "azurerm_network_interface",
      "name": "vm-private-nic",
      "provider": "provider[\"registry.terraform.io/hashicorp/azurerm\"]",
      "instances": [
        {
          "schema_version": 0,
          "attributes": {
            "applied_dns_servers": [],
            "dns_servers": [],
            "enable_accelerated_networking": false,
            "enable_ip_forwarding": false,
            "id": "/subscriptions/d154b22a-00e9-4d61-bccd-1c77b06247da/resourceGroups/kopicloud-jira-rg/providers/Microsoft.Network/networkInterfaces/vm-yjmzmzsm-nic",
            "internal_dns_name_label": "",
            "internal_domain_name_suffix": "501i5leswgbedlfg2loqp4wifb.ax.internal.cloudapp.net",
            "ip_configuration": [
              {
                "name": "Internet",
                "primary": true,
                "private_ip_address": "10.128.1.4",
                "private_ip_address_allocation": "Dynamic",
                "private_ip_address_version": "IPv4",
                "public_ip_address_id": "/subscriptions/d154b22a-00e9-4d61-bccd-1c77b06247da/resourceGroups/kopicloud-jira-rg/providers/Microsoft.Network/publicIPAddresses/ip-yjmzmzsm-public",
                "subnet_id": "/subscriptions/d154b22a-00e9-4d61-bccd-1c77b06247da/resourceGroups/kopicloud-jira-rg/providers/Microsoft.Network/virtualNetworks/kopicloud-jira-vnet/subnets/kopicloud-jira-subnet"
              }
            ],
            "location": "westeurope",
            "mac_address": "",
            "name": "vm-yjmzmzsm-nic",
            "private_ip_address": "10.128.1.4",
            "private_ip_addresses": [
              "10.128.1.4"
            ],
            "resource_group_name": "kopicloud-jira-rg",
            "tags": {
              "environment": "jira"
            },
            "timeouts": null,
            "virtual_machine_id": ""
          },
          "sensitive_attributes": [],
          "private": "eyJlMmJmYjczMC1lY2FhLTExZTYtOGY4OC0zNDM2M2JjN2M0YzAiOnsiY3JlYXRlIjoxODAwMDAwMDAwMDAwLCJkZWxldGUiOjE4MDAwMDAwMDAwMDAsInJlYWQiOjMwMDAwMDAwMDAwMCwidXBkYXRlIjoxODAwMDAwMDAwMDAwfX0=",
          "dependencies": [
            "module.VM02.azurerm_public_ip.vm_ip",
            "module.VM02.random_string.vm-name",
            "module.network_vpc_west.azurerm_resource_group.RG",
            "module.network_vpc_west.azurerm_subnet.subnet",
            "module.network_vpc_west.azurerm_virtual_network.Vnet"
          ]
        }
      ]
    },
    {
      "module": "module.VM02",
      "mode": "managed",
      "type": "azurerm_network_interface",
      "name": "vm-private-nic-no-ip",
      "provider": "provider[\"registry.terraform.io/hashicorp/azurerm\"]",
      "instances": [
        {
          "schema_version": 0,
          "attributes": {
            "applied_dns_servers": [],
            "dns_servers": [],
            "enable_accelerated_networking": false,
            "enable_ip_forwarding": false,
            "id": "/subscriptions/d154b22a-00e9-4d61-bccd-1c77b06247da/resourceGroups/kopicloud-jira-rg/providers/Microsoft.Network/networkInterfaces/vm-yjmzmzsm-nic",
            "internal_dns_name_label": "",
            "internal_domain_name_suffix": "501i5leswgbedlfg2loqp4wifb.ax.internal.cloudapp.net",
            "ip_configuration": [
              {
                "name": "internal",
                "primary": true,
                "private_ip_address": "10.128.1.5",
                "private_ip_address_allocation": "Dynamic",
                "private_ip_address_version": "IPv4",
                "public_ip_address_id": "",
                "subnet_id": "/subscriptions/d154b22a-00e9-4d61-bccd-1c77b06247da/resourceGroups/kopicloud-jira-rg/providers/Microsoft.Network/virtualNetworks/kopicloud-jira-vnet/subnets/kopicloud-jira-subnet"
              }
            ],
            "location": "westeurope",
            "mac_address": "",
            "name": "vm-yjmzmzsm-nic",
            "private_ip_address": "10.128.1.5",
            "private_ip_addresses": [
              "10.128.1.5"
            ],
            "resource_group_name": "kopicloud-jira-rg",
            "tags": {
              "environment": "jira"
            },
            "timeouts": null,
            "virtual_machine_id": ""
          },
          "sensitive_attributes": [],
          "private": "eyJlMmJmYjczMC1lY2FhLTExZTYtOGY4OC0zNDM2M2JjN2M0YzAiOnsiY3JlYXRlIjoxODAwMDAwMDAwMDAwLCJkZWxldGUiOjE4MDAwMDAwMDAwMDAsInJlYWQiOjMwMDAwMDAwMDAwMCwidXBkYXRlIjoxODAwMDAwMDAwMDAwfX0=",
          "dependencies": [
            "module.VM02.random_string.vm-name",
            "module.network_vpc_west.azurerm_resource_group.RG",
            "module.network_vpc_west.azurerm_subnet.subnet",
            "module.network_vpc_west.azurerm_virtual_network.Vnet"
          ]
        }
      ]
    },
    {
      "module": "module.VM02",
      "mode": "managed",
      "type": "azurerm_network_interface_security_group_association",
      "name": "NSG-Public",
      "provider": "provider[\"registry.terraform.io/hashicorp/azurerm\"]",
      "instances": [
        {
          "schema_version": 0,
          "attributes": {
            "id": "/subscriptions/d154b22a-00e9-4d61-bccd-1c77b06247da/resourceGroups/kopicloud-jira-rg/providers/Microsoft.Network/networkInterfaces/vm-yjmzmzsm-nic|/subscriptions/d154b22a-00e9-4d61-bccd-1c77b06247da/resourceGroups/kopicloud-jira-rg/providers/Microsoft.Network/networkSecurityGroups/sql-jira-yjmzmzsm-nsg",
            "network_interface_id": "/subscriptions/d154b22a-00e9-4d61-bccd-1c77b06247da/resourceGroups/kopicloud-jira-rg/providers/Microsoft.Network/networkInterfaces/vm-yjmzmzsm-nic",
            "network_security_group_id": "/subscriptions/d154b22a-00e9-4d61-bccd-1c77b06247da/resourceGroups/kopicloud-jira-rg/providers/Microsoft.Network/networkSecurityGroups/sql-jira-yjmzmzsm-nsg",
            "timeouts": null
          },
          "sensitive_attributes": [],
          "private": "eyJlMmJmYjczMC1lY2FhLTExZTYtOGY4OC0zNDM2M2JjN2M0YzAiOnsiY3JlYXRlIjoxODAwMDAwMDAwMDAwLCJkZWxldGUiOjE4MDAwMDAwMDAwMDAsInJlYWQiOjMwMDAwMDAwMDAwMCwidXBkYXRlIjoxODAwMDAwMDAwMDAwfX0=",
          "dependencies": [
            "module.VM02.azurerm_network_interface.vm-private-nic",
            "module.VM02.azurerm_network_interface.vm-private-nic-no-ip",
            "module.VM02.azurerm_network_security_group.vm-nsg",
            "module.VM02.azurerm_public_ip.vm_ip",
            "module.VM02.random_string.vm-name",
            "module.network_vpc_west.azurerm_resource_group.RG",
            "module.network_vpc_west.azurerm_subnet.subnet",
            "module.network_vpc_west.azurerm_virtual_network.Vnet"
          ]
        }
      ]
    },
    {
      "module": "module.VM02",
      "mode": "managed",
      "type": "azurerm_network_security_group",
      "name": "vm-nsg",
      "provider": "provider[\"registry.terraform.io/hashicorp/azurerm\"]",
      "instances": [
        {
          "schema_version": 0,
          "attributes": {
            "id": "/subscriptions/d154b22a-00e9-4d61-bccd-1c77b06247da/resourceGroups/kopicloud-jira-rg/providers/Microsoft.Network/networkSecurityGroups/sql-jira-yjmzmzsm-nsg",
            "location": "westeurope",
            "name": "sql-jira-yjmzmzsm-nsg",
            "resource_group_name": "kopicloud-jira-rg",
            "security_rule": [
              {
                "access": "Allow",
                "description": "Allow SQL",
                "destination_address_prefix": "*",
                "destination_address_prefixes": [],
                "destination_application_security_group_ids": [],
                "destination_port_range": "5432",
                "destination_port_ranges": [],
                "direction": "Inbound",
                "name": "AllowSQL",
                "priority": 100,
                "protocol": "Tcp",
                "source_address_prefix": "VirtualNetwork",
                "source_address_prefixes": [],
                "source_application_security_group_ids": [],
                "source_port_range": "*",
                "source_port_ranges": []
              },
              {
                "access": "Allow",
                "description": "Allow SSH",
                "destination_address_prefix": "*",
                "destination_address_prefixes": [],
                "destination_application_security_group_ids": [],
                "destination_port_range": "22",
                "destination_port_ranges": [],
                "direction": "Inbound",
                "name": "AllowSSH",
                "priority": 150,
                "protocol": "Tcp",
                "source_address_prefix": "VirtualNetwork",
                "source_address_prefixes": [],
                "source_application_security_group_ids": [],
                "source_port_range": "*",
                "source_port_ranges": []
              }
            ],
            "tags": {
              "environment": "jira"
            },
            "timeouts": null
          },
          "sensitive_attributes": [],
          "private": "eyJlMmJmYjczMC1lY2FhLTExZTYtOGY4OC0zNDM2M2JjN2M0YzAiOnsiY3JlYXRlIjoxODAwMDAwMDAwMDAwLCJkZWxldGUiOjE4MDAwMDAwMDAwMDAsInJlYWQiOjMwMDAwMDAwMDAwMCwidXBkYXRlIjoxODAwMDAwMDAwMDAwfX0=",
          "dependencies": [
            "module.VM02.random_string.vm-name",
            "module.network_vpc_west.azurerm_resource_group.RG"
          ]
        }
      ]
    },
    {
      "module": "module.VM02",
      "mode": "managed",
      "type": "azurerm_public_ip",
      "name": "vm_ip",
      "provider": "provider[\"registry.terraform.io/hashicorp/azurerm\"]",
      "instances": [
        {
          "schema_version": 0,
          "attributes": {
            "allocation_method": "Static",
            "domain_name_label": null,
            "fqdn": null,
            "id": "/subscriptions/d154b22a-00e9-4d61-bccd-1c77b06247da/resourceGroups/kopicloud-jira-rg/providers/Microsoft.Network/publicIPAddresses/ip-yjmzmzsm-public",
            "idle_timeout_in_minutes": 4,
            "ip_address": "40.118.61.87",
            "ip_tags": null,
            "ip_version": "IPv4",
            "location": "westeurope",
            "name": "ip-yjmzmzsm-public",
            "public_ip_prefix_id": null,
            "resource_group_name": "kopicloud-jira-rg",
            "reverse_fqdn": null,
            "sku": "Basic",
            "tags": null,
            "timeouts": null,
            "zones": null
          },
          "sensitive_attributes": [],
          "private": "eyJlMmJmYjczMC1lY2FhLTExZTYtOGY4OC0zNDM2M2JjN2M0YzAiOnsiY3JlYXRlIjoxODAwMDAwMDAwMDAwLCJkZWxldGUiOjE4MDAwMDAwMDAwMDAsInJlYWQiOjMwMDAwMDAwMDAwMCwidXBkYXRlIjoxODAwMDAwMDAwMDAwfX0=",
          "dependencies": [
            "module.VM02.random_string.vm-name",
            "module.network_vpc_west.azurerm_resource_group.RG"
          ]
        }
      ]
    },
    {
      "module": "module.VM02",
      "mode": "managed",
      "type": "azurerm_virtual_machine",
      "name": "Vm",
      "provider": "provider[\"registry.terraform.io/hashicorp/azurerm\"]",
      "instances": [
        {
          "schema_version": 0,
          "attributes": {
            "additional_capabilities": [],
            "availability_set_id": null,
            "boot_diagnostics": [],
            "delete_data_disks_on_termination": true,
            "delete_os_disk_on_termination": true,
            "id": "/subscriptions/d154b22a-00e9-4d61-bccd-1c77b06247da/resourceGroups/kopicloud-jira-rg/providers/Microsoft.Compute/virtualMachines/vm-jira-yjmzmzsm-vm",
            "identity": [],
            "license_type": null,
            "location": "westeurope",
            "name": "vm-jira-yjmzmzsm-vm",
            "network_interface_ids": [
              "/subscriptions/d154b22a-00e9-4d61-bccd-1c77b06247da/resourceGroups/kopicloud-jira-rg/providers/Microsoft.Network/networkInterfaces/vm-yjmzmzsm-nic"
            ],
            "os_profile": [
              {
                "admin_password": "",
                "admin_username": "hector01",
                "computer_name": "vm-yjmzmzsm-vm",
                "custom_data": ""
              }
            ],
            "os_profile_linux_config": [
              {
                "disable_password_authentication": false,
                "ssh_keys": []
              }
            ],
            "os_profile_secrets": [],
            "os_profile_windows_config": [],
            "plan": [],
            "primary_network_interface_id": null,
            "proximity_placement_group_id": null,
            "resource_group_name": "kopicloud-jira-rg",
            "storage_data_disk": [],
            "storage_image_reference": [
              {
                "id": "",
                "offer": "UbuntuServer",
                "publisher": "Canonical",
                "sku": "18.04-LTS",
                "version": "latest"
              }
            ],
            "storage_os_disk": [
              {
                "caching": "ReadWrite",
                "create_option": "FromImage",
                "disk_size_gb": 30,
                "image_uri": "",
                "managed_disk_id": "/subscriptions/d154b22a-00e9-4d61-bccd-1c77b06247da/resourceGroups/kopicloud-jira-rg/providers/Microsoft.Compute/disks/diskyjmzmzsmvm",
                "managed_disk_type": "Standard_LRS",
                "name": "diskyjmzmzsmvm",
                "os_type": "Linux",
                "vhd_uri": "",
                "write_accelerator_enabled": false
              }
            ],
            "tags": null,
            "timeouts": null,
            "vm_size": "Standard_DS1_v2",
            "zones": null
          },
          "sensitive_attributes": [],
          "private": "eyJlMmJmYjczMC1lY2FhLTExZTYtOGY4OC0zNDM2M2JjN2M0YzAiOnsiY3JlYXRlIjozNjAwMDAwMDAwMDAwLCJkZWxldGUiOjM2MDAwMDAwMDAwMDAsInJlYWQiOjMwMDAwMDAwMDAwMCwidXBkYXRlIjozNjAwMDAwMDAwMDAwfX0=",
          "dependencies": [
            "module.VM02.azurerm_network_interface.vm-private-nic",
            "module.VM02.azurerm_network_interface.vm-private-nic-no-ip",
            "module.VM02.azurerm_public_ip.vm_ip",
            "module.VM02.random_string.vm-name",
            "module.network_vpc_west.azurerm_resource_group.RG",
            "module.network_vpc_west.azurerm_subnet.subnet",
            "module.network_vpc_west.azurerm_virtual_network.Vnet"
          ]
        }
      ]
    },
    {
      "module": "module.VM02",
      "mode": "managed",
      "type": "random_string",
      "name": "vm-name",
      "provider": "provider[\"registry.terraform.io/hashicorp/random\"]",
      "instances": [
        {
          "schema_version": 2,
          "attributes": {
            "id": "yjmzmzsm",
            "keepers": null,
            "length": 8,
            "lower": true,
            "min_lower": 0,
            "min_numeric": 0,
            "min_special": 0,
            "min_upper": 0,
            "number": false,
            "numeric": false,
            "override_special": null,
            "result": "yjmzmzsm",
            "special": false,
            "upper": false
          },
          "sensitive_attributes": []
        }
      ]
    },
    {
      "module": "module.k8",
      "mode": "managed",
      "type": "azurerm_kubernetes_cluster",
      "name": "k8s",
      "provider": "provider[\"registry.terraform.io/hashicorp/azurerm\"]",
      "instances": [
        {
          "schema_version": 0,
          "attributes": {
            "addon_profile": [
              {
                "aci_connector_linux": [
                  {
                    "enabled": false,
                    "subnet_name": ""
                  }
                ],
                "azure_policy": [
                  {
                    "enabled": false
                  }
                ],
                "http_application_routing": [
                  {
                    "enabled": false,
                    "http_application_routing_zone_name": ""
                  }
                ],
                "ingress_application_gateway": [
                  {
                    "effective_gateway_id": "",
                    "enabled": false,
                    "gateway_id": "",
                    "ingress_application_gateway_identity": [],
                    "subnet_cidr": "",
                    "subnet_id": ""
                  }
                ],
                "kube_dashboard": [
                  {
                    "enabled": false
                  }
                ],
                "oms_agent": [
                  {
                    "enabled": false,
                    "log_analytics_workspace_id": "",
                    "oms_agent_identity": []
                  }
                ]
              }
            ],
            "api_server_authorized_ip_ranges": null,
            "auto_scaler_profile": [],
            "automatic_channel_upgrade": "",
            "default_node_pool": [
              {
                "availability_zones": null,
                "enable_auto_scaling": false,
                "enable_host_encryption": false,
                "enable_node_public_ip": false,
                "max_count": 0,
                "max_pods": 110,
                "min_count": 0,
                "name": "default",
                "node_count": 1,
                "node_labels": null,
                "node_taints": null,
                "only_critical_addons_enabled": false,
                "orchestrator_version": "1.23.12",
                "os_disk_size_gb": 128,
                "os_disk_type": "Managed",
                "proximity_placement_group_id": "",
                "tags": null,
                "type": "VirtualMachineScaleSets",
                "upgrade_settings": [],
                "vm_size": "Standard_D2_v2",
                "vnet_subnet_id": ""
              }
            ],
            "disk_encryption_set_id": "",
            "dns_prefix": "clusterk8s",
            "dns_prefix_private_cluster": "",
            "enable_pod_security_policy": false,
            "fqdn": "clusterk8s-47adfc3f.hcp.westeurope.azmk8s.io",
            "id": "/subscriptions/d154b22a-00e9-4d61-bccd-1c77b06247da/resourcegroups/kopicloud-jira-rg/providers/Microsoft.ContainerService/managedClusters/cluster_k8s",
            "identity": [
              {
                "principal_id": "c4858ad1-fbdc-4609-953d-dcc71f254bc9",
                "tenant_id": "b904303e-f6ca-40b3-9015-8948e09309bf",
                "type": "SystemAssigned",
                "user_assigned_identity_id": ""
              }
            ],
            "kube_admin_config": [],
            "kube_admin_config_raw": "",
            "kube_config": [
              {
                "client_certificate": "LS0tLS1CRUdJTiBDRVJUSUZJQ0FURS0tLS0tCk1JSUZIakNDQXdhZ0F3SUJBZ0lSQU5KS0kzV3dubGRCSW5WMWJTWVVodGN3RFFZSktvWklodmNOQVFFTEJRQXcKRFRFTE1Ba0dBMVVFQXhNQ1kyRXdIaGNOTWpJeE1USXpNREV4TWpRNVdoY05NalF4TVRJek1ERXlNalE1V2pBdwpNUmN3RlFZRFZRUUtFdzV6ZVhOMFpXMDZiV0Z6ZEdWeWN6RVZNQk1HQTFVRUF4TU1iV0Z6ZEdWeVkyeHBaVzUwCk1JSUNJakFOQmdrcWhraUc5dzBCQVFFRkFBT0NBZzhBTUlJQ0NnS0NBZ0VBazQ5cWZXOFZzRmRuL3Njd2JpS0UKd2dOZ3c1cGtRSHM4dVpQcDRzaU9mUVJLR0dhU1dsOEJ3bUpQU2hQSVk0MGhBdlB3RklxT0tTRUxIL0kvZ1lMdAorbGg1VDFrWUNoZ1ZlVmtjNkl6MGxXL25lSG5XcW9MaTZvT2xoOVZOVkxucnVUZStHMWx6cUxKMVQ4WCttWmxuCmpnbUpsM0JtU0UzUmF2ak5PaGlNTGs0RTlRMFZUTXRGOUQ1dURqWHh0bEY1ODdBcHpoNHc5VXpZb0Rlb1h0TysKOHlGVmUxbkg2RUc5amxrc3ZacG1lNHplZjlqdDZMdzNDR0tRd3FweExEZ2ExUm05dkRBV0lQUlpLMFFtVjFFVgpVMjVUcUtBY0pFSllBcVhCdlp2Mm12UE56Wk9hdWNMcFVlTi9XK2QvdE1qY01TblRkMUUzbFBOakIycENlK2xCCjUvSldiRk9VWU5VWDlkWU5JMmJyUEh2Smp1L29GTVhuOEpmRllvQ0F4UWg5SExVQStPYVVDenBPMEwvR3ZiOFgKVXhjdVdWaExIT3Q0T1QzT3V3SU4wTThHOFZocGtNNS9mTWRxR1lkVUxCZ3dnbDgrWGQyNEpYMmVVVFRyRHpBQgozdGgzSC9xTjluMlRaekZCSEg3cS9CSEUvTFNWdXgxVmd5SlYxRkVheWpVSDNXcFpCUG4xUEg4UDA5UkhpV1VPCkxUTEkrUU05bjVPT3RaVSsrRUp2WTZmS1FiUWRXWTJQT1gzbk9MMkZZYVhzL1Zpd1hyQnpnWXh3ZUdUcnBGcWMKUUl0b01lZW0vaWI2QUh3bUxGb3hnTjg1RjNoNDNUdUV6aEhsL2o4ZFY5WHhuR291WTY4QlhWb1p5UFNGOVVKawpOK1ljQ2pXYW9mQUhwemUwWkRmN2w5VUNBd0VBQWFOV01GUXdEZ1lEVlIwUEFRSC9CQVFEQWdXZ01CTUdBMVVkCkpRUU1NQW9HQ0NzR0FRVUZCd01DTUF3R0ExVWRFd0VCL3dRQ01BQXdId1lEVlIwakJCZ3dGb0FVSGZ4TDl5QkUKbEE5N2JDakx6TFJxLzhTVUxBTXdEUVlKS29aSWh2Y05BUUVMQlFBRGdnSUJBRHowZXlPamhuanh1YThvZG9JcQpHOGdYRyttbE13eTluK0lwdDVUaUM0eU1qeDY5c1NwSW1kOXAxQzNjS1lHUlk3cmhKdC81N0ZzRmNvLzgwZFJGCmNNaVdIZEc3c0tkV2h5d0x0UEZFRWk2ekFSbW5zWHFpZ0ltMUxEL1NSMjJoZDlRNm1Sb2kzQjFaL3FYU2FYeEIKSEZZR1Q5M1h0ZjZCUE9VT2tQZGc4aGRwOWFGZExGTXFBdnNKQi9zaE12T3QrYm9BYzdkWDN4c1M2Nk1mTkcvTQplY00rQVNXaXMzT3RMUmxVQ3BqVzJCT29pamRROHJkSlZ5RUdscnRKdHFsRHVFeGFWNXlQZVZhVDVCTHZ3WnN4Cm5pOGlncUw2V2ZYdGtTQUVWM05xbXhKZlVwRlQrMmg3S3dOODBiTHRlWVh3U1ZSWnc5ZUE4YjhzeUlkcDgzV2wKbDNINE1GeUoxanQ0b3Z4NVVCUlFwWFNhM1hEcjVadVBGek81WmNMQVR0dEx6V2RYSlVtUk1CdnU5S0FoZWhZLwowNXVxQWovR0dsQUxZT0FSeTAyam9DZWRpdnJ3UGxRaERwT21oTHRVWW5hMFBCR1JxRW1oM0VKRzhEMFRKMW0yCjlDMWc4K2ZUdDRvY1VmU1gwRy9HaXdnMHlVdXh0U3REaVN2RmtuTG1qeC9pZnQ4S3p5d3Y2eXUzK2lwdWRWVzgKcDArbGRpTUhRQlJqNi95ZWhQOGJLdUlhWFhwcnkzZFlzZXhWU3dpOFhXUjNBOUlrVTYrdkpwV2VkRGVZdkE0WAovZEVDKzVHWTZJUFNaeGYyUG5HdE9pcjBCSmFxUmUwRll2bGdtYUJQNG4xakdtaXlhZjVWcjZmdCs4N3UxUkFMCk1oOEppMUU2ZlNkSVlscDRTeHR0eVQvRgotLS0tLUVORCBDRVJUSUZJQ0FURS0tLS0tCg==",
                "client_key": "LS0tLS1CRUdJTiBSU0EgUFJJVkFURSBLRVktLS0tLQpNSUlKS1FJQkFBS0NBZ0VBazQ5cWZXOFZzRmRuL3Njd2JpS0V3Z05ndzVwa1FIczh1WlBwNHNpT2ZRUktHR2FTCldsOEJ3bUpQU2hQSVk0MGhBdlB3RklxT0tTRUxIL0kvZ1lMdCtsaDVUMWtZQ2hnVmVWa2M2SXowbFcvbmVIblcKcW9MaTZvT2xoOVZOVkxucnVUZStHMWx6cUxKMVQ4WCttWmxuamdtSmwzQm1TRTNSYXZqTk9oaU1MazRFOVEwVgpUTXRGOUQ1dURqWHh0bEY1ODdBcHpoNHc5VXpZb0Rlb1h0Tys4eUZWZTFuSDZFRzlqbGtzdlpwbWU0emVmOWp0CjZMdzNDR0tRd3FweExEZ2ExUm05dkRBV0lQUlpLMFFtVjFFVlUyNVRxS0FjSkVKWUFxWEJ2WnYybXZQTnpaT2EKdWNMcFVlTi9XK2QvdE1qY01TblRkMUUzbFBOakIycENlK2xCNS9KV2JGT1VZTlVYOWRZTkkyYnJQSHZKanUvbwpGTVhuOEpmRllvQ0F4UWg5SExVQStPYVVDenBPMEwvR3ZiOFhVeGN1V1ZoTEhPdDRPVDNPdXdJTjBNOEc4VmhwCmtNNS9mTWRxR1lkVUxCZ3dnbDgrWGQyNEpYMmVVVFRyRHpBQjN0aDNIL3FOOW4yVFp6RkJISDdxL0JIRS9MU1YKdXgxVmd5SlYxRkVheWpVSDNXcFpCUG4xUEg4UDA5UkhpV1VPTFRMSStRTTluNU9PdFpVKytFSnZZNmZLUWJRZApXWTJQT1gzbk9MMkZZYVhzL1Zpd1hyQnpnWXh3ZUdUcnBGcWNRSXRvTWVlbS9pYjZBSHdtTEZveGdOODVGM2g0CjNUdUV6aEhsL2o4ZFY5WHhuR291WTY4QlhWb1p5UFNGOVVKa04rWWNDaldhb2ZBSHB6ZTBaRGY3bDlVQ0F3RUEKQVFLQ0FnQlN6Wi9NVTVHd0t0eEl0QzRSSDMyd0FZVkRQbGdUZHhSVWJ4UklGcE1leEZGdjc5OGdweit0Zk0xUgpuRmhPeE50SmRPbThIU1E1SURuRjY0S0hncGxZYWwxb2tXNVQrNy9SSUppQVJ0alpJcnFaZUlWbG1aME1UR09QCkhic1BXR1ZXd2xrRHIrYWZPOFZveG9wZ1Z4MHRMMXp1aGp4ZlJvdkZvMmhHdVkrd1RFZXIyM09nYkZFTkJodHMKRGdsZGJjc3BYQ21aYUlmQW55YlFnV3NTQzNDVHJwanhaeWd1eFBWQjgvaVBUUjFGSjMrVDduOVNvb3VmUVBCSwp6S3BGVGhhQWpybFI2UW9CNUJ4Rmt6Q1F2d2Rna2dDUUY0aXpNQ2VERk5EclBhSGN3Z015NFNscUpGNFpmYmZ5Ck1xNFBITWV6THUxamYwZlpaZHFrUnBTWVJBU2U4ZFNGdHRIbHhSZk10K1FHcWRha2hSWkczQWNsTzQ4WXc1alcKTXdaaURsUzNrQUtSS3k2dkJHVDgyaG51TnUxamhqcW85YUcxczJSSWtMVDZlL0Z3QVZsaTN5TkMwVEREZjZ4MApYNVhLcEJUOWhxT2lOVnJzM3AyS0pjdW1Yd1FFUlVzTEw3elZ0ZkkyaC9CemJrSnpzcDlDdHYrTURjZVEraDdTCnAzWm9Nczk5VEQ2U3FVdFE4UmZuWE9FbStPNWo4QVNtTDQ5SVEvS0lOS1hrSFNaZzJYT1hRWHh5Yys4a05rRUUKaEc3Snc1Z3hsRVhmZzE2ZnlvK09Bc1FXZmlaWHdEQ044dUwzTDdGY0tuelYrZDZncDRpK0VBZnlpME9ZelpVTgpLS1R1MHRGSHBzbm9HTmNnaWJhS1l1UTZ0TjEzbTNkdGFDK1RQYUxLZEhvM3lza040UUtDQVFFQXdxNEc2bHJLCjc3cTF0WkhTQ3pYTm4rbkR4NWxKTllVWThkTzFrMTFpUlZNbS9yUUxWdTlUVjZIR0hNMkpxbVgzcW1Uc21oekQKQldtV2x5d3lqaG5Yc0ZGdkZWb2RGdFJsbFdsK3U3QU1TejR6OVNIMnppT1o1SkRTeC9NUU03QXJpbjFvU2w3MQpybDkyQmJSeEVJbHVKaXVJaldnaTRNWU5CNGUvbmFTZVlBdER2NUUyWVZDaXUzY28yS1E4eEpLVnYwRDdVRkdBCmg2cmxUZXdpL29ObzRwUkh6SlpvR1BmOEFDc2kycXlSMkZBT3NtNGQ0VSs5cXZFcVdYRlFZSjEwK3hsQjVWUUcKNDZRc2p3TWs5d0xZSE81dmtKdHdIeFM0WVlDVldndmdIVm01R3lEVm1UOExGazByN3dLaXZUejhYRFJNcG9UNApiOHVFMlhvcFg5SDdOd0tDQVFFQXdnbm83SXFHVDJsOVJtYUFHSUx2WEttR2lIN211SjVtSXVYYlpqcVNrT0svCnQ1RUcyLzVPUjFVMlRZQUY2THJBWE8yZ3dRQ3AxUEp0NzFOU1gzendlQVlQaWo1RnZsTjF3RmVzWFdzanI0dXAKUmRtRHlndVhnU1ZFZklWcWNpT3R5RVdzWFRVbGkxLzE0MzdrSVl1eWFxajBJeWNkRW4ySnpvTmVqazliMDdWRApObXVZTUlVQ2U4Q1g1M21lRmF0ekowb2lNNFpTN1BhYmZkc1k5aHVOTFRTL0FaNkhGbmRVWmJKU0dtYXBzaGJhCm9FM1BYTytCNGJsK3o5SWoySnF1ajJwTEphNE96UDVRZVlWQ2wrTWd4OHVKS1FqS0pPcFpMTi8yQm9XL3VsL24KWDZNa1huNWZMY0RIWS9obGNsUlBJbkZYTk1kbFc0ekZReE1iV0hhRFV3S0NBUUVBdlZ3TXVmTnFKVmhVMnJGbAp2eVdzUm5sWXgxTGdGTURMakoxQ3BuNVUwZDJadG5GbC9qOTNyMnRaaWphYVN6WTNlblFFZDdxMkx4T1BPS2Z5CjNLbGlWTXhBNG1IdW5ZQW05dmZRSDd1VG1iUjlVVmloK2N4REtrRjc1S1VXQTFDK2FVeW1Ib0RUTTdNQzEzVzEKN0VIZzlCdXdET3RYMFk2U3FkcHVsV1hEN3VQR0dCV2s4VzgvZWx6alRDWWtQWWZmUkZKdW9LZEYvN0JJcmt5YgpsVGc0MHZzc0EySGhDemhhMDhjaGRkWVpYbkF3ZTNvRWNsM2Z2T0FyTXlpMjUrTUFJQ1ZuSlN0Z01CaEdoeXlsCnplWGtVKy9RY0xYZ2p6cldSWENPMVRGcjR1Q2MzamhIeTNHNDFRNW5SMm9tNVM3bXdNRFdOYnBzOUVEZmpiSDMKZ0k1OGJRS0NBUUFlZ1M1VUdZYjU3d3laeDcxMW5RZ0NXa2hqSndnZ21BNVlpQ2hRenY2QnRwUUxTTXA2UldXTApBMU54SmFKSUx5dlVzQ3JvakxFbVlDSjJVSFFQdlBXVStPYnloYzJ6R1MzVzJqR24waE1mSXVhdXEzNXpnaFVFCllaWjl1UCsrQit2bkkwVHd0azA3dHc5Ui8zM2Y1RFZkWFVoY1NtYmdwRW5JNUpBMThUWHZkM3lram8remVRV2wKN09ZMHBzTDZoeVNvVlpoQTMyb2tCTFQzT1QyWVcwWjdoK0pMWDkrKzRXMnNPemQ3SFE2cWg3dEJIbHB1TXQwSgpYbjhZTHVJaHlGZVBCbGZnQ1pnY0ZCTVV0NlY3ZVdLSzVtMmV2Tm9DcWJEeFJCaEtlRFpuRjNLcGIxMWxXWnFlCjk4S2c3Y2tOQzBJUm1SM3JsemxSQmpWdzBRMG9nQ0V2QW9JQkFRQ3BmaFB2NFd4Yyt2SGJ2V2tmN0Z2N2djTGYKWnNIQkFGUTlSV1FOZWR5a0l3QkJjMjIzdWRZL1R3dzdsQnJoTTdLR2t2V0VwZzYvS3VKSDFhbC8wcW5VZjdCSApBeVVxSGppTHNoelJiMWpyeTlmK1J0OGVlbzhWNkQ5Vk5kZ1FOQnJPZW9RVXNQdUdCa21sdGd0R3ZaV2hDOWFICkE4NWdNckd1ZER5VWxSUFlUcjYxYk5RQUVBVjFDdFpMNE5WQTRMUWlERWc4aGRWUzQvVmRtSTlITGR5Z1A0TysKb1grRHNDbHF4R0l3T3hrLzBUajVDNmRHS1JpQ3Z6Vm5DbWw5NXQyNGxuZTlnNFNicnhKM0lJeHNXVjVBVG9sYQptZkloOEtacFVqRjVIdURjcG5DaW9BOUdwSjBmZE53aS9ydEk5Vnpjd0hJVEM0RnFEdkFTaVRwcE1LVUgKLS0tLS1FTkQgUlNBIFBSSVZBVEUgS0VZLS0tLS0K",
                "cluster_ca_certificate": "LS0tLS1CRUdJTiBDRVJUSUZJQ0FURS0tLS0tCk1JSUU2RENDQXRDZ0F3SUJBZ0lRT2ZlaFRaVUYvMGRhbnltd0RnbFlUakFOQmdrcWhraUc5dzBCQVFzRkFEQU4KTVFzd0NRWURWUVFERXdKallUQWdGdzB5TWpFeE1qTXdNVEV5TkRsYUdBOHlNRFV5TVRFeU16QXhNakkwT1ZvdwpEVEVMTUFrR0ExVUVBeE1DWTJFd2dnSWlNQTBHQ1NxR1NJYjNEUUVCQVFVQUE0SUNEd0F3Z2dJS0FvSUNBUURTCnYzcExrbFFPNEFHYmdGVGl1d1pwSU5XVFF5cnRIY1ZsY25XbzQ1bFpRSC9YTmxDVnQrOVlYcWtwcGNhSzR6VUMKWG55WEluZERmWld3ckc4Y05mL1RUOG5oYTY5V1lLb2E4bDVhYTdlR1k0UDdzV0tzY0tCL1YvQkpldWQydC9KVQo2eGo3Wjc4Q0tTU3BlME9jT2h5VzJ3aWxwVEI5WGtDNzhka3F4bUt3NmVVZ0JVU3JBSEMrNlAvRmZ2MGZwajdxCnlNajNzTldPSWhMcS9TeHIvelRrYkxjMHl3TmJ4R0tQcnBId05JVUJoZGpGUUNwa1hQV3pEM2R5WGF6M2QwS0IKc1I0QTJPVkxleFdXSER6R1lZU2RvQzBxeEVjNTZzMEJlaWNLTG5aaEE4OUJ4S3I4TkUzcU95bjJRYTRDWFJvSwpyaGt1WjBQaDgxTTVwS3lYNklXOWxQREcwa0hIaGVmSStNb0JVWk9LV200VUpsekNCKzZuN05Ud1gwaElxTUNFCjVjeWFscDZGYXJsNGtDN1J1UHhkVmpGam9oQjV6UGlUak5aUk1wdjZoM3lpRnhheVVKOE5OQXh6dHV1RGVzeFgKeXNDdGNlMjMzbGp5cjRJL2ZrUncxUnZiM3JQSzEvUTE0MHhCNGdybS8vZ3ZGaGZ3dHp4cGt1bHpVSlVCQnBGbQp3bHVhWjQ3MU9aV1VxWXBkVUx5NlRiQUpCMml6eGNOTEgzakNGTEMzUnV2NnhCR283VldlRVFqUkUvUGkyeVZTCkNWdWRZYk9FZGYrN2dYV2N1Smg0T1RlN1I1VGxERGc3cnFMUHNRcjNBY2JydHZWT2gwMDVIL2wrTGp5aDBCaDMKZVZZMTVvQnVxeG5nanNWM2s4VnlBM1BMU3ZaVmJCeVFYcEdiVyt1ckRRSURBUUFCbzBJd1FEQU9CZ05WSFE4QgpBZjhFQkFNQ0FxUXdEd1lEVlIwVEFRSC9CQVV3QXdFQi96QWRCZ05WSFE0RUZnUVVIZnhMOXlCRWxBOTdiQ2pMCnpMUnEvOFNVTEFNd0RRWUpLb1pJaHZjTkFRRUxCUUFEZ2dJQkFJV2tqeGVFRUtjQnNENFJmcEpUTmlYU1BLbUcKQ2cyNUJ1STArSnNjamVkUmdMbjhYRUFkY0lNTTNjYjZLa3NocGU2VW9nWVYxVituaG13NzVNOWh4cXFsYjdzZQpNVmxBWUNEQjFCak16bGIzajBqNXAvR0RqNHZVOFFmVGF2a3lBbnRuZy9nZXRqOUJMZ0h5RzVFWXVYb2ptRXNVCmFmYWZqSzZxNDh5d2U1MmRCMFFwZHd3SWdQcWZocXZxWGlSbC93Z2Z4bHZFRE5RRlhvUlNtWU15MDdtNloxekMKTnVYb0VMNWxpV09Xb0xpak5XVndqMk9xYXFXTlRTRHFUbERuaTJ5eE5QTU9mU1ZSRDFqSVNhVmxFSjVwUmJkbgpwSUtmWFRwTHlqNFBsTVdGcVdzaVgwaDhmL1pFUGdISnNUSXA4ak5BRVFXR1Q3Wllsdk1DY3hJdzJ6ZmtTcWhZCmNjTGlvK29ia3BZNjJBNWhiQXlxU0wvRzlUUVRYMVpaSnRwRWV6MkF5ZVNHVDBHZEErbzZyVWt6eHhwSnhWakMKMUJZRHNHNXh3K2lkd3NqOVlLTXNlWE5LYVdmNDVwczhScUlBOFZrWFNDdTVWemJzS3dvMzM4NmdjVWNKREdORQplUmtydlhDcGo4N0gyZ3d6bHJTS1l1TDRRSGo4dWlyOG9CZzhpOTMvTURBZmh0Vlo4WElFT28yUGIyQXBndHZyCjB1MG9jSjJDWjdGT21RNU5hNlhGR0pVaTRkOXpWeWxFOTJzWXRPQ0VIZzJaZU52dmlmeUJUSG5KL0h2S090MjAKS2l1L2J4allrcUlmTlpWeDZiZERGQk1ESTd2djU5UHhZWEc1bk0rMzhjdTY2TUVYenNzKyt5ekJSSmp4ZjJySwpGb1FsNVd5eGREZnVoL0gxCi0tLS0tRU5EIENFUlRJRklDQVRFLS0tLS0K",
                "host": "https://clusterk8s-47adfc3f.hcp.westeurope.azmk8s.io:443",
                "password": "10e792ae7d961ecc8c085f33bfaf728dc5e30a830bbcf726acca6aa6bfb57dd7f2d7ec8f96529e7453a03b8f1190c709dbd25a40de7016e524d3b41ba43a1c1c",
                "username": "clusterUser_kopicloud-jira-rg_cluster_k8s"
              }
            ],
            "kube_config_raw": "apiVersion: v1\nclusters:\n- cluster:\n    certificate-authority-data: LS0tLS1CRUdJTiBDRVJUSUZJQ0FURS0tLS0tCk1JSUU2RENDQXRDZ0F3SUJBZ0lRT2ZlaFRaVUYvMGRhbnltd0RnbFlUakFOQmdrcWhraUc5dzBCQVFzRkFEQU4KTVFzd0NRWURWUVFERXdKallUQWdGdzB5TWpFeE1qTXdNVEV5TkRsYUdBOHlNRFV5TVRFeU16QXhNakkwT1ZvdwpEVEVMTUFrR0ExVUVBeE1DWTJFd2dnSWlNQTBHQ1NxR1NJYjNEUUVCQVFVQUE0SUNEd0F3Z2dJS0FvSUNBUURTCnYzcExrbFFPNEFHYmdGVGl1d1pwSU5XVFF5cnRIY1ZsY25XbzQ1bFpRSC9YTmxDVnQrOVlYcWtwcGNhSzR6VUMKWG55WEluZERmWld3ckc4Y05mL1RUOG5oYTY5V1lLb2E4bDVhYTdlR1k0UDdzV0tzY0tCL1YvQkpldWQydC9KVQo2eGo3Wjc4Q0tTU3BlME9jT2h5VzJ3aWxwVEI5WGtDNzhka3F4bUt3NmVVZ0JVU3JBSEMrNlAvRmZ2MGZwajdxCnlNajNzTldPSWhMcS9TeHIvelRrYkxjMHl3TmJ4R0tQcnBId05JVUJoZGpGUUNwa1hQV3pEM2R5WGF6M2QwS0IKc1I0QTJPVkxleFdXSER6R1lZU2RvQzBxeEVjNTZzMEJlaWNLTG5aaEE4OUJ4S3I4TkUzcU95bjJRYTRDWFJvSwpyaGt1WjBQaDgxTTVwS3lYNklXOWxQREcwa0hIaGVmSStNb0JVWk9LV200VUpsekNCKzZuN05Ud1gwaElxTUNFCjVjeWFscDZGYXJsNGtDN1J1UHhkVmpGam9oQjV6UGlUak5aUk1wdjZoM3lpRnhheVVKOE5OQXh6dHV1RGVzeFgKeXNDdGNlMjMzbGp5cjRJL2ZrUncxUnZiM3JQSzEvUTE0MHhCNGdybS8vZ3ZGaGZ3dHp4cGt1bHpVSlVCQnBGbQp3bHVhWjQ3MU9aV1VxWXBkVUx5NlRiQUpCMml6eGNOTEgzakNGTEMzUnV2NnhCR283VldlRVFqUkUvUGkyeVZTCkNWdWRZYk9FZGYrN2dYV2N1Smg0T1RlN1I1VGxERGc3cnFMUHNRcjNBY2JydHZWT2gwMDVIL2wrTGp5aDBCaDMKZVZZMTVvQnVxeG5nanNWM2s4VnlBM1BMU3ZaVmJCeVFYcEdiVyt1ckRRSURBUUFCbzBJd1FEQU9CZ05WSFE4QgpBZjhFQkFNQ0FxUXdEd1lEVlIwVEFRSC9CQVV3QXdFQi96QWRCZ05WSFE0RUZnUVVIZnhMOXlCRWxBOTdiQ2pMCnpMUnEvOFNVTEFNd0RRWUpLb1pJaHZjTkFRRUxCUUFEZ2dJQkFJV2tqeGVFRUtjQnNENFJmcEpUTmlYU1BLbUcKQ2cyNUJ1STArSnNjamVkUmdMbjhYRUFkY0lNTTNjYjZLa3NocGU2VW9nWVYxVituaG13NzVNOWh4cXFsYjdzZQpNVmxBWUNEQjFCak16bGIzajBqNXAvR0RqNHZVOFFmVGF2a3lBbnRuZy9nZXRqOUJMZ0h5RzVFWXVYb2ptRXNVCmFmYWZqSzZxNDh5d2U1MmRCMFFwZHd3SWdQcWZocXZxWGlSbC93Z2Z4bHZFRE5RRlhvUlNtWU15MDdtNloxekMKTnVYb0VMNWxpV09Xb0xpak5XVndqMk9xYXFXTlRTRHFUbERuaTJ5eE5QTU9mU1ZSRDFqSVNhVmxFSjVwUmJkbgpwSUtmWFRwTHlqNFBsTVdGcVdzaVgwaDhmL1pFUGdISnNUSXA4ak5BRVFXR1Q3Wllsdk1DY3hJdzJ6ZmtTcWhZCmNjTGlvK29ia3BZNjJBNWhiQXlxU0wvRzlUUVRYMVpaSnRwRWV6MkF5ZVNHVDBHZEErbzZyVWt6eHhwSnhWakMKMUJZRHNHNXh3K2lkd3NqOVlLTXNlWE5LYVdmNDVwczhScUlBOFZrWFNDdTVWemJzS3dvMzM4NmdjVWNKREdORQplUmtydlhDcGo4N0gyZ3d6bHJTS1l1TDRRSGo4dWlyOG9CZzhpOTMvTURBZmh0Vlo4WElFT28yUGIyQXBndHZyCjB1MG9jSjJDWjdGT21RNU5hNlhGR0pVaTRkOXpWeWxFOTJzWXRPQ0VIZzJaZU52dmlmeUJUSG5KL0h2S090MjAKS2l1L2J4allrcUlmTlpWeDZiZERGQk1ESTd2djU5UHhZWEc1bk0rMzhjdTY2TUVYenNzKyt5ekJSSmp4ZjJySwpGb1FsNVd5eGREZnVoL0gxCi0tLS0tRU5EIENFUlRJRklDQVRFLS0tLS0K\n    server: https://clusterk8s-47adfc3f.hcp.westeurope.azmk8s.io:443\n  name: cluster_k8s\ncontexts:\n- context:\n    cluster: cluster_k8s\n    user: clusterUser_kopicloud-jira-rg_cluster_k8s\n  name: cluster_k8s\ncurrent-context: cluster_k8s\nkind: Config\npreferences: {}\nusers:\n- name: clusterUser_kopicloud-jira-rg_cluster_k8s\n  user:\n    client-certificate-data: LS0tLS1CRUdJTiBDRVJUSUZJQ0FURS0tLS0tCk1JSUZIakNDQXdhZ0F3SUJBZ0lSQU5KS0kzV3dubGRCSW5WMWJTWVVodGN3RFFZSktvWklodmNOQVFFTEJRQXcKRFRFTE1Ba0dBMVVFQXhNQ1kyRXdIaGNOTWpJeE1USXpNREV4TWpRNVdoY05NalF4TVRJek1ERXlNalE1V2pBdwpNUmN3RlFZRFZRUUtFdzV6ZVhOMFpXMDZiV0Z6ZEdWeWN6RVZNQk1HQTFVRUF4TU1iV0Z6ZEdWeVkyeHBaVzUwCk1JSUNJakFOQmdrcWhraUc5dzBCQVFFRkFBT0NBZzhBTUlJQ0NnS0NBZ0VBazQ5cWZXOFZzRmRuL3Njd2JpS0UKd2dOZ3c1cGtRSHM4dVpQcDRzaU9mUVJLR0dhU1dsOEJ3bUpQU2hQSVk0MGhBdlB3RklxT0tTRUxIL0kvZ1lMdAorbGg1VDFrWUNoZ1ZlVmtjNkl6MGxXL25lSG5XcW9MaTZvT2xoOVZOVkxucnVUZStHMWx6cUxKMVQ4WCttWmxuCmpnbUpsM0JtU0UzUmF2ak5PaGlNTGs0RTlRMFZUTXRGOUQ1dURqWHh0bEY1ODdBcHpoNHc5VXpZb0Rlb1h0TysKOHlGVmUxbkg2RUc5amxrc3ZacG1lNHplZjlqdDZMdzNDR0tRd3FweExEZ2ExUm05dkRBV0lQUlpLMFFtVjFFVgpVMjVUcUtBY0pFSllBcVhCdlp2Mm12UE56Wk9hdWNMcFVlTi9XK2QvdE1qY01TblRkMUUzbFBOakIycENlK2xCCjUvSldiRk9VWU5VWDlkWU5JMmJyUEh2Smp1L29GTVhuOEpmRllvQ0F4UWg5SExVQStPYVVDenBPMEwvR3ZiOFgKVXhjdVdWaExIT3Q0T1QzT3V3SU4wTThHOFZocGtNNS9mTWRxR1lkVUxCZ3dnbDgrWGQyNEpYMmVVVFRyRHpBQgozdGgzSC9xTjluMlRaekZCSEg3cS9CSEUvTFNWdXgxVmd5SlYxRkVheWpVSDNXcFpCUG4xUEg4UDA5UkhpV1VPCkxUTEkrUU05bjVPT3RaVSsrRUp2WTZmS1FiUWRXWTJQT1gzbk9MMkZZYVhzL1Zpd1hyQnpnWXh3ZUdUcnBGcWMKUUl0b01lZW0vaWI2QUh3bUxGb3hnTjg1RjNoNDNUdUV6aEhsL2o4ZFY5WHhuR291WTY4QlhWb1p5UFNGOVVKawpOK1ljQ2pXYW9mQUhwemUwWkRmN2w5VUNBd0VBQWFOV01GUXdEZ1lEVlIwUEFRSC9CQVFEQWdXZ01CTUdBMVVkCkpRUU1NQW9HQ0NzR0FRVUZCd01DTUF3R0ExVWRFd0VCL3dRQ01BQXdId1lEVlIwakJCZ3dGb0FVSGZ4TDl5QkUKbEE5N2JDakx6TFJxLzhTVUxBTXdEUVlKS29aSWh2Y05BUUVMQlFBRGdnSUJBRHowZXlPamhuanh1YThvZG9JcQpHOGdYRyttbE13eTluK0lwdDVUaUM0eU1qeDY5c1NwSW1kOXAxQzNjS1lHUlk3cmhKdC81N0ZzRmNvLzgwZFJGCmNNaVdIZEc3c0tkV2h5d0x0UEZFRWk2ekFSbW5zWHFpZ0ltMUxEL1NSMjJoZDlRNm1Sb2kzQjFaL3FYU2FYeEIKSEZZR1Q5M1h0ZjZCUE9VT2tQZGc4aGRwOWFGZExGTXFBdnNKQi9zaE12T3QrYm9BYzdkWDN4c1M2Nk1mTkcvTQplY00rQVNXaXMzT3RMUmxVQ3BqVzJCT29pamRROHJkSlZ5RUdscnRKdHFsRHVFeGFWNXlQZVZhVDVCTHZ3WnN4Cm5pOGlncUw2V2ZYdGtTQUVWM05xbXhKZlVwRlQrMmg3S3dOODBiTHRlWVh3U1ZSWnc5ZUE4YjhzeUlkcDgzV2wKbDNINE1GeUoxanQ0b3Z4NVVCUlFwWFNhM1hEcjVadVBGek81WmNMQVR0dEx6V2RYSlVtUk1CdnU5S0FoZWhZLwowNXVxQWovR0dsQUxZT0FSeTAyam9DZWRpdnJ3UGxRaERwT21oTHRVWW5hMFBCR1JxRW1oM0VKRzhEMFRKMW0yCjlDMWc4K2ZUdDRvY1VmU1gwRy9HaXdnMHlVdXh0U3REaVN2RmtuTG1qeC9pZnQ4S3p5d3Y2eXUzK2lwdWRWVzgKcDArbGRpTUhRQlJqNi95ZWhQOGJLdUlhWFhwcnkzZFlzZXhWU3dpOFhXUjNBOUlrVTYrdkpwV2VkRGVZdkE0WAovZEVDKzVHWTZJUFNaeGYyUG5HdE9pcjBCSmFxUmUwRll2bGdtYUJQNG4xakdtaXlhZjVWcjZmdCs4N3UxUkFMCk1oOEppMUU2ZlNkSVlscDRTeHR0eVQvRgotLS0tLUVORCBDRVJUSUZJQ0FURS0tLS0tCg==\n    client-key-data: LS0tLS1CRUdJTiBSU0EgUFJJVkFURSBLRVktLS0tLQpNSUlKS1FJQkFBS0NBZ0VBazQ5cWZXOFZzRmRuL3Njd2JpS0V3Z05ndzVwa1FIczh1WlBwNHNpT2ZRUktHR2FTCldsOEJ3bUpQU2hQSVk0MGhBdlB3RklxT0tTRUxIL0kvZ1lMdCtsaDVUMWtZQ2hnVmVWa2M2SXowbFcvbmVIblcKcW9MaTZvT2xoOVZOVkxucnVUZStHMWx6cUxKMVQ4WCttWmxuamdtSmwzQm1TRTNSYXZqTk9oaU1MazRFOVEwVgpUTXRGOUQ1dURqWHh0bEY1ODdBcHpoNHc5VXpZb0Rlb1h0Tys4eUZWZTFuSDZFRzlqbGtzdlpwbWU0emVmOWp0CjZMdzNDR0tRd3FweExEZ2ExUm05dkRBV0lQUlpLMFFtVjFFVlUyNVRxS0FjSkVKWUFxWEJ2WnYybXZQTnpaT2EKdWNMcFVlTi9XK2QvdE1qY01TblRkMUUzbFBOakIycENlK2xCNS9KV2JGT1VZTlVYOWRZTkkyYnJQSHZKanUvbwpGTVhuOEpmRllvQ0F4UWg5SExVQStPYVVDenBPMEwvR3ZiOFhVeGN1V1ZoTEhPdDRPVDNPdXdJTjBNOEc4VmhwCmtNNS9mTWRxR1lkVUxCZ3dnbDgrWGQyNEpYMmVVVFRyRHpBQjN0aDNIL3FOOW4yVFp6RkJISDdxL0JIRS9MU1YKdXgxVmd5SlYxRkVheWpVSDNXcFpCUG4xUEg4UDA5UkhpV1VPTFRMSStRTTluNU9PdFpVKytFSnZZNmZLUWJRZApXWTJQT1gzbk9MMkZZYVhzL1Zpd1hyQnpnWXh3ZUdUcnBGcWNRSXRvTWVlbS9pYjZBSHdtTEZveGdOODVGM2g0CjNUdUV6aEhsL2o4ZFY5WHhuR291WTY4QlhWb1p5UFNGOVVKa04rWWNDaldhb2ZBSHB6ZTBaRGY3bDlVQ0F3RUEKQVFLQ0FnQlN6Wi9NVTVHd0t0eEl0QzRSSDMyd0FZVkRQbGdUZHhSVWJ4UklGcE1leEZGdjc5OGdweit0Zk0xUgpuRmhPeE50SmRPbThIU1E1SURuRjY0S0hncGxZYWwxb2tXNVQrNy9SSUppQVJ0alpJcnFaZUlWbG1aME1UR09QCkhic1BXR1ZXd2xrRHIrYWZPOFZveG9wZ1Z4MHRMMXp1aGp4ZlJvdkZvMmhHdVkrd1RFZXIyM09nYkZFTkJodHMKRGdsZGJjc3BYQ21aYUlmQW55YlFnV3NTQzNDVHJwanhaeWd1eFBWQjgvaVBUUjFGSjMrVDduOVNvb3VmUVBCSwp6S3BGVGhhQWpybFI2UW9CNUJ4Rmt6Q1F2d2Rna2dDUUY0aXpNQ2VERk5EclBhSGN3Z015NFNscUpGNFpmYmZ5Ck1xNFBITWV6THUxamYwZlpaZHFrUnBTWVJBU2U4ZFNGdHRIbHhSZk10K1FHcWRha2hSWkczQWNsTzQ4WXc1alcKTXdaaURsUzNrQUtSS3k2dkJHVDgyaG51TnUxamhqcW85YUcxczJSSWtMVDZlL0Z3QVZsaTN5TkMwVEREZjZ4MApYNVhLcEJUOWhxT2lOVnJzM3AyS0pjdW1Yd1FFUlVzTEw3elZ0ZkkyaC9CemJrSnpzcDlDdHYrTURjZVEraDdTCnAzWm9Nczk5VEQ2U3FVdFE4UmZuWE9FbStPNWo4QVNtTDQ5SVEvS0lOS1hrSFNaZzJYT1hRWHh5Yys4a05rRUUKaEc3Snc1Z3hsRVhmZzE2ZnlvK09Bc1FXZmlaWHdEQ044dUwzTDdGY0tuelYrZDZncDRpK0VBZnlpME9ZelpVTgpLS1R1MHRGSHBzbm9HTmNnaWJhS1l1UTZ0TjEzbTNkdGFDK1RQYUxLZEhvM3lza040UUtDQVFFQXdxNEc2bHJLCjc3cTF0WkhTQ3pYTm4rbkR4NWxKTllVWThkTzFrMTFpUlZNbS9yUUxWdTlUVjZIR0hNMkpxbVgzcW1Uc21oekQKQldtV2x5d3lqaG5Yc0ZGdkZWb2RGdFJsbFdsK3U3QU1TejR6OVNIMnppT1o1SkRTeC9NUU03QXJpbjFvU2w3MQpybDkyQmJSeEVJbHVKaXVJaldnaTRNWU5CNGUvbmFTZVlBdER2NUUyWVZDaXUzY28yS1E4eEpLVnYwRDdVRkdBCmg2cmxUZXdpL29ObzRwUkh6SlpvR1BmOEFDc2kycXlSMkZBT3NtNGQ0VSs5cXZFcVdYRlFZSjEwK3hsQjVWUUcKNDZRc2p3TWs5d0xZSE81dmtKdHdIeFM0WVlDVldndmdIVm01R3lEVm1UOExGazByN3dLaXZUejhYRFJNcG9UNApiOHVFMlhvcFg5SDdOd0tDQVFFQXdnbm83SXFHVDJsOVJtYUFHSUx2WEttR2lIN211SjVtSXVYYlpqcVNrT0svCnQ1RUcyLzVPUjFVMlRZQUY2THJBWE8yZ3dRQ3AxUEp0NzFOU1gzendlQVlQaWo1RnZsTjF3RmVzWFdzanI0dXAKUmRtRHlndVhnU1ZFZklWcWNpT3R5RVdzWFRVbGkxLzE0MzdrSVl1eWFxajBJeWNkRW4ySnpvTmVqazliMDdWRApObXVZTUlVQ2U4Q1g1M21lRmF0ekowb2lNNFpTN1BhYmZkc1k5aHVOTFRTL0FaNkhGbmRVWmJKU0dtYXBzaGJhCm9FM1BYTytCNGJsK3o5SWoySnF1ajJwTEphNE96UDVRZVlWQ2wrTWd4OHVKS1FqS0pPcFpMTi8yQm9XL3VsL24KWDZNa1huNWZMY0RIWS9obGNsUlBJbkZYTk1kbFc0ekZReE1iV0hhRFV3S0NBUUVBdlZ3TXVmTnFKVmhVMnJGbAp2eVdzUm5sWXgxTGdGTURMakoxQ3BuNVUwZDJadG5GbC9qOTNyMnRaaWphYVN6WTNlblFFZDdxMkx4T1BPS2Z5CjNLbGlWTXhBNG1IdW5ZQW05dmZRSDd1VG1iUjlVVmloK2N4REtrRjc1S1VXQTFDK2FVeW1Ib0RUTTdNQzEzVzEKN0VIZzlCdXdET3RYMFk2U3FkcHVsV1hEN3VQR0dCV2s4VzgvZWx6alRDWWtQWWZmUkZKdW9LZEYvN0JJcmt5YgpsVGc0MHZzc0EySGhDemhhMDhjaGRkWVpYbkF3ZTNvRWNsM2Z2T0FyTXlpMjUrTUFJQ1ZuSlN0Z01CaEdoeXlsCnplWGtVKy9RY0xYZ2p6cldSWENPMVRGcjR1Q2MzamhIeTNHNDFRNW5SMm9tNVM3bXdNRFdOYnBzOUVEZmpiSDMKZ0k1OGJRS0NBUUFlZ1M1VUdZYjU3d3laeDcxMW5RZ0NXa2hqSndnZ21BNVlpQ2hRenY2QnRwUUxTTXA2UldXTApBMU54SmFKSUx5dlVzQ3JvakxFbVlDSjJVSFFQdlBXVStPYnloYzJ6R1MzVzJqR24waE1mSXVhdXEzNXpnaFVFCllaWjl1UCsrQit2bkkwVHd0azA3dHc5Ui8zM2Y1RFZkWFVoY1NtYmdwRW5JNUpBMThUWHZkM3lram8remVRV2wKN09ZMHBzTDZoeVNvVlpoQTMyb2tCTFQzT1QyWVcwWjdoK0pMWDkrKzRXMnNPemQ3SFE2cWg3dEJIbHB1TXQwSgpYbjhZTHVJaHlGZVBCbGZnQ1pnY0ZCTVV0NlY3ZVdLSzVtMmV2Tm9DcWJEeFJCaEtlRFpuRjNLcGIxMWxXWnFlCjk4S2c3Y2tOQzBJUm1SM3JsemxSQmpWdzBRMG9nQ0V2QW9JQkFRQ3BmaFB2NFd4Yyt2SGJ2V2tmN0Z2N2djTGYKWnNIQkFGUTlSV1FOZWR5a0l3QkJjMjIzdWRZL1R3dzdsQnJoTTdLR2t2V0VwZzYvS3VKSDFhbC8wcW5VZjdCSApBeVVxSGppTHNoelJiMWpyeTlmK1J0OGVlbzhWNkQ5Vk5kZ1FOQnJPZW9RVXNQdUdCa21sdGd0R3ZaV2hDOWFICkE4NWdNckd1ZER5VWxSUFlUcjYxYk5RQUVBVjFDdFpMNE5WQTRMUWlERWc4aGRWUzQvVmRtSTlITGR5Z1A0TysKb1grRHNDbHF4R0l3T3hrLzBUajVDNmRHS1JpQ3Z6Vm5DbWw5NXQyNGxuZTlnNFNicnhKM0lJeHNXVjVBVG9sYQptZkloOEtacFVqRjVIdURjcG5DaW9BOUdwSjBmZE53aS9ydEk5Vnpjd0hJVEM0RnFEdkFTaVRwcE1LVUgKLS0tLS1FTkQgUlNBIFBSSVZBVEUgS0VZLS0tLS0K\n    token: 10e792ae7d961ecc8c085f33bfaf728dc5e30a830bbcf726acca6aa6bfb57dd7f2d7ec8f96529e7453a03b8f1190c709dbd25a40de7016e524d3b41ba43a1c1c\n",
            "kubelet_identity": [
              {
                "client_id": "02a37975-d887-4db5-8658-93fdca7bb02d",
                "object_id": "3f46f751-0ff0-442c-8470-aab5070cab91",
                "user_assigned_identity_id": "/subscriptions/d154b22a-00e9-4d61-bccd-1c77b06247da/resourceGroups/MC_kopicloud-jira-rg_cluster_k8s_westeurope/providers/Microsoft.ManagedIdentity/userAssignedIdentities/cluster_k8s-agentpool"
              }
            ],
            "kubernetes_version": "1.23.12",
            "linux_profile": [
              {
                "admin_username": "ubuntu",
                "ssh_key": [
                  {
                    "key_data": "ssh-rsa AAAAB3NzaC1yc2EAAAADAQABAAABAQDCg3VUXJ2xoYM2HKO5Ma6F5ULm2oS1iOOonTvuOE+bELhGzZU/kP+ybem4+k+rwBA8iKda1QDExK9BiqXHU43LXERxRsZEAgYN5SIGuMKwAlbT0aPYjDdOBvoe0SqeFHe4zgmx7yoXBkxNKCNk/IlVhB/RHWKGMTxD0230D6mlmCdUdxq6hIisPk08u/igDWMFFPCsIQbCMD+bRRxw2Hh6kL/qFk/ykP/9W4rO0EmlrOL/a7JFiM3bGR91D162nY+TqnrOh/FOYkfX0zbpzHYIyeEjy53/Gi3iST2ihc80y1y9eUwbhaQALZweqpSe7Y4UXVlMujyPRKYY7IA6tiMp"
                  }
                ]
              }
            ],
            "location": "westeurope",
            "name": "cluster_k8s",
            "network_profile": [
              {
                "dns_service_ip": "10.0.0.10",
                "docker_bridge_cidr": "172.17.0.1/16",
                "load_balancer_profile": [
                  {
                    "effective_outbound_ips": [
                      "/subscriptions/d154b22a-00e9-4d61-bccd-1c77b06247da/resourceGroups/MC_kopicloud-jira-rg_cluster_k8s_westeurope/providers/Microsoft.Network/publicIPAddresses/d8278d8e-b29d-4c6d-ade6-91735eb42608"
                    ],
                    "idle_timeout_in_minutes": 0,
                    "managed_outbound_ip_count": 1,
                    "outbound_ip_address_ids": [],
                    "outbound_ip_prefix_ids": [],
                    "outbound_ports_allocated": 0
                  }
                ],
                "load_balancer_sku": "Standard",
                "network_mode": "",
                "network_plugin": "kubenet",
                "network_policy": "",
                "outbound_type": "loadBalancer",
                "pod_cidr": "10.244.0.0/16",
                "service_cidr": "10.0.0.0/16"
              }
            ],
            "node_resource_group": "MC_kopicloud-jira-rg_cluster_k8s_westeurope",
            "private_cluster_enabled": false,
            "private_dns_zone_id": "",
            "private_fqdn": "",
            "private_link_enabled": false,
            "resource_group_name": "kopicloud-jira-rg",
            "role_based_access_control": [
              {
                "azure_active_directory": [],
                "enabled": false
              }
            ],
            "service_principal": [],
            "sku_tier": "Free",
            "tags": {
              "Environment": "Development"
            },
            "timeouts": null,
            "windows_profile": []
          },
          "sensitive_attributes": [],
          "private": "eyJlMmJmYjczMC1lY2FhLTExZTYtOGY4OC0zNDM2M2JjN2M0YzAiOnsiY3JlYXRlIjo1NDAwMDAwMDAwMDAwLCJkZWxldGUiOjU0MDAwMDAwMDAwMDAsInJlYWQiOjMwMDAwMDAwMDAwMCwidXBkYXRlIjo1NDAwMDAwMDAwMDAwfX0=",
          "dependencies": [
            "module.network_vpc_west.azurerm_resource_group.RG",
            "module.network_vpc_west.azurerm_subnet.subnet",
            "module.network_vpc_west.azurerm_virtual_network.Vnet"
          ]
        }
      ]
    },
    {
      "module": "module.network_vpc_west",
      "mode": "managed",
      "type": "azurerm_resource_group",
      "name": "RG",
      "provider": "provider[\"registry.terraform.io/hashicorp/azurerm\"]",
      "instances": [
        {
          "schema_version": 0,
          "attributes": {
            "id": "/subscriptions/d154b22a-00e9-4d61-bccd-1c77b06247da/resourceGroups/kopicloud-jira-rg",
            "location": "westeurope",
            "name": "kopicloud-jira-rg",
            "tags": {
              "application": "kopicloud",
              "enviroment": "jira"
            },
            "timeouts": null
          },
          "sensitive_attributes": [],
          "private": "eyJlMmJmYjczMC1lY2FhLTExZTYtOGY4OC0zNDM2M2JjN2M0YzAiOnsiY3JlYXRlIjo1NDAwMDAwMDAwMDAwLCJkZWxldGUiOjU0MDAwMDAwMDAwMDAsInJlYWQiOjMwMDAwMDAwMDAwMCwidXBkYXRlIjo1NDAwMDAwMDAwMDAwfX0="
        }
      ]
    },
    {
      "module": "module.network_vpc_west",
      "mode": "managed",
      "type": "azurerm_subnet",
      "name": "subnet",
      "provider": "provider[\"registry.terraform.io/hashicorp/azurerm\"]",
      "instances": [
        {
          "schema_version": 0,
          "attributes": {
            "address_prefix": "10.128.1.0/24",
            "address_prefixes": [
              "10.128.1.0/24"
            ],
            "delegation": [],
            "enforce_private_link_endpoint_network_policies": false,
            "enforce_private_link_service_network_policies": false,
            "id": "/subscriptions/d154b22a-00e9-4d61-bccd-1c77b06247da/resourceGroups/kopicloud-jira-rg/providers/Microsoft.Network/virtualNetworks/kopicloud-jira-vnet/subnets/kopicloud-jira-subnet",
            "name": "kopicloud-jira-subnet",
            "resource_group_name": "kopicloud-jira-rg",
            "service_endpoint_policy_ids": null,
            "service_endpoints": null,
            "timeouts": null,
            "virtual_network_name": "kopicloud-jira-vnet"
          },
          "sensitive_attributes": [],
          "private": "eyJlMmJmYjczMC1lY2FhLTExZTYtOGY4OC0zNDM2M2JjN2M0YzAiOnsiY3JlYXRlIjoxODAwMDAwMDAwMDAwLCJkZWxldGUiOjE4MDAwMDAwMDAwMDAsInJlYWQiOjMwMDAwMDAwMDAwMCwidXBkYXRlIjoxODAwMDAwMDAwMDAwfX0=",
          "dependencies": [
            "module.network_vpc_west.azurerm_resource_group.RG",
            "module.network_vpc_west.azurerm_virtual_network.Vnet"
          ]
        }
      ]
    },
    {
      "module": "module.network_vpc_west",
      "mode": "managed",
      "type": "azurerm_virtual_network",
      "name": "Vnet",
      "provider": "provider[\"registry.terraform.io/hashicorp/azurerm\"]",
      "instances": [
        {
          "schema_version": 0,
          "attributes": {
            "address_space": [
              "10.128.0.0/16"
            ],
            "bgp_community": "",
            "ddos_protection_plan": [],
            "dns_servers": null,
            "guid": "ac8fb6fe-b192-4182-aca6-e2dd07fac829",
            "id": "/subscriptions/d154b22a-00e9-4d61-bccd-1c77b06247da/resourceGroups/kopicloud-jira-rg/providers/Microsoft.Network/virtualNetworks/kopicloud-jira-vnet",
            "location": "westeurope",
            "name": "kopicloud-jira-vnet",
            "resource_group_name": "kopicloud-jira-rg",
            "subnet": [],
            "tags": {
              "application": "kopicloud",
              "environment": "jira"
            },
            "timeouts": null,
            "vm_protection_enabled": false
          },
          "sensitive_attributes": [],
          "private": "eyJlMmJmYjczMC1lY2FhLTExZTYtOGY4OC0zNDM2M2JjN2M0YzAiOnsiY3JlYXRlIjoxODAwMDAwMDAwMDAwLCJkZWxldGUiOjE4MDAwMDAwMDAwMDAsInJlYWQiOjMwMDAwMDAwMDAwMCwidXBkYXRlIjoxODAwMDAwMDAwMDAwfX0=",
          "dependencies": [
            "module.network_vpc_west.azurerm_resource_group.RG"
          ]
        }
      ]
    },
    {
      "module": "module.storage",
      "mode": "managed",
      "type": "azurerm_storage_account",
      "name": "Storage_account",
      "provider": "provider[\"registry.terraform.io/hashicorp/azurerm\"]",
      "instances": [
        {
          "schema_version": 2,
          "attributes": {
            "access_tier": "Hot",
            "account_kind": "StorageV2",
            "account_replication_type": "GRS",
            "account_tier": "Standard",
            "allow_blob_public_access": false,
            "azure_files_authentication": [],
            "blob_properties": [
              {
                "change_feed_enabled": false,
                "container_delete_retention_policy": [],
                "cors_rule": [],
                "default_service_version": "",
                "delete_retention_policy": [],
                "last_access_time_enabled": false,
                "versioning_enabled": false
              }
            ],
            "custom_domain": [],
            "enable_https_traffic_only": true,
            "id": "/subscriptions/d154b22a-00e9-4d61-bccd-1c77b06247da/resourceGroups/kopicloud-jira-rg/providers/Microsoft.Storage/storageAccounts/storage1hector",
            "identity": [],
            "is_hns_enabled": false,
            "large_file_share_enabled": null,
            "location": "westeurope",
            "min_tls_version": "TLS1_0",
            "name": "storage1hector",
            "network_rules": [
              {
                "bypass": [
                  "AzureServices"
                ],
                "default_action": "Allow",
                "ip_rules": [],
                "private_link_access": [],
                "virtual_network_subnet_ids": []
              }
            ],
            "nfsv3_enabled": false,
            "primary_access_key": "dM97psWA27F76OkWb6C76x23xcetMQ2963xml+jGTlY72V7ENoWxt9hHOVjoYwuiobppt7QAIPbm+AStrgWCzQ==",
            "primary_blob_connection_string": "DefaultEndpointsProtocol=https;BlobEndpoint=https://storage1hector.blob.core.windows.net/;AccountName=storage1hector;AccountKey=dM97psWA27F76OkWb6C76x23xcetMQ2963xml+jGTlY72V7ENoWxt9hHOVjoYwuiobppt7QAIPbm+AStrgWCzQ==",
            "primary_blob_endpoint": "https://storage1hector.blob.core.windows.net/",
            "primary_blob_host": "storage1hector.blob.core.windows.net",
            "primary_connection_string": "DefaultEndpointsProtocol=https;AccountName=storage1hector;AccountKey=dM97psWA27F76OkWb6C76x23xcetMQ2963xml+jGTlY72V7ENoWxt9hHOVjoYwuiobppt7QAIPbm+AStrgWCzQ==;EndpointSuffix=core.windows.net",
            "primary_dfs_endpoint": "https://storage1hector.dfs.core.windows.net/",
            "primary_dfs_host": "storage1hector.dfs.core.windows.net",
            "primary_file_endpoint": "https://storage1hector.file.core.windows.net/",
            "primary_file_host": "storage1hector.file.core.windows.net",
            "primary_location": "westeurope",
            "primary_queue_endpoint": "https://storage1hector.queue.core.windows.net/",
            "primary_queue_host": "storage1hector.queue.core.windows.net",
            "primary_table_endpoint": "https://storage1hector.table.core.windows.net/",
            "primary_table_host": "storage1hector.table.core.windows.net",
            "primary_web_endpoint": "https://storage1hector.z6.web.core.windows.net/",
            "primary_web_host": "storage1hector.z6.web.core.windows.net",
            "queue_properties": [
              {
                "cors_rule": [],
                "hour_metrics": [
                  {
                    "enabled": true,
                    "include_apis": true,
                    "retention_policy_days": 7,
                    "version": "1.0"
                  }
                ],
                "logging": [
                  {
                    "delete": false,
                    "read": false,
                    "retention_policy_days": 0,
                    "version": "1.0",
                    "write": false
                  }
                ],
                "minute_metrics": [
                  {
                    "enabled": false,
                    "include_apis": false,
                    "retention_policy_days": 0,
                    "version": "1.0"
                  }
                ]
              }
            ],
            "resource_group_name": "kopicloud-jira-rg",
            "routing": [],
            "secondary_access_key": "DIPhIEzhg3IY9Qz+FU4J4U7NWDxKAIFBFXZK02PKRfgDri+aZ6j5HoVAZbgFEw/EjGQ9ErUh+gCR+AStI/8p7A==",
            "secondary_blob_connection_string": "",
            "secondary_blob_endpoint": null,
            "secondary_blob_host": null,
            "secondary_connection_string": "DefaultEndpointsProtocol=https;AccountName=storage1hector;AccountKey=DIPhIEzhg3IY9Qz+FU4J4U7NWDxKAIFBFXZK02PKRfgDri+aZ6j5HoVAZbgFEw/EjGQ9ErUh+gCR+AStI/8p7A==;EndpointSuffix=core.windows.net",
            "secondary_dfs_endpoint": null,
            "secondary_dfs_host": null,
            "secondary_file_endpoint": null,
            "secondary_file_host": null,
            "secondary_location": "northeurope",
            "secondary_queue_endpoint": null,
            "secondary_queue_host": null,
            "secondary_table_endpoint": null,
            "secondary_table_host": null,
            "secondary_web_endpoint": null,
            "secondary_web_host": null,
            "static_website": [],
            "tags": null,
            "timeouts": null
          },
          "sensitive_attributes": [],
          "private": "eyJlMmJmYjczMC1lY2FhLTExZTYtOGY4OC0zNDM2M2JjN2M0YzAiOnsiY3JlYXRlIjozNjAwMDAwMDAwMDAwLCJkZWxldGUiOjM2MDAwMDAwMDAwMDAsInJlYWQiOjMwMDAwMDAwMDAwMCwidXBkYXRlIjozNjAwMDAwMDAwMDAwfSwic2NoZW1hX3ZlcnNpb24iOiIyIn0=",
          "dependencies": [
            "module.network_vpc_west.azurerm_resource_group.RG",
            "module.network_vpc_west.azurerm_subnet.subnet",
            "module.network_vpc_west.azurerm_virtual_network.Vnet"
          ]
        }
      ]
    },
    {
      "module": "module.storage",
      "mode": "managed",
      "type": "azurerm_storage_container",
      "name": "tfstate",
      "provider": "provider[\"registry.terraform.io/hashicorp/azurerm\"]",
      "instances": [
        {
          "schema_version": 1,
          "attributes": {
            "container_access_type": "private",
            "has_immutability_policy": false,
            "has_legal_hold": false,
            "id": "https://storage1hector.blob.core.windows.net/tfstate",
            "metadata": {},
            "name": "tfstate",
            "resource_manager_id": "/subscriptions/d154b22a-00e9-4d61-bccd-1c77b06247da/resourceGroups/kopicloud-yes-rg/providers/Microsoft.Storage/storageAccounts/storage1hector/blobServices/default/containers/tfstate",
            "storage_account_name": "storage1hector",
            "timeouts": null
          },
          "sensitive_attributes": [],
          "private": "eyJlMmJmYjczMC1lY2FhLTExZTYtOGY4OC0zNDM2M2JjN2M0YzAiOnsiY3JlYXRlIjoxODAwMDAwMDAwMDAwLCJkZWxldGUiOjE4MDAwMDAwMDAwMDAsInJlYWQiOjMwMDAwMDAwMDAwMCwidXBkYXRlIjoxODAwMDAwMDAwMDAwfSwic2NoZW1hX3ZlcnNpb24iOiIxIn0=",
          "dependencies": [
            "module.network_vpc_west.azurerm_resource_group.RG",
            "module.network_vpc_west.azurerm_subnet.subnet",
            "module.network_vpc_west.azurerm_virtual_network.Vnet",
            "module.storage.azurerm_storage_account.Storage_account"
          ]
        }
      ]
    }
  ],
  "check_results": []
}
