{
  "version": 4,
  "terraform_version": "1.3.3",
  "serial": 55,
  "lineage": "de1c80c1-6082-89c6-090d-eb4e47f580af",
  "outputs": {},
  "resources": [
    {
      "module": "module.VM",
      "mode": "managed",
      "type": "azurerm_network_interface",
      "name": "vm-private-nic-02",
      "provider": "provider[\"registry.terraform.io/hashicorp/azurerm\"]",
      "instances": [
        {
          "schema_version": 0,
          "attributes": {
            "applied_dns_servers": [],
            "dns_servers": [],
            "edge_zone": "",
            "enable_accelerated_networking": false,
            "enable_ip_forwarding": false,
            "id": "/subscriptions/d154b22a-00e9-4d61-bccd-1c77b06247da/resourceGroups/kopicloud-cloud-rg/providers/Microsoft.Network/networkInterfaces/vm-sasrxyhq-nic",
            "internal_dns_name_label": "",
            "internal_domain_name_suffix": "o0mf5vij5yzujmdlu2mfgskqlh.ax.internal.cloudapp.net",
            "ip_configuration": [
              {
                "gateway_load_balancer_frontend_ip_configuration_id": "",
                "name": "Internet",
                "primary": true,
                "private_ip_address": "10.128.1.4",
                "private_ip_address_allocation": "Dynamic",
                "private_ip_address_version": "IPv4",
                "public_ip_address_id": "",
                "subnet_id": "/subscriptions/d154b22a-00e9-4d61-bccd-1c77b06247da/resourceGroups/kopicloud-cloud-rg/providers/Microsoft.Network/virtualNetworks/kopicloud-cloud-vnet/subnets/kopicloud-cloud-subnet"
              }
            ],
            "location": "westeurope",
            "mac_address": "60-45-BD-92-CB-B8",
            "name": "vm-sasrxyhq-nic",
            "private_ip_address": "10.128.1.4",
            "private_ip_addresses": [
              "10.128.1.4"
            ],
            "resource_group_name": "kopicloud-cloud-rg",
            "tags": {
              "environment": "cloud"
            },
            "timeouts": null,
            "virtual_machine_id": "/subscriptions/d154b22a-00e9-4d61-bccd-1c77b06247da/resourceGroups/kopicloud-cloud-rg/providers/Microsoft.Compute/virtualMachines/vm-cloud-sasrxyhq-vm"
          },
          "sensitive_attributes": [],
          "private": "eyJlMmJmYjczMC1lY2FhLTExZTYtOGY4OC0zNDM2M2JjN2M0YzAiOnsiY3JlYXRlIjoxODAwMDAwMDAwMDAwLCJkZWxldGUiOjE4MDAwMDAwMDAwMDAsInJlYWQiOjMwMDAwMDAwMDAwMCwidXBkYXRlIjoxODAwMDAwMDAwMDAwfX0=",
          "dependencies": [
            "module.VM.random_string.vm-name",
            "module.network_vpc_west.azurerm_resource_group.RG",
            "module.network_vpc_west.azurerm_subnet.subnet",
            "module.network_vpc_west.azurerm_virtual_network.Vnet"
          ]
        }
      ]
    },
    {
      "module": "module.VM",
      "mode": "managed",
      "type": "azurerm_network_interface_security_group_association",
      "name": "NSG",
      "provider": "provider[\"registry.terraform.io/hashicorp/azurerm\"]",
      "instances": [
        {
          "schema_version": 0,
          "attributes": {
            "id": "/subscriptions/d154b22a-00e9-4d61-bccd-1c77b06247da/resourceGroups/kopicloud-cloud-rg/providers/Microsoft.Network/networkInterfaces/vm-sasrxyhq-nic|/subscriptions/d154b22a-00e9-4d61-bccd-1c77b06247da/resourceGroups/kopicloud-cloud-rg/providers/Microsoft.Network/networkSecurityGroups/sql-cloud-sasrxyhq-nsg",
            "network_interface_id": "/subscriptions/d154b22a-00e9-4d61-bccd-1c77b06247da/resourceGroups/kopicloud-cloud-rg/providers/Microsoft.Network/networkInterfaces/vm-sasrxyhq-nic",
            "network_security_group_id": "/subscriptions/d154b22a-00e9-4d61-bccd-1c77b06247da/resourceGroups/kopicloud-cloud-rg/providers/Microsoft.Network/networkSecurityGroups/sql-cloud-sasrxyhq-nsg",
            "timeouts": null
          },
          "sensitive_attributes": [],
          "private": "eyJlMmJmYjczMC1lY2FhLTExZTYtOGY4OC0zNDM2M2JjN2M0YzAiOnsiY3JlYXRlIjoxODAwMDAwMDAwMDAwLCJkZWxldGUiOjE4MDAwMDAwMDAwMDAsInJlYWQiOjMwMDAwMDAwMDAwMCwidXBkYXRlIjoxODAwMDAwMDAwMDAwfX0=",
          "dependencies": [
            "module.VM.azurerm_network_interface.vm-private-nic-02",
            "module.VM.azurerm_network_security_group.vm-nsg-02",
            "module.VM.random_string.vm-name",
            "module.network_vpc_west.azurerm_resource_group.RG",
            "module.network_vpc_west.azurerm_subnet.subnet",
            "module.network_vpc_west.azurerm_virtual_network.Vnet"
          ]
        }
      ]
    },
    {
      "module": "module.VM",
      "mode": "managed",
      "type": "azurerm_network_security_group",
      "name": "vm-nsg-02",
      "provider": "provider[\"registry.terraform.io/hashicorp/azurerm\"]",
      "instances": [
        {
          "schema_version": 0,
          "attributes": {
            "id": "/subscriptions/d154b22a-00e9-4d61-bccd-1c77b06247da/resourceGroups/kopicloud-cloud-rg/providers/Microsoft.Network/networkSecurityGroups/sql-cloud-sasrxyhq-nsg",
            "location": "westeurope",
            "name": "sql-cloud-sasrxyhq-nsg",
            "resource_group_name": "kopicloud-cloud-rg",
            "security_rule": [
              {
                "access": "Allow",
                "description": "Allow SQL",
                "destination_address_prefix": "VirtualNetwork",
                "destination_address_prefixes": [],
                "destination_application_security_group_ids": [],
                "destination_port_range": "5432",
                "destination_port_ranges": [],
                "direction": "Inbound",
                "name": "AllowSQL",
                "priority": 100,
                "protocol": "Tcp",
                "source_address_prefix": "VirtualNetwork",
                "source_address_prefixes": [],
                "source_application_security_group_ids": [],
                "source_port_range": "*",
                "source_port_ranges": []
              },
              {
                "access": "Allow",
                "description": "Allow SSH",
                "destination_address_prefix": "VirtualNetwork",
                "destination_address_prefixes": [],
                "destination_application_security_group_ids": [],
                "destination_port_range": "22",
                "destination_port_ranges": [],
                "direction": "Inbound",
                "name": "AllowSSH",
                "priority": 150,
                "protocol": "Tcp",
                "source_address_prefix": "VirtualNetwork",
                "source_address_prefixes": [],
                "source_application_security_group_ids": [],
                "source_port_range": "*",
                "source_port_ranges": []
              }
            ],
            "tags": {
              "environment": "cloud"
            },
            "timeouts": null
          },
          "sensitive_attributes": [],
          "private": "eyJlMmJmYjczMC1lY2FhLTExZTYtOGY4OC0zNDM2M2JjN2M0YzAiOnsiY3JlYXRlIjoxODAwMDAwMDAwMDAwLCJkZWxldGUiOjE4MDAwMDAwMDAwMDAsInJlYWQiOjMwMDAwMDAwMDAwMCwidXBkYXRlIjoxODAwMDAwMDAwMDAwfX0=",
          "dependencies": [
            "module.VM.random_string.vm-name",
            "module.network_vpc_west.azurerm_resource_group.RG",
            "module.network_vpc_west.azurerm_subnet.subnet",
            "module.network_vpc_west.azurerm_virtual_network.Vnet"
          ]
        }
      ]
    },
    {
      "module": "module.VM",
      "mode": "managed",
      "type": "azurerm_virtual_machine",
      "name": "Vm",
      "provider": "provider[\"registry.terraform.io/hashicorp/azurerm\"]",
      "instances": [
        {
          "schema_version": 0,
          "attributes": {
            "additional_capabilities": [],
            "availability_set_id": null,
            "boot_diagnostics": [],
            "delete_data_disks_on_termination": true,
            "delete_os_disk_on_termination": true,
            "id": "/subscriptions/d154b22a-00e9-4d61-bccd-1c77b06247da/resourceGroups/kopicloud-cloud-rg/providers/Microsoft.Compute/virtualMachines/vm-cloud-sasrxyhq-vm",
            "identity": [],
            "license_type": null,
            "location": "westeurope",
            "name": "vm-cloud-sasrxyhq-vm",
            "network_interface_ids": [
              "/subscriptions/d154b22a-00e9-4d61-bccd-1c77b06247da/resourceGroups/kopicloud-cloud-rg/providers/Microsoft.Network/networkInterfaces/vm-sasrxyhq-nic"
            ],
            "os_profile": [
              {
                "admin_password": "",
                "admin_username": "hector01",
                "computer_name": "vm-sasrxyhq-vm",
                "custom_data": ""
              }
            ],
            "os_profile_linux_config": [
              {
                "disable_password_authentication": false,
                "ssh_keys": []
              }
            ],
            "os_profile_secrets": [],
            "os_profile_windows_config": [],
            "plan": [],
            "primary_network_interface_id": null,
            "proximity_placement_group_id": null,
            "resource_group_name": "kopicloud-cloud-rg",
            "storage_data_disk": [],
            "storage_image_reference": [
              {
                "id": "",
                "offer": "UbuntuServer",
                "publisher": "Canonical",
                "sku": "18.04-LTS",
                "version": "latest"
              }
            ],
            "storage_os_disk": [
              {
                "caching": "ReadWrite",
                "create_option": "FromImage",
                "disk_size_gb": 30,
                "image_uri": "",
                "managed_disk_id": "/subscriptions/d154b22a-00e9-4d61-bccd-1c77b06247da/resourceGroups/kopicloud-cloud-rg/providers/Microsoft.Compute/disks/disksasrxyhqvm",
                "managed_disk_type": "Standard_LRS",
                "name": "disksasrxyhqvm",
                "os_type": "Linux",
                "vhd_uri": "",
                "write_accelerator_enabled": false
              }
            ],
            "tags": {},
            "timeouts": null,
            "vm_size": "Standard_DS1_v2",
            "zones": []
          },
          "sensitive_attributes": [],
          "private": "eyJlMmJmYjczMC1lY2FhLTExZTYtOGY4OC0zNDM2M2JjN2M0YzAiOnsiY3JlYXRlIjozNjAwMDAwMDAwMDAwLCJkZWxldGUiOjM2MDAwMDAwMDAwMDAsInJlYWQiOjMwMDAwMDAwMDAwMCwidXBkYXRlIjozNjAwMDAwMDAwMDAwfX0=",
          "dependencies": [
            "module.VM.azurerm_network_interface.vm-private-nic-02",
            "module.VM.random_string.vm-name",
            "module.network_vpc_west.azurerm_resource_group.RG",
            "module.network_vpc_west.azurerm_subnet.subnet",
            "module.network_vpc_west.azurerm_virtual_network.Vnet"
          ]
        }
      ]
    },
    {
      "module": "module.VM",
      "mode": "managed",
      "type": "random_string",
      "name": "vm-name",
      "provider": "provider[\"registry.terraform.io/hashicorp/random\"]",
      "instances": [
        {
          "schema_version": 2,
          "attributes": {
            "id": "sasrxyhq",
            "keepers": null,
            "length": 8,
            "lower": true,
            "min_lower": 0,
            "min_numeric": 0,
            "min_special": 0,
            "min_upper": 0,
            "number": false,
            "numeric": false,
            "override_special": null,
            "result": "sasrxyhq",
            "special": false,
            "upper": false
          },
          "sensitive_attributes": [],
          "dependencies": [
            "module.network_vpc_west.azurerm_resource_group.RG",
            "module.network_vpc_west.azurerm_subnet.subnet",
            "module.network_vpc_west.azurerm_virtual_network.Vnet"
          ]
        }
      ]
    },
    {
      "module": "module.VM02",
      "mode": "managed",
      "type": "azurerm_network_interface",
      "name": "vm-private-nic",
      "provider": "provider[\"registry.terraform.io/hashicorp/azurerm\"]",
      "instances": [
        {
          "schema_version": 0,
          "attributes": {
            "applied_dns_servers": [],
            "dns_servers": [],
            "edge_zone": "",
            "enable_accelerated_networking": false,
            "enable_ip_forwarding": false,
            "id": "/subscriptions/d154b22a-00e9-4d61-bccd-1c77b06247da/resourceGroups/kopicloud-cloud-rg/providers/Microsoft.Network/networkInterfaces/vm-dvnsweoc-nic",
            "internal_dns_name_label": "",
            "internal_domain_name_suffix": "o0mf5vij5yzujmdlu2mfgskqlh.ax.internal.cloudapp.net",
            "ip_configuration": [
              {
                "gateway_load_balancer_frontend_ip_configuration_id": "",
                "name": "Internet",
                "primary": true,
                "private_ip_address": "10.128.1.5",
                "private_ip_address_allocation": "Dynamic",
                "private_ip_address_version": "IPv4",
                "public_ip_address_id": "/subscriptions/d154b22a-00e9-4d61-bccd-1c77b06247da/resourceGroups/kopicloud-cloud-rg/providers/Microsoft.Network/publicIPAddresses/ip-dvnsweoc-public",
                "subnet_id": "/subscriptions/d154b22a-00e9-4d61-bccd-1c77b06247da/resourceGroups/kopicloud-cloud-rg/providers/Microsoft.Network/virtualNetworks/kopicloud-cloud-vnet/subnets/kopicloud-cloud-subnet"
              }
            ],
            "location": "westeurope",
            "mac_address": "60-45-BD-9F-C1-EE",
            "name": "vm-dvnsweoc-nic",
            "private_ip_address": "10.128.1.5",
            "private_ip_addresses": [
              "10.128.1.5"
            ],
            "resource_group_name": "kopicloud-cloud-rg",
            "tags": {
              "environment": "cloud"
            },
            "timeouts": null,
            "virtual_machine_id": "/subscriptions/d154b22a-00e9-4d61-bccd-1c77b06247da/resourceGroups/kopicloud-cloud-rg/providers/Microsoft.Compute/virtualMachines/vm-cloud-dvnsweoc-vm"
          },
          "sensitive_attributes": [],
          "private": "eyJlMmJmYjczMC1lY2FhLTExZTYtOGY4OC0zNDM2M2JjN2M0YzAiOnsiY3JlYXRlIjoxODAwMDAwMDAwMDAwLCJkZWxldGUiOjE4MDAwMDAwMDAwMDAsInJlYWQiOjMwMDAwMDAwMDAwMCwidXBkYXRlIjoxODAwMDAwMDAwMDAwfX0=",
          "dependencies": [
            "module.VM02.azurerm_public_ip.vm_ip",
            "module.VM02.random_string.vm-name",
            "module.network_vpc_west.azurerm_resource_group.RG",
            "module.network_vpc_west.azurerm_subnet.subnet",
            "module.network_vpc_west.azurerm_virtual_network.Vnet"
          ]
        }
      ]
    },
    {
      "module": "module.VM02",
      "mode": "managed",
      "type": "azurerm_network_interface_security_group_association",
      "name": "NSG-Public",
      "provider": "provider[\"registry.terraform.io/hashicorp/azurerm\"]",
      "instances": [
        {
          "schema_version": 0,
          "attributes": {
            "id": "/subscriptions/d154b22a-00e9-4d61-bccd-1c77b06247da/resourceGroups/kopicloud-cloud-rg/providers/Microsoft.Network/networkInterfaces/vm-dvnsweoc-nic|/subscriptions/d154b22a-00e9-4d61-bccd-1c77b06247da/resourceGroups/kopicloud-cloud-rg/providers/Microsoft.Network/networkSecurityGroups/sql-cloud-dvnsweoc-nsg",
            "network_interface_id": "/subscriptions/d154b22a-00e9-4d61-bccd-1c77b06247da/resourceGroups/kopicloud-cloud-rg/providers/Microsoft.Network/networkInterfaces/vm-dvnsweoc-nic",
            "network_security_group_id": "/subscriptions/d154b22a-00e9-4d61-bccd-1c77b06247da/resourceGroups/kopicloud-cloud-rg/providers/Microsoft.Network/networkSecurityGroups/sql-cloud-dvnsweoc-nsg",
            "timeouts": null
          },
          "sensitive_attributes": [],
          "private": "eyJlMmJmYjczMC1lY2FhLTExZTYtOGY4OC0zNDM2M2JjN2M0YzAiOnsiY3JlYXRlIjoxODAwMDAwMDAwMDAwLCJkZWxldGUiOjE4MDAwMDAwMDAwMDAsInJlYWQiOjMwMDAwMDAwMDAwMCwidXBkYXRlIjoxODAwMDAwMDAwMDAwfX0=",
          "dependencies": [
            "module.VM02.azurerm_network_interface.vm-private-nic",
            "module.VM02.azurerm_network_security_group.vm-nsg",
            "module.VM02.azurerm_public_ip.vm_ip",
            "module.VM02.random_string.vm-name",
            "module.network_vpc_west.azurerm_resource_group.RG",
            "module.network_vpc_west.azurerm_subnet.subnet",
            "module.network_vpc_west.azurerm_virtual_network.Vnet"
          ]
        }
      ]
    },
    {
      "module": "module.VM02",
      "mode": "managed",
      "type": "azurerm_network_security_group",
      "name": "vm-nsg",
      "provider": "provider[\"registry.terraform.io/hashicorp/azurerm\"]",
      "instances": [
        {
          "schema_version": 0,
          "attributes": {
            "id": "/subscriptions/d154b22a-00e9-4d61-bccd-1c77b06247da/resourceGroups/kopicloud-cloud-rg/providers/Microsoft.Network/networkSecurityGroups/sql-cloud-dvnsweoc-nsg",
            "location": "westeurope",
            "name": "sql-cloud-dvnsweoc-nsg",
            "resource_group_name": "kopicloud-cloud-rg",
            "security_rule": [
              {
                "access": "Allow",
                "description": "Allow SQL",
                "destination_address_prefix": "Internet",
                "destination_address_prefixes": [],
                "destination_application_security_group_ids": [],
                "destination_port_range": "5432",
                "destination_port_ranges": [],
                "direction": "Inbound",
                "name": "AllowSQL",
                "priority": 100,
                "protocol": "Tcp",
                "source_address_prefix": "Internet",
                "source_address_prefixes": [],
                "source_application_security_group_ids": [],
                "source_port_range": "*",
                "source_port_ranges": []
              },
              {
                "access": "Allow",
                "description": "Allow SSH",
                "destination_address_prefix": "Any",
                "destination_address_prefixes": [],
                "destination_application_security_group_ids": [],
                "destination_port_range": "22",
                "destination_port_ranges": [],
                "direction": "Inbound",
                "name": "AllowSSH",
                "priority": 150,
                "protocol": "Tcp",
                "source_address_prefix": "Any",
                "source_address_prefixes": [],
                "source_application_security_group_ids": [],
                "source_port_range": "*",
                "source_port_ranges": []
              }
            ],
            "tags": {
              "environment": "cloud"
            },
            "timeouts": null
          },
          "sensitive_attributes": [],
          "private": "eyJlMmJmYjczMC1lY2FhLTExZTYtOGY4OC0zNDM2M2JjN2M0YzAiOnsiY3JlYXRlIjoxODAwMDAwMDAwMDAwLCJkZWxldGUiOjE4MDAwMDAwMDAwMDAsInJlYWQiOjMwMDAwMDAwMDAwMCwidXBkYXRlIjoxODAwMDAwMDAwMDAwfX0=",
          "dependencies": [
            "module.VM02.random_string.vm-name",
            "module.network_vpc_west.azurerm_resource_group.RG",
            "module.network_vpc_west.azurerm_subnet.subnet",
            "module.network_vpc_west.azurerm_virtual_network.Vnet"
          ]
        }
      ]
    },
    {
      "module": "module.VM02",
      "mode": "managed",
      "type": "azurerm_public_ip",
      "name": "vm_ip",
      "provider": "provider[\"registry.terraform.io/hashicorp/azurerm\"]",
      "instances": [
        {
          "schema_version": 0,
          "attributes": {
            "allocation_method": "Static",
            "ddos_protection_mode": "VirtualNetworkInherited",
            "ddos_protection_plan_id": null,
            "domain_name_label": null,
            "edge_zone": "",
            "fqdn": null,
            "id": "/subscriptions/d154b22a-00e9-4d61-bccd-1c77b06247da/resourceGroups/kopicloud-cloud-rg/providers/Microsoft.Network/publicIPAddresses/ip-dvnsweoc-public",
            "idle_timeout_in_minutes": 4,
            "ip_address": "108.143.99.178",
            "ip_tags": {},
            "ip_version": "IPv4",
            "location": "westeurope",
            "name": "ip-dvnsweoc-public",
            "public_ip_prefix_id": null,
            "resource_group_name": "kopicloud-cloud-rg",
            "reverse_fqdn": null,
            "sku": "Basic",
            "sku_tier": "Regional",
            "tags": {},
            "timeouts": null,
            "zones": []
          },
          "sensitive_attributes": [],
          "private": "eyJlMmJmYjczMC1lY2FhLTExZTYtOGY4OC0zNDM2M2JjN2M0YzAiOnsiY3JlYXRlIjoxODAwMDAwMDAwMDAwLCJkZWxldGUiOjE4MDAwMDAwMDAwMDAsInJlYWQiOjMwMDAwMDAwMDAwMCwidXBkYXRlIjoxODAwMDAwMDAwMDAwfX0=",
          "dependencies": [
            "module.VM02.random_string.vm-name",
            "module.network_vpc_west.azurerm_resource_group.RG",
            "module.network_vpc_west.azurerm_subnet.subnet",
            "module.network_vpc_west.azurerm_virtual_network.Vnet"
          ]
        }
      ]
    },
    {
      "module": "module.VM02",
      "mode": "managed",
      "type": "azurerm_virtual_machine",
      "name": "Vm",
      "provider": "provider[\"registry.terraform.io/hashicorp/azurerm\"]",
      "instances": [
        {
          "schema_version": 0,
          "attributes": {
            "additional_capabilities": [],
            "availability_set_id": null,
            "boot_diagnostics": [],
            "delete_data_disks_on_termination": true,
            "delete_os_disk_on_termination": true,
            "id": "/subscriptions/d154b22a-00e9-4d61-bccd-1c77b06247da/resourceGroups/kopicloud-cloud-rg/providers/Microsoft.Compute/virtualMachines/vm-cloud-dvnsweoc-vm",
            "identity": [],
            "license_type": null,
            "location": "westeurope",
            "name": "vm-cloud-dvnsweoc-vm",
            "network_interface_ids": [
              "/subscriptions/d154b22a-00e9-4d61-bccd-1c77b06247da/resourceGroups/kopicloud-cloud-rg/providers/Microsoft.Network/networkInterfaces/vm-dvnsweoc-nic"
            ],
            "os_profile": [
              {
                "admin_password": "",
                "admin_username": "hector01",
                "computer_name": "vm-dvnsweoc-vm",
                "custom_data": ""
              }
            ],
            "os_profile_linux_config": [
              {
                "disable_password_authentication": false,
                "ssh_keys": []
              }
            ],
            "os_profile_secrets": [],
            "os_profile_windows_config": [],
            "plan": [],
            "primary_network_interface_id": null,
            "proximity_placement_group_id": null,
            "resource_group_name": "kopicloud-cloud-rg",
            "storage_data_disk": [],
            "storage_image_reference": [
              {
                "id": "",
                "offer": "UbuntuServer",
                "publisher": "Canonical",
                "sku": "18.04-LTS",
                "version": "latest"
              }
            ],
            "storage_os_disk": [
              {
                "caching": "ReadWrite",
                "create_option": "FromImage",
                "disk_size_gb": 30,
                "image_uri": "",
                "managed_disk_id": "/subscriptions/d154b22a-00e9-4d61-bccd-1c77b06247da/resourceGroups/kopicloud-cloud-rg/providers/Microsoft.Compute/disks/diskdvnsweocvm",
                "managed_disk_type": "Standard_LRS",
                "name": "diskdvnsweocvm",
                "os_type": "Linux",
                "vhd_uri": "",
                "write_accelerator_enabled": false
              }
            ],
            "tags": {},
            "timeouts": null,
            "vm_size": "Standard_DS1_v2",
            "zones": []
          },
          "sensitive_attributes": [],
          "private": "eyJlMmJmYjczMC1lY2FhLTExZTYtOGY4OC0zNDM2M2JjN2M0YzAiOnsiY3JlYXRlIjozNjAwMDAwMDAwMDAwLCJkZWxldGUiOjM2MDAwMDAwMDAwMDAsInJlYWQiOjMwMDAwMDAwMDAwMCwidXBkYXRlIjozNjAwMDAwMDAwMDAwfX0=",
          "dependencies": [
            "module.VM02.azurerm_network_interface.vm-private-nic",
            "module.VM02.azurerm_public_ip.vm_ip",
            "module.VM02.random_string.vm-name",
            "module.network_vpc_west.azurerm_resource_group.RG",
            "module.network_vpc_west.azurerm_subnet.subnet",
            "module.network_vpc_west.azurerm_virtual_network.Vnet"
          ]
        }
      ]
    },
    {
      "module": "module.VM02",
      "mode": "managed",
      "type": "random_string",
      "name": "vm-name",
      "provider": "provider[\"registry.terraform.io/hashicorp/random\"]",
      "instances": [
        {
          "schema_version": 2,
          "attributes": {
            "id": "dvnsweoc",
            "keepers": null,
            "length": 8,
            "lower": true,
            "min_lower": 0,
            "min_numeric": 0,
            "min_special": 0,
            "min_upper": 0,
            "number": false,
            "numeric": false,
            "override_special": null,
            "result": "dvnsweoc",
            "special": false,
            "upper": false
          },
          "sensitive_attributes": [],
          "dependencies": [
            "module.network_vpc_west.azurerm_resource_group.RG",
            "module.network_vpc_west.azurerm_subnet.subnet",
            "module.network_vpc_west.azurerm_virtual_network.Vnet"
          ]
        }
      ]
    },
    {
      "module": "module.network_vpc_west",
      "mode": "managed",
      "type": "azurerm_resource_group",
      "name": "RG",
      "provider": "provider[\"registry.terraform.io/hashicorp/azurerm\"]",
      "instances": [
        {
          "schema_version": 0,
          "attributes": {
            "id": "/subscriptions/d154b22a-00e9-4d61-bccd-1c77b06247da/resourceGroups/kopicloud-cloud-rg",
            "location": "westeurope",
            "name": "kopicloud-cloud-rg",
            "tags": {
              "application": "kopicloud",
              "enviroment": "cloud"
            },
            "timeouts": null
          },
          "sensitive_attributes": [],
          "private": "eyJlMmJmYjczMC1lY2FhLTExZTYtOGY4OC0zNDM2M2JjN2M0YzAiOnsiY3JlYXRlIjo1NDAwMDAwMDAwMDAwLCJkZWxldGUiOjU0MDAwMDAwMDAwMDAsInJlYWQiOjMwMDAwMDAwMDAwMCwidXBkYXRlIjo1NDAwMDAwMDAwMDAwfX0="
        }
      ]
    },
    {
      "module": "module.network_vpc_west",
      "mode": "managed",
      "type": "azurerm_subnet",
      "name": "subnet",
      "provider": "provider[\"registry.terraform.io/hashicorp/azurerm\"]",
      "instances": [
        {
          "schema_version": 0,
          "attributes": {
            "address_prefixes": [
              "10.128.1.0/24"
            ],
            "delegation": [],
            "enforce_private_link_endpoint_network_policies": false,
            "enforce_private_link_service_network_policies": false,
            "id": "/subscriptions/d154b22a-00e9-4d61-bccd-1c77b06247da/resourceGroups/kopicloud-cloud-rg/providers/Microsoft.Network/virtualNetworks/kopicloud-cloud-vnet/subnets/kopicloud-cloud-subnet",
            "name": "kopicloud-cloud-subnet",
            "private_endpoint_network_policies_enabled": true,
            "private_link_service_network_policies_enabled": true,
            "resource_group_name": "kopicloud-cloud-rg",
            "service_endpoint_policy_ids": [],
            "service_endpoints": [],
            "timeouts": null,
            "virtual_network_name": "kopicloud-cloud-vnet"
          },
          "sensitive_attributes": [],
          "private": "eyJlMmJmYjczMC1lY2FhLTExZTYtOGY4OC0zNDM2M2JjN2M0YzAiOnsiY3JlYXRlIjoxODAwMDAwMDAwMDAwLCJkZWxldGUiOjE4MDAwMDAwMDAwMDAsInJlYWQiOjMwMDAwMDAwMDAwMCwidXBkYXRlIjoxODAwMDAwMDAwMDAwfX0=",
          "dependencies": [
            "module.network_vpc_west.azurerm_resource_group.RG",
            "module.network_vpc_west.azurerm_virtual_network.Vnet"
          ]
        }
      ]
    },
    {
      "module": "module.network_vpc_west",
      "mode": "managed",
      "type": "azurerm_virtual_network",
      "name": "Vnet",
      "provider": "provider[\"registry.terraform.io/hashicorp/azurerm\"]",
      "instances": [
        {
          "schema_version": 0,
          "attributes": {
            "address_space": [
              "10.128.0.0/16"
            ],
            "bgp_community": "",
            "ddos_protection_plan": [],
            "dns_servers": [],
            "edge_zone": "",
            "flow_timeout_in_minutes": 0,
            "guid": "d55f9876-fe09-4433-b06b-a7185349505f",
            "id": "/subscriptions/d154b22a-00e9-4d61-bccd-1c77b06247da/resourceGroups/kopicloud-cloud-rg/providers/Microsoft.Network/virtualNetworks/kopicloud-cloud-vnet",
            "location": "westeurope",
            "name": "kopicloud-cloud-vnet",
            "resource_group_name": "kopicloud-cloud-rg",
            "subnet": [
              {
                "address_prefix": "10.128.1.0/24",
                "id": "/subscriptions/d154b22a-00e9-4d61-bccd-1c77b06247da/resourceGroups/kopicloud-cloud-rg/providers/Microsoft.Network/virtualNetworks/kopicloud-cloud-vnet/subnets/kopicloud-cloud-subnet",
                "name": "kopicloud-cloud-subnet",
                "security_group": "/subscriptions/d154b22a-00e9-4d61-bccd-1c77b06247da/resourceGroups/kopicloud-cloud-rg/providers/Microsoft.Network/networkSecurityGroups/sql-cloud-dvnsweoc-nsg"
              }
            ],
            "tags": {
              "application": "kopicloud",
              "environment": "cloud"
            },
            "timeouts": null
          },
          "sensitive_attributes": [],
          "private": "eyJlMmJmYjczMC1lY2FhLTExZTYtOGY4OC0zNDM2M2JjN2M0YzAiOnsiY3JlYXRlIjoxODAwMDAwMDAwMDAwLCJkZWxldGUiOjE4MDAwMDAwMDAwMDAsInJlYWQiOjMwMDAwMDAwMDAwMCwidXBkYXRlIjoxODAwMDAwMDAwMDAwfX0=",
          "dependencies": [
            "module.network_vpc_west.azurerm_resource_group.RG"
          ]
        }
      ]
    },
    {
      "module": "module.storage",
      "mode": "managed",
      "type": "azurerm_storage_account",
      "name": "Storage_account",
      "provider": "provider[\"registry.terraform.io/hashicorp/azurerm\"]",
      "instances": [
        {
          "schema_version": 3,
          "attributes": {
            "access_tier": "Hot",
            "account_kind": "StorageV2",
            "account_replication_type": "GRS",
            "account_tier": "Standard",
            "allow_nested_items_to_be_public": true,
            "azure_files_authentication": [],
            "blob_properties": [
              {
                "change_feed_enabled": false,
                "change_feed_retention_in_days": 0,
                "container_delete_retention_policy": [],
                "cors_rule": [],
                "default_service_version": "",
                "delete_retention_policy": [],
                "last_access_time_enabled": false,
                "versioning_enabled": false
              }
            ],
            "cross_tenant_replication_enabled": true,
            "custom_domain": [],
            "customer_managed_key": [],
            "default_to_oauth_authentication": false,
            "edge_zone": "",
            "enable_https_traffic_only": true,
            "id": "/subscriptions/d154b22a-00e9-4d61-bccd-1c77b06247da/resourceGroups/kopicloud-cloud-rg/providers/Microsoft.Storage/storageAccounts/storage1hector",
            "identity": [],
            "immutability_policy": [],
            "infrastructure_encryption_enabled": false,
            "is_hns_enabled": false,
            "large_file_share_enabled": null,
            "location": "westeurope",
            "min_tls_version": "TLS1_2",
            "name": "storage1hector",
            "network_rules": [
              {
                "bypass": [
                  "AzureServices"
                ],
                "default_action": "Allow",
                "ip_rules": [],
                "private_link_access": [],
                "virtual_network_subnet_ids": []
              }
            ],
            "nfsv3_enabled": false,
            "primary_access_key": "nEaS8J1A/fF9HgtlwmMLt7MRHgPslqr7ORGZdtLsgiBxz4FATWbqwNQtKm2hS8A0+VxnESk3Bx7d+AStTG8NJA==",
            "primary_blob_connection_string": "DefaultEndpointsProtocol=https;BlobEndpoint=https://storage1hector.blob.core.windows.net/;AccountName=storage1hector;AccountKey=nEaS8J1A/fF9HgtlwmMLt7MRHgPslqr7ORGZdtLsgiBxz4FATWbqwNQtKm2hS8A0+VxnESk3Bx7d+AStTG8NJA==",
            "primary_blob_endpoint": "https://storage1hector.blob.core.windows.net/",
            "primary_blob_host": "storage1hector.blob.core.windows.net",
            "primary_connection_string": "DefaultEndpointsProtocol=https;AccountName=storage1hector;AccountKey=nEaS8J1A/fF9HgtlwmMLt7MRHgPslqr7ORGZdtLsgiBxz4FATWbqwNQtKm2hS8A0+VxnESk3Bx7d+AStTG8NJA==;EndpointSuffix=core.windows.net",
            "primary_dfs_endpoint": "https://storage1hector.dfs.core.windows.net/",
            "primary_dfs_host": "storage1hector.dfs.core.windows.net",
            "primary_file_endpoint": "https://storage1hector.file.core.windows.net/",
            "primary_file_host": "storage1hector.file.core.windows.net",
            "primary_location": "westeurope",
            "primary_queue_endpoint": "https://storage1hector.queue.core.windows.net/",
            "primary_queue_host": "storage1hector.queue.core.windows.net",
            "primary_table_endpoint": "https://storage1hector.table.core.windows.net/",
            "primary_table_host": "storage1hector.table.core.windows.net",
            "primary_web_endpoint": "https://storage1hector.z6.web.core.windows.net/",
            "primary_web_host": "storage1hector.z6.web.core.windows.net",
            "public_network_access_enabled": true,
            "queue_encryption_key_type": "Service",
            "queue_properties": [
              {
                "cors_rule": [],
                "hour_metrics": [
                  {
                    "enabled": true,
                    "include_apis": true,
                    "retention_policy_days": 7,
                    "version": "1.0"
                  }
                ],
                "logging": [
                  {
                    "delete": false,
                    "read": false,
                    "retention_policy_days": 0,
                    "version": "1.0",
                    "write": false
                  }
                ],
                "minute_metrics": [
                  {
                    "enabled": false,
                    "include_apis": false,
                    "retention_policy_days": 0,
                    "version": "1.0"
                  }
                ]
              }
            ],
            "resource_group_name": "kopicloud-cloud-rg",
            "routing": [],
            "sas_policy": [],
            "secondary_access_key": "tJEA+WNpUrF4zwTBUNM7DkwImgBPn1kqyZAXzdaTmP8PNycr+Lunv6OZaK1fWYisDrPeaWSuular+ASt7lC1gg==",
            "secondary_blob_connection_string": "",
            "secondary_blob_endpoint": null,
            "secondary_blob_host": null,
            "secondary_connection_string": "DefaultEndpointsProtocol=https;AccountName=storage1hector;AccountKey=tJEA+WNpUrF4zwTBUNM7DkwImgBPn1kqyZAXzdaTmP8PNycr+Lunv6OZaK1fWYisDrPeaWSuular+ASt7lC1gg==;EndpointSuffix=core.windows.net",
            "secondary_dfs_endpoint": null,
            "secondary_dfs_host": null,
            "secondary_file_endpoint": null,
            "secondary_file_host": null,
            "secondary_location": "northeurope",
            "secondary_queue_endpoint": null,
            "secondary_queue_host": null,
            "secondary_table_endpoint": null,
            "secondary_table_host": null,
            "secondary_web_endpoint": null,
            "secondary_web_host": null,
            "share_properties": [
              {
                "cors_rule": [],
                "retention_policy": [
                  {
                    "days": 7
                  }
                ],
                "smb": []
              }
            ],
            "shared_access_key_enabled": true,
            "static_website": [],
            "table_encryption_key_type": "Service",
            "tags": {},
            "timeouts": null
          },
          "sensitive_attributes": [],
          "private": "eyJlMmJmYjczMC1lY2FhLTExZTYtOGY4OC0zNDM2M2JjN2M0YzAiOnsiY3JlYXRlIjozNjAwMDAwMDAwMDAwLCJkZWxldGUiOjM2MDAwMDAwMDAwMDAsInJlYWQiOjMwMDAwMDAwMDAwMCwidXBkYXRlIjozNjAwMDAwMDAwMDAwfSwic2NoZW1hX3ZlcnNpb24iOiIzIn0=",
          "dependencies": [
            "module.network_vpc_west.azurerm_resource_group.RG",
            "module.network_vpc_west.azurerm_subnet.subnet",
            "module.network_vpc_west.azurerm_virtual_network.Vnet"
          ]
        }
      ]
    },
    {
      "module": "module.storage",
      "mode": "managed",
      "type": "azurerm_storage_container",
      "name": "tfstate",
      "provider": "provider[\"registry.terraform.io/hashicorp/azurerm\"]",
      "instances": [
        {
          "schema_version": 1,
          "attributes": {
            "container_access_type": "private",
            "has_immutability_policy": false,
            "has_legal_hold": false,
            "id": "https://storage1hector.blob.core.windows.net/tfstate",
            "metadata": {},
            "name": "tfstate",
            "resource_manager_id": "/subscriptions/d154b22a-00e9-4d61-bccd-1c77b06247da/resourceGroups/kopicloud-cloud-rg/providers/Microsoft.Storage/storageAccounts/storage1hector/blobServices/default/containers/tfstate",
            "storage_account_name": "storage1hector",
            "timeouts": null
          },
          "sensitive_attributes": [],
          "private": "eyJlMmJmYjczMC1lY2FhLTExZTYtOGY4OC0zNDM2M2JjN2M0YzAiOnsiY3JlYXRlIjoxODAwMDAwMDAwMDAwLCJkZWxldGUiOjE4MDAwMDAwMDAwMDAsInJlYWQiOjMwMDAwMDAwMDAwMCwidXBkYXRlIjoxODAwMDAwMDAwMDAwfSwic2NoZW1hX3ZlcnNpb24iOiIxIn0=",
          "dependencies": [
            "module.network_vpc_west.azurerm_resource_group.RG",
            "module.network_vpc_west.azurerm_subnet.subnet",
            "module.network_vpc_west.azurerm_virtual_network.Vnet",
            "module.storage.azurerm_storage_account.Storage_account"
          ]
        }
      ]
    }
  ],
  "check_results": []
}
