{
  "version": 4,
  "terraform_version": "1.3.3",
  "serial": 98,
  "lineage": "e1b44d54-19ea-54d4-51ce-81a0bc255ab7",
  "outputs": {},
  "resources": [
    {
      "mode": "managed",
      "type": "azurerm_public_ip",
      "name": "publicIP",
      "provider": "provider[\"registry.terraform.io/hashicorp/azurerm\"]",
      "instances": [
        {
          "schema_version": 0,
          "attributes": {
            "allocation_method": "Static",
            "ddos_protection_mode": "VirtualNetworkInherited",
            "ddos_protection_plan_id": null,
            "domain_name_label": null,
            "edge_zone": "",
            "fqdn": null,
            "id": "/subscriptions/d154b22a-00e9-4d61-bccd-1c77b06247da/resourceGroups/Proyecto_Cloud/providers/Microsoft.Network/publicIPAddresses/Public-Ip",
            "idle_timeout_in_minutes": 4,
            "ip_address": "20.166.8.9",
            "ip_tags": {},
            "ip_version": "IPv4",
            "location": "northeurope",
            "name": "Public-Ip",
            "public_ip_prefix_id": null,
            "resource_group_name": "Proyecto_Cloud",
            "reverse_fqdn": null,
            "sku": "Standard",
            "sku_tier": "Regional",
            "tags": {},
            "timeouts": null,
            "zones": []
          },
          "sensitive_attributes": [],
          "private": "eyJlMmJmYjczMC1lY2FhLTExZTYtOGY4OC0zNDM2M2JjN2M0YzAiOnsiY3JlYXRlIjoxODAwMDAwMDAwMDAwLCJkZWxldGUiOjE4MDAwMDAwMDAwMDAsInJlYWQiOjMwMDAwMDAwMDAwMCwidXBkYXRlIjoxODAwMDAwMDAwMDAwfX0=",
          "dependencies": [
            "azurerm_resource_group.rg"
          ]
        }
      ]
    },
    {
      "mode": "managed",
      "type": "azurerm_resource_group",
      "name": "rg",
      "provider": "provider[\"registry.terraform.io/hashicorp/azurerm\"]",
      "instances": [
        {
          "schema_version": 0,
          "attributes": {
            "id": "/subscriptions/d154b22a-00e9-4d61-bccd-1c77b06247da/resourceGroups/Proyecto_Cloud",
            "location": "northeurope",
            "name": "Proyecto_Cloud",
            "tags": {},
            "timeouts": null
          },
          "sensitive_attributes": [],
          "private": "eyJlMmJmYjczMC1lY2FhLTExZTYtOGY4OC0zNDM2M2JjN2M0YzAiOnsiY3JlYXRlIjo1NDAwMDAwMDAwMDAwLCJkZWxldGUiOjU0MDAwMDAwMDAwMDAsInJlYWQiOjMwMDAwMDAwMDAwMCwidXBkYXRlIjo1NDAwMDAwMDAwMDAwfX0="
        }
      ]
    },
    {
      "module": "module.DB_Instance",
      "mode": "data",
      "type": "azurerm_subnet",
      "name": "sub01id",
      "provider": "provider[\"registry.terraform.io/hashicorp/azurerm\"]",
      "instances": [
        {
          "schema_version": 0,
          "attributes": {
            "address_prefix": "10.0.1.0/24",
            "address_prefixes": [
              "10.0.1.0/24"
            ],
            "enforce_private_link_endpoint_network_policies": false,
            "enforce_private_link_service_network_policies": false,
            "id": "/subscriptions/d154b22a-00e9-4d61-bccd-1c77b06247da/resourceGroups/Proyecto_Cloud/providers/Microsoft.Network/virtualNetworks/firs_vnet/subnets/subnet",
            "name": "subnet",
            "network_security_group_id": "",
            "private_endpoint_network_policies_enabled": true,
            "private_link_service_network_policies_enabled": true,
            "resource_group_name": "Proyecto_Cloud",
            "route_table_id": "",
            "service_endpoints": [],
            "timeouts": null,
            "virtual_network_name": "firs_vnet"
          },
          "sensitive_attributes": []
        }
      ]
    },
    {
      "module": "module.DB_Instance",
      "mode": "managed",
      "type": "azurerm_network_interface",
      "name": "NIC",
      "provider": "provider[\"registry.terraform.io/hashicorp/azurerm\"]",
      "instances": [
        {
          "schema_version": 0,
          "attributes": {
            "applied_dns_servers": [],
            "dns_servers": [],
            "edge_zone": "",
            "enable_accelerated_networking": false,
            "enable_ip_forwarding": false,
            "id": "/subscriptions/d154b22a-00e9-4d61-bccd-1c77b06247da/resourceGroups/Proyecto_Cloud/providers/Microsoft.Network/networkInterfaces/NIC1-Azure",
            "internal_dns_name_label": "",
            "internal_domain_name_suffix": "it3xauyv4lbuviqyjzx5ovf1aa.fx.internal.cloudapp.net",
            "ip_configuration": [
              {
                "gateway_load_balancer_frontend_ip_configuration_id": "",
                "name": "Nic-Config",
                "primary": true,
                "private_ip_address": "10.0.1.4",
                "private_ip_address_allocation": "Dynamic",
                "private_ip_address_version": "IPv4",
                "public_ip_address_id": "/subscriptions/d154b22a-00e9-4d61-bccd-1c77b06247da/resourceGroups/Proyecto_Cloud/providers/Microsoft.Network/publicIPAddresses/Public-Ip",
                "subnet_id": "/subscriptions/d154b22a-00e9-4d61-bccd-1c77b06247da/resourceGroups/Proyecto_Cloud/providers/Microsoft.Network/virtualNetworks/firs_vnet/subnets/subnet"
              }
            ],
            "location": "northeurope",
            "mac_address": "00-0D-3A-DD-BE-96",
            "name": "NIC1-Azure",
            "private_ip_address": "10.0.1.4",
            "private_ip_addresses": [
              "10.0.1.4"
            ],
            "resource_group_name": "Proyecto_Cloud",
            "tags": {},
            "timeouts": null,
            "virtual_machine_id": ""
          },
          "sensitive_attributes": [],
          "private": "eyJlMmJmYjczMC1lY2FhLTExZTYtOGY4OC0zNDM2M2JjN2M0YzAiOnsiY3JlYXRlIjoxODAwMDAwMDAwMDAwLCJkZWxldGUiOjE4MDAwMDAwMDAwMDAsInJlYWQiOjMwMDAwMDAwMDAwMCwidXBkYXRlIjoxODAwMDAwMDAwMDAwfX0=",
          "dependencies": [
            "azurerm_public_ip.publicIP",
            "azurerm_resource_group.rg",
            "module.DB_Instance.data.azurerm_subnet.sub01id",
            "module.network_vpc_west.azurerm_subnet.subnet",
            "module.network_vpc_west.azurerm_virtual_network.Vnet"
          ]
        }
      ]
    },
    {
      "module": "module.DB_Instance",
      "mode": "managed",
      "type": "azurerm_network_interface_security_group_association",
      "name": "NSG",
      "provider": "provider[\"registry.terraform.io/hashicorp/azurerm\"]",
      "instances": [
        {
          "schema_version": 0,
          "attributes": {
            "id": "/subscriptions/d154b22a-00e9-4d61-bccd-1c77b06247da/resourceGroups/Proyecto_Cloud/providers/Microsoft.Network/networkInterfaces/NIC1-Azure|/subscriptions/d154b22a-00e9-4d61-bccd-1c77b06247da/resourceGroups/Proyecto_Cloud/providers/Microsoft.Network/networkSecurityGroups/segurity-group",
            "network_interface_id": "/subscriptions/d154b22a-00e9-4d61-bccd-1c77b06247da/resourceGroups/Proyecto_Cloud/providers/Microsoft.Network/networkInterfaces/NIC1-Azure",
            "network_security_group_id": "/subscriptions/d154b22a-00e9-4d61-bccd-1c77b06247da/resourceGroups/Proyecto_Cloud/providers/Microsoft.Network/networkSecurityGroups/segurity-group",
            "timeouts": null
          },
          "sensitive_attributes": [],
          "private": "eyJlMmJmYjczMC1lY2FhLTExZTYtOGY4OC0zNDM2M2JjN2M0YzAiOnsiY3JlYXRlIjoxODAwMDAwMDAwMDAwLCJkZWxldGUiOjE4MDAwMDAwMDAwMDAsInJlYWQiOjMwMDAwMDAwMDAwMCwidXBkYXRlIjoxODAwMDAwMDAwMDAwfX0=",
          "dependencies": [
            "azurerm_public_ip.publicIP",
            "azurerm_resource_group.rg",
            "module.DB_Instance.azurerm_network_interface.NIC",
            "module.DB_Instance.azurerm_network_security_group.NSG",
            "module.DB_Instance.data.azurerm_subnet.sub01id",
            "module.network_vpc_west.azurerm_subnet.subnet",
            "module.network_vpc_west.azurerm_virtual_network.Vnet"
          ]
        }
      ]
    },
    {
      "module": "module.DB_Instance",
      "mode": "managed",
      "type": "azurerm_network_security_group",
      "name": "NSG",
      "provider": "provider[\"registry.terraform.io/hashicorp/azurerm\"]",
      "instances": [
        {
          "schema_version": 0,
          "attributes": {
            "id": "/subscriptions/d154b22a-00e9-4d61-bccd-1c77b06247da/resourceGroups/Proyecto_Cloud/providers/Microsoft.Network/networkSecurityGroups/segurity-group",
            "location": "northeurope",
            "name": "segurity-group",
            "resource_group_name": "Proyecto_Cloud",
            "security_rule": [
              {
                "access": "Allow",
                "description": "",
                "destination_address_prefix": "*",
                "destination_address_prefixes": [],
                "destination_application_security_group_ids": [],
                "destination_port_range": "22",
                "destination_port_ranges": [],
                "direction": "Inbound",
                "name": "SSH",
                "priority": 2000,
                "protocol": "Tcp",
                "source_address_prefix": "*",
                "source_address_prefixes": [],
                "source_application_security_group_ids": [],
                "source_port_range": "*",
                "source_port_ranges": []
              }
            ],
            "tags": {},
            "timeouts": null
          },
          "sensitive_attributes": [],
          "private": "eyJlMmJmYjczMC1lY2FhLTExZTYtOGY4OC0zNDM2M2JjN2M0YzAiOnsiY3JlYXRlIjoxODAwMDAwMDAwMDAwLCJkZWxldGUiOjE4MDAwMDAwMDAwMDAsInJlYWQiOjMwMDAwMDAwMDAwMCwidXBkYXRlIjoxODAwMDAwMDAwMDAwfX0=",
          "dependencies": [
            "azurerm_public_ip.publicIP",
            "azurerm_resource_group.rg",
            "module.network_vpc_west.azurerm_subnet.subnet",
            "module.network_vpc_west.azurerm_virtual_network.Vnet"
          ]
        }
      ]
    },
    {
      "module": "module.K8s",
      "mode": "managed",
      "type": "azurerm_kubernetes_cluster",
      "name": "k8s",
      "provider": "provider[\"registry.terraform.io/hashicorp/azurerm\"]",
      "instances": [
        {
          "schema_version": 2,
          "attributes": {
            "aci_connector_linux": [],
            "api_server_authorized_ip_ranges": null,
            "auto_scaler_profile": [],
            "automatic_channel_upgrade": "",
            "azure_active_directory_role_based_access_control": [],
            "azure_policy_enabled": null,
            "default_node_pool": [
              {
                "capacity_reservation_group_id": "",
                "enable_auto_scaling": false,
                "enable_host_encryption": false,
                "enable_node_public_ip": false,
                "fips_enabled": false,
                "host_group_id": "",
                "kubelet_config": [],
                "kubelet_disk_type": "OS",
                "linux_os_config": [],
                "max_count": 0,
                "max_pods": 110,
                "message_of_the_day": "",
                "min_count": 0,
                "name": "default",
                "node_count": 1,
                "node_labels": {},
                "node_public_ip_prefix_id": "",
                "node_taints": [],
                "only_critical_addons_enabled": false,
                "orchestrator_version": "1.23.12",
                "os_disk_size_gb": 128,
                "os_disk_type": "Managed",
                "os_sku": "Ubuntu",
                "pod_subnet_id": "",
                "proximity_placement_group_id": "",
                "scale_down_mode": "Delete",
                "tags": {},
                "type": "VirtualMachineScaleSets",
                "ultra_ssd_enabled": false,
                "upgrade_settings": [],
                "vm_size": "Standard_D2_v2",
                "vnet_subnet_id": "",
                "workload_runtime": "",
                "zones": []
              }
            ],
            "disk_encryption_set_id": "",
            "dns_prefix": "clusterk8s",
            "dns_prefix_private_cluster": "",
            "edge_zone": "",
            "enable_pod_security_policy": false,
            "fqdn": "clusterk8s-50f1ae45.hcp.northeurope.azmk8s.io",
            "http_application_routing_enabled": null,
            "http_application_routing_zone_name": null,
            "http_proxy_config": [],
            "id": "/subscriptions/d154b22a-00e9-4d61-bccd-1c77b06247da/resourceGroups/Proyecto_Cloud/providers/Microsoft.ContainerService/managedClusters/cluster_k8s",
            "identity": [
              {
                "identity_ids": [],
                "principal_id": "3a020d76-e935-4145-a675-bd46d32f2b1f",
                "tenant_id": "b904303e-f6ca-40b3-9015-8948e09309bf",
                "type": "SystemAssigned"
              }
            ],
            "ingress_application_gateway": [],
            "key_vault_secrets_provider": [],
            "kube_admin_config": [],
            "kube_admin_config_raw": "",
            "kube_config": [
              {
                "client_certificate": "LS0tLS1CRUdJTiBDRVJUSUZJQ0FURS0tLS0tCk1JSUZIVENDQXdXZ0F3SUJBZ0lRWXgvRWhiT2szbWNvM2pySUQ0SGpUVEFOQmdrcWhraUc5dzBCQVFzRkFEQU4KTVFzd0NRWURWUVFERXdKallUQWVGdzB5TWpFeE1qSXhOVFUwTXpCYUZ3MHlOREV4TWpJeE5qQTBNekJhTURBeApGekFWQmdOVkJBb1REbk41YzNSbGJUcHRZWE4wWlhKek1SVXdFd1lEVlFRREV3eHRZWE4wWlhKamJHbGxiblF3CmdnSWlNQTBHQ1NxR1NJYjNEUUVCQVFVQUE0SUNEd0F3Z2dJS0FvSUNBUUR3Yy9EL1dMVnR1U2ViOVo3NXNjTGMKYzgydXRVNldzNWtXNXYwdHpjdUdBeUZ6eEw4bVF0MW8vMEsrQ1pHZVp4d0VwcG50S3hvOEdRUWkzZVNQMTNiMwpLcWJvZkEya3FYenhuK2tZdFYxQjd0SkJ5NTZuSEU0a0lrb3c0L2lMU2VqMnNnekpteVMxVkI4TFdQQnY3TVlMCnZySDNCUXVxUjkyNEFWVUhjZkExUDlsS3BJSUtEbHVOYlZobmQxYTF0VjFXOXFvOUZNWFcxZlBuNmZsNjI2TXoKcHVSNE9pcHgzcWdVdm14dzB0UE90YUdqUUN1eFc2MEYvS0tHdFpLRklLeVI5bnN5L1dGQnBaUXNRWnVvNEtxVwpJTVdRM3ErUkZZVHBpSHYrZ2RoVktmM3I4cVlBNGp0QmtHMlF4eDJjbXQ3ZklyVHJjTnV6cU02ekxnVDl0K2NmCk5kMG4rZEN5YUpNQXpYYzQ4V0VmQjJQSG01ZGRQTWhpYng2b0ZuY3JOQUdBSTJQN3NjaFB4dCtEZ1hoNzRWVm4KQTNGbythbHRSOEhRcmVBZmhzR3hXYXhtMGt2SGhEdWc0SGd0di9hNGRBcldCcjc5Ti9hOUl1RnMzaDE2bVpZegp2Q2xKMDJjc01oTHZUeFcvcEF1RDI1QUJiTHZxb1MwNVRpbWNKTFRUb1d0L3VMa1BaN3Z3Z29ZRUxjREl1c3RYCkZCVmZIcjVhWXJsdHFveEh2Wi9uMXBVTHp6U1JIUGpzU3Z6eS80Z1VKWGQ1SEE4RjNYblQvL2ZUSVhQTWI0d1UKZ1V6eEFiY3BhSUpQZTVpaERUMlpLYnFuQk9iSmc0Z09IZHVzMFJaZUVWRzZReTdPMmkzc3lRZnVDUXMzckpQWQo0TWlsTjY1YUlpZmI0ejd2aTIrY3F3SURBUUFCbzFZd1ZEQU9CZ05WSFE4QkFmOEVCQU1DQmFBd0V3WURWUjBsCkJBd3dDZ1lJS3dZQkJRVUhBd0l3REFZRFZSMFRBUUgvQkFJd0FEQWZCZ05WSFNNRUdEQVdnQlFGcVYrUG0rSnIKd0dWRDcrb3FPeWhLb2M2dGF6QU5CZ2txaGtpRzl3MEJBUXNGQUFPQ0FnRUFSeE0wOGZyNndZVFBnQ21BNi83MQo4UXBKTk5aK25YblhhNjNwbWhCZEZ4c1NUTVQ2YzY3MTRQT25Dc2E1L0ZrQ2ZtQXl1R0c1UXd4K1p1RE5UY2tZCndYdTZzWVprS0RMQkEyNmh6RU5UM2FuUG9DTXQ0clBiQVNTcGJ0UUREZnIvZEpXbWxrellPZlJ2bE1GelBwbjIKR1F1aFg0SlFjdDBiOVl5VHhWVlhrUHQvWnhHcXY0c3J1UFVaMFdQMnl3U2dFczFRcG9FYnNEdmJzNlVWRll6Lwp4by8vdmFnOGt3Ri9UWlY2Uk80alFUMHZkQnlzNXFMZjcxT29ucFBzZ2E0OSsrZHpPbXAraW5mUnRUS08yRGYwCklCby82eUtuVzNkVjhZak9xcWFsU0VKSXlJZDFKQVJsc2Jta3dUVDJicUxFZnBISzV1N3VGZWNYcXdUbks3eXEKOW9nVXpDcDFJNDB1NTgxTkhoZGE3K01JZ0QwRFBsamNoZVBoYnZ2RCtkLzk2T1NUWjF6SHpPVWhYMkt1Q2l3bgpJcTdXV2FIWXErdC92a2swVUlHYzFuby9UcUpGME56OHVma1BWVUdJNkplRENKUGIzSndDay9TcmNQNk1hbXBzClRMU1pQcDdxZTJULy9GZmhuYU81NjI5TU9LYUhSUlZ0MU1rVGlIc3RzRXg3bUxQR2tQTHJBdVBVNVh5cWtPbFgKOUVDd29La3d2Zyt1T3VtaFpMblZKRE5MOVlWd09xSXFNNXlianBQL2YyTzlSQ2ZMQ2tMOEUvRGF2cURzUVRxWApXQ29OTGVrckoxY0VydWdITGd1VExTclhEaXVncWJ1Zmp0eGxrMzE0T0JDU1ZvUUVOcGFmTmp0R05JdmttMGdoCmVSRE5nQ1FzU01NNHB3TEcvSDlGelBvPQotLS0tLUVORCBDRVJUSUZJQ0FURS0tLS0tCg==",
                "client_key": "LS0tLS1CRUdJTiBSU0EgUFJJVkFURSBLRVktLS0tLQpNSUlKS0FJQkFBS0NBZ0VBOEhQdy8xaTFiYmtubS9XZStiSEMzSFBOcnJWT2xyT1pGdWI5TGMzTGhnTWhjOFMvCkprTGRhUDlDdmdtUm5tY2NCS2FaN1NzYVBCa0VJdDNrajlkMjl5cW02SHdOcEtsODhaL3BHTFZkUWU3U1FjdWUKcHh4T0pDSktNT1A0aTBubzlySU15WnNrdFZRZkMxandiK3pHQzc2eDl3VUxxa2ZkdUFGVkIzSHdOVC9aU3FTQwpDZzVialcxWVozZFd0YlZkVnZhcVBSVEYxdFh6NStuNWV0dWpNNmJrZURvcWNkNm9GTDVzY05MVHpyV2hvMEFyCnNWdXRCZnlpaHJXU2hTQ3NrZlo3TXYxaFFhV1VMRUdicU9DcWxpREZrTjZ2a1JXRTZZaDcvb0hZVlNuOTYvS20KQU9JN1FaQnRrTWNkbkpyZTN5SzA2M0RiczZqT3N5NEUvYmZuSHpYZEovblFzbWlUQU0xM09QRmhId2RqeDV1WApYVHpJWW04ZXFCWjNLelFCZ0NOais3SElUOGJmZzRGNGUrRlZad054YVBtcGJVZkIwSzNnSDRiQnNWbXNadEpMCng0UTdvT0I0TGIvMnVIUUsxZ2ErL1RmMnZTTGhiTjRkZXBtV003d3BTZE5uTERJUzcwOFZ2NlFMZzl1UUFXeTcKNnFFdE9VNHBuQ1MwMDZGcmY3aTVEMmU3OElLR0JDM0F5THJMVnhRVlh4NitXbUs1YmFxTVI3MmY1OWFWQzg4MAprUno0N0VyODh2K0lGQ1YzZVJ3UEJkMTUwLy8zMHlGenpHK01GSUZNOFFHM0tXaUNUM3VZb1EwOW1TbTZwd1RtCnlZT0lEaDNick5FV1hoRlJ1a011enRvdDdNa0g3Z2tMTjZ5VDJPRElwVGV1V2lJbjIrTSs3NHR2bktzQ0F3RUEKQVFLQ0FnRUF0dTVPQThXMlNhS2Fhc0dEejgwWVJXVm9ycWpMQUVYa2l4THl2SjBiWUhvVFFpTUZsWk03SlAxRwpCcFA3RC9xN3l5SUFhdm5tdkovL2tKTWxwdlV5VWJwR1B3clp5bE1UZGpQRlA0SURUL3prUXlBcE5GT0pjMTRPCitZRUdmdG1jL2NuWmhxdWNVc09MMXJNMFFNSnVyVkxIeS9rdnRiMTFCZDhsbEVOdmp1TmphYkVjS1pCZ3dJalcKditoL3RFQWxvZHFKQzIwNVVrZDFoeE52TkxQU1JxS0tvSmtIMzVlWVlpZTVFbUNpdVZsZmZuWjhoek1Ld0VwQwpUNS9sdDVoekVaem1mNVZiSDNsYjhBdDk1QTRBV2JUVytXOGhQSXlWa0tIQVM1RDNSMXRxRGM2TjBwQktxb2U1CmczS29xWkw5U2Q3NnEwQXlOVTJRNjZwd0s2SjBsc1ZYRDFuQ0hzUXN2WFgyTzdpNVJ6QjN4bHBSaDI2d2g1aDcKbERXMjRXa0J2bU5jcDkwZ1Jvdyt0SkVsM1NIUWpJN0NOdS81ODFyQVpkMWlCemwzZ253Mi9VSGhaSXFTR0RkbwpLQXkxRGpTKzlocEY5RHRJUnNhZm9mb00rcVZuSUVjeGtrVkl3bTR0enRRbTBKaThLMm5haTRhVis0Y1VPVW12CkhaUys2Y0h1bzlLUW1idFNKVEVFWlV6ZEphMHJ2NnptSmJnNEFyd20yNSt4VkxpS25MTE1ldGFZWFZNQjdPbm0KRlB1Snk3ek5KQkpHeU14akxRVWhuMThuZWdOMHBFQmQ2RWRCSjFZOG91bERXZk9SNVBlM1dya05hMmozZEVrTgpkL1pCQTRwcUM3VEUyOVJkMkJKdCtCRndWcnZ6ZThNY2ZOUXhEMFlvb2U2SDBiakhXTGtDZ2dFQkFQOUZ2NmxlCjRYNm85d3RmNDJBTWJ6UnFlTXhOQlhiQnhIdnZGajdadDN3Y0EvY3ZDeTkzSGdhaVhVOUo2WS84R2ZqUEI0MlkKNDhyVHYwakF1Vk9EdWZBVDQ2ZkoxNGh5c1pXYXY0bHdpREt6L2RUSjcxWk1nVmV3RHZiYUhzUFdFOFdleFBIQgpVOVJ1TU9iOS9RZk1oRGQxU3BaSVY1MjQxT1lDUnVLOHIxVmdCNkpQQnFUWnJNbXRtUWJ2RHBHL040L2hrRUd0ClZRUlBFMGtLRlNEM2ZJZzZMZlUzemFURjVCd3VBd0JLRDhnT3YyYTRxb2l3eHQxWGVFdzVRU2dLaGlzWTlnUGoKSGhSNVlqUHJXSW5NWWZuampBYUw1TjJtQ0dPek9WTkg4U1oxS2dlb0FwVkF4TVdtRXNjRXZnQ2pOSmVRai9zOQpEeS9JQSszSGpBcGtXLzBDZ2dFQkFQRWpZVTU5dHhDejNiaWxNUGJXNXgwTjV6WDdDQ2JzaHZrY01Fa2ZYUzIyCkhoRkJkTWpkTzlwWXJSV3RuM0FodFVFbDhyRGpRbkJJOWVGbDdGM2dBQ2Njc1NWZXFBRGlvNWVjL1k3ZUUya20Kc0dMbUdFc0MrUFFlSC9VZkRld2pVeHNnQWMzV3YxYzFkREs4dE9ZQkM1TE5KcHdJcklBd0ZodEVrK0kydjhFbApFM1N5UzV6U2xNb2RZTXlZQ0kxTHZzZU5ZRGxScmdFN1c3cDZwSXYwSnNqS2MzTUdUSGMrT0d3VC96RWhSeWdBCk9BanhXeVU5Zm51QmpPMFJvR1NFaFNWZVFuSjk0U2dpblNsK3ZQUWRNb1E1U09JcWdPSVFtSTkzVVJEd3F4bFMKQ2lnbGFNQnBqQTFQNTE0NHhaRnFCd1l0U1JOUTRheGxwU1JmQVBYSDk4Y0NnZ0VBRVdZOHFSdTVmUHVoVXhvbgpFbDNtbW9rRFVOR1RKTVFTVTJ3NWRQRThDMjZSYXFDL1AyMzhFdkd3TUg1V09DVXowL3l3aEJzK3M0MTVSVWsxCm1KYXE3czA4UUN5R3oxc1o5WnVGb0tXVjh2Ykh2MkJBT3Y2ZDlrOGV4ZjZhQ0Rrb1Fka1BqWGJpOHVETDNvTEQKWTJ1eU8yRjRRd1FOVE1mVFl4WVdwTSs5bDdFaTlCSTAzcm1qaUYrWHhadzN2d0ZzbFJjSDBTSXlZRWZQaGJQMQpPcmtEdVBsV05wZW1JYXdIWDFCWGpnWitTdUdPZEQ3MENMc2I0dXhhVzcrdlRENWpaTDZmemlZRjM5bGlNeTNBCmJDd05KWTQzOWg1RTdFS3I0YmZPbVhtVzIwc3pJVEIzZEpya2pxQkNPV1IrV3ViRTUrdkhsSlZWMnFqa2M2bWQKUnZ3T05RS0NBUUJoZ1REamtDbnA4eEVBakt0VDVHbm5jYXZBUkJWeng4aDhDazNzQTJhbUNUSDNRRVI4eEJoagpuZCsvR0VtVUNjMUUzcGRYdDAweUlnNXFhZEE5MVVtNmh2dUtaTkFDSzZLQ3Q5US9aTVRzaTl4ZTRUT0pnVll4ClA4MGtUTDVRY2FnMUc2Z2ZGMnFmVk5uN2VocWJ0bWg3bjhDdzcwRHhSSUJyM2pyK0NhMVg2Q29KMGQ2Sk53MDYKL000YmJJNW9zK3djdktuZ0E0c2NyR2ZXNjZpRmZ0Ly82UHp0MGVveGZWTkxRSHE3M3Z6cXk4dmNzZHR0SDRSNQpaRlVidHpqbjdEMzZjamJrSE1waWREeWdmc0xnNHIxK2didGEyRnp0REZEa0VoY1JobjlvNmFkNXZFYXpKdnFlCmwyU3kwTG55cHJEWWFvOVY1Q3FjankxTG02N0RzMndaQW9JQkFENTdqcGNja3BJc1BJSDFUdFF1Ri9tREs2Z1kKYzIzS2c4TlVJZFcvRzFGU0hFR3BTZWttL0JCRVNGemp1aTBhcXJFUDJ6TkFSblpjTDNLNlRHUFJOMEoyaXMvTwpsVlhqZmJtZ2NLUXA2L2NjZDFlRkkrT215NGF5VXFVdHVmckgxUTlvcGJESDhTMlJRT0c4Z1p6Z2MxM1AvZXM3Ck9lNzJhR3M5a0IxTHJIYjFUWDFQWkZXNXI2TEM3WUs0R1NMeW43Z2VLQW4yS3BvODVmZTlLZkRrbjR6T2tFRGcKQXc3ZjRwcHArSHhXZFJOZEhzNXBhaG1tYzNXUCtRQmxNdmhTZC82c2lPN3dKSnpzRTVsazRoNWRFUDNqV0pXUwpva29WaHVpeDZFNnRYc1BQdGdGcTVCKzlIRTVPWVNVQWhJM25xSXdGNjU0ZC95SlV4V0R3eHB1WW5HQT0KLS0tLS1FTkQgUlNBIFBSSVZBVEUgS0VZLS0tLS0K",
                "cluster_ca_certificate": "LS0tLS1CRUdJTiBDRVJUSUZJQ0FURS0tLS0tCk1JSUU2RENDQXRDZ0F3SUJBZ0lRTmxWWGpnUk91c1ZjQmFQdzAwTkYyVEFOQmdrcWhraUc5dzBCQVFzRkFEQU4KTVFzd0NRWURWUVFERXdKallUQWdGdzB5TWpFeE1qSXhOVFUwTXpCYUdBOHlNRFV5TVRFeU1qRTJNRFF6TUZvdwpEVEVMTUFrR0ExVUVBeE1DWTJFd2dnSWlNQTBHQ1NxR1NJYjNEUUVCQVFVQUE0SUNEd0F3Z2dJS0FvSUNBUURMCkVVNURzdGRnTVJWTzAxMTBxc0plQVFFUWxxeXE2azNBaTBONHBoSTNpNGk5VWxuRXE4THZRNEc4RDBaRGRxSU4KU3YvUjBMVjkvaVpMUldwbXJtdHR2ZUFSSmx5RjdnaGJ4NlMxNFA1TGVBSXNoL0Fnd01ub2ptQmZjRDNYM245RAowWGFWa3FGZHFtQjNBcHhkNU5ZUkI2L29PcmUwampFZG12eUVTeWZGRHhkcG85blIvVzdBUm9ZMUw1MjF3UzE3CkZPZk5pNGhiTVpOcHdNalF0V2d1Yms2SXJLTFh0enNoWWMxV1hLMFg0SU9nUDZwNzRyRlE0b2RlczZ3eVhGanYKM0oxZ0g3ZWhod1FVekw0QUhvYlUycVk4OFVpTnIwcGY4R2NJaUFUS2lwZmM5M3R3OXY3NVREYy91b01nQzRUdQo4Vmg2UEJVZ0x6Ky83ZWliZHFWWVVqbFNjeFZ2Z1pCTkFzR0JKQjV1WHdDNkJHMzFibmllYmtMVVFBYXZleVErCndvRnRYcWt5RmhDNzFFWkFhK0NXZ2R2OHBPS1E2RmlIMkJUbzNueURUTTV1SjJhVGc5NHFQNVlmMk4wd0F3YjYKczFpQlR6ZGtFazVyTXhYMzl2cmh6V21RaWZ1c2RJMS9WODM1Y21zRE5NcjV4STVIV2RoSThnam5kTk85OUgyLwpaU2Z3ZVBKL3hrcW0xN1AxNnFNK00wTzgwRmQxN082bWJRWmFnV0tBL2RsTldOV1hQTm1LSDNVSHhFNUZkL2t3CjhLcHp4ekpZWmw3WnZ4NHFFVnB4MVZGaU1mNzdYUUcvb0hTVkZLWEQrTFJyc0NmaUdWQzFmK2RVaXB4aDRKSnAKUnpTVDYwcWtnMXY3UzVQYUtMaUFVQzdDV1BMRk9ESzVSOGVCbCtEUWpRSURBUUFCbzBJd1FEQU9CZ05WSFE4QgpBZjhFQkFNQ0FxUXdEd1lEVlIwVEFRSC9CQVV3QXdFQi96QWRCZ05WSFE0RUZnUVVCYWxmajV2aWE4QmxRKy9xCktqc29TcUhPcldzd0RRWUpLb1pJaHZjTkFRRUxCUUFEZ2dJQkFCT2t2ZzV5M0FYQzhiRERDK3NURHZ1VXJ4T1UKYUhnMlBpekhHc1BnNWRZR09xWUFGOGIyYjlXZ3dIbGJOZUhZbjR0YmJ5T2tINW5oMkVNV2VreTAwRUZadHBSQwpRNXpSOE40T3BBRnZRNDFjSnBhNGNXYU5hNzZ1Z0lDWGpVSXU0RTdRSnlaajJFcXlOUkJHMStmNkhvRzFqN0JZCjh2cHhSc1JHWlpaZkNacENKZEZCSGYyU3B2em9FZ29mWm41RC9FbXcwNjFlY3hGLzVnM2FSVWtmQUhmYXhzcEEKenpEcUV0YkFPQVBTcjhKU0ZON3Bsc00rSGgreUFObitRZXJpRzg4bUttNDBpdVFFejJ6NjlKU0U3ZWw4aC83KwovL1dDQWlyWGx4alZDUWIvWEFTeVVlbDFBME1sZzM0c3dYbXNQTERVck8ybUg0c1JUdmJBR2svRnZnVGJmODR5CkR3OW5FTzdDL0tDYmdJN0VzcjEyV05qeFpaZUp1R1c5UmlTVmlJaDh5UXVOdkk1MWMvdGJZMzBCUUVxTlY3RGEKbGtzaVo3c2FWRjNiRkUvcnhsSVBnNnNpcjh0U2d5bXhzcy9ZTGIzT2JXOUZiMjBkVER5dmtUcDg4emxKeFg2cApkSVlhWEFnd2s3ajUwMGhhT3hYcURvRE1tUXFBRzRjWU83SXFYNlRXVXhTbFhPNGxVV2tUaEFjZHoranVmcjRsCkN3ZU9TT1NHMGQ2YUQ5WWhqOVNJdVJ2Tmh2TzMxVnVXdUZSRnhoc0FvT0tsa3BGS0pxV1NSZzZMaEx1NkpPVncKVmV3RmJIT0ljRktSNUE5SVBQblFnR3V6MEo1T1J1MHhkRkVZbHNrTVF2SmE2bVJvdDIxcCtVL2tVcGgxT1QyRwpvenNOMmlVK3J6aTh2YUp3Ci0tLS0tRU5EIENFUlRJRklDQVRFLS0tLS0K",
                "host": "https://clusterk8s-50f1ae45.hcp.northeurope.azmk8s.io:443",
                "password": "42d418263e8ae48bd95f092551a2a4842d5252894ff9b8f2280f1c604befe40750e28125305f41f595903f980b50dfa20383daa297b09cce71f195fbbc145122",
                "username": "clusterUser_Proyecto_Cloud_cluster_k8s"
              }
            ],
            "kube_config_raw": "apiVersion: v1\nclusters:\n- cluster:\n    certificate-authority-data: LS0tLS1CRUdJTiBDRVJUSUZJQ0FURS0tLS0tCk1JSUU2RENDQXRDZ0F3SUJBZ0lRTmxWWGpnUk91c1ZjQmFQdzAwTkYyVEFOQmdrcWhraUc5dzBCQVFzRkFEQU4KTVFzd0NRWURWUVFERXdKallUQWdGdzB5TWpFeE1qSXhOVFUwTXpCYUdBOHlNRFV5TVRFeU1qRTJNRFF6TUZvdwpEVEVMTUFrR0ExVUVBeE1DWTJFd2dnSWlNQTBHQ1NxR1NJYjNEUUVCQVFVQUE0SUNEd0F3Z2dJS0FvSUNBUURMCkVVNURzdGRnTVJWTzAxMTBxc0plQVFFUWxxeXE2azNBaTBONHBoSTNpNGk5VWxuRXE4THZRNEc4RDBaRGRxSU4KU3YvUjBMVjkvaVpMUldwbXJtdHR2ZUFSSmx5RjdnaGJ4NlMxNFA1TGVBSXNoL0Fnd01ub2ptQmZjRDNYM245RAowWGFWa3FGZHFtQjNBcHhkNU5ZUkI2L29PcmUwampFZG12eUVTeWZGRHhkcG85blIvVzdBUm9ZMUw1MjF3UzE3CkZPZk5pNGhiTVpOcHdNalF0V2d1Yms2SXJLTFh0enNoWWMxV1hLMFg0SU9nUDZwNzRyRlE0b2RlczZ3eVhGanYKM0oxZ0g3ZWhod1FVekw0QUhvYlUycVk4OFVpTnIwcGY4R2NJaUFUS2lwZmM5M3R3OXY3NVREYy91b01nQzRUdQo4Vmg2UEJVZ0x6Ky83ZWliZHFWWVVqbFNjeFZ2Z1pCTkFzR0JKQjV1WHdDNkJHMzFibmllYmtMVVFBYXZleVErCndvRnRYcWt5RmhDNzFFWkFhK0NXZ2R2OHBPS1E2RmlIMkJUbzNueURUTTV1SjJhVGc5NHFQNVlmMk4wd0F3YjYKczFpQlR6ZGtFazVyTXhYMzl2cmh6V21RaWZ1c2RJMS9WODM1Y21zRE5NcjV4STVIV2RoSThnam5kTk85OUgyLwpaU2Z3ZVBKL3hrcW0xN1AxNnFNK00wTzgwRmQxN082bWJRWmFnV0tBL2RsTldOV1hQTm1LSDNVSHhFNUZkL2t3CjhLcHp4ekpZWmw3WnZ4NHFFVnB4MVZGaU1mNzdYUUcvb0hTVkZLWEQrTFJyc0NmaUdWQzFmK2RVaXB4aDRKSnAKUnpTVDYwcWtnMXY3UzVQYUtMaUFVQzdDV1BMRk9ESzVSOGVCbCtEUWpRSURBUUFCbzBJd1FEQU9CZ05WSFE4QgpBZjhFQkFNQ0FxUXdEd1lEVlIwVEFRSC9CQVV3QXdFQi96QWRCZ05WSFE0RUZnUVVCYWxmajV2aWE4QmxRKy9xCktqc29TcUhPcldzd0RRWUpLb1pJaHZjTkFRRUxCUUFEZ2dJQkFCT2t2ZzV5M0FYQzhiRERDK3NURHZ1VXJ4T1UKYUhnMlBpekhHc1BnNWRZR09xWUFGOGIyYjlXZ3dIbGJOZUhZbjR0YmJ5T2tINW5oMkVNV2VreTAwRUZadHBSQwpRNXpSOE40T3BBRnZRNDFjSnBhNGNXYU5hNzZ1Z0lDWGpVSXU0RTdRSnlaajJFcXlOUkJHMStmNkhvRzFqN0JZCjh2cHhSc1JHWlpaZkNacENKZEZCSGYyU3B2em9FZ29mWm41RC9FbXcwNjFlY3hGLzVnM2FSVWtmQUhmYXhzcEEKenpEcUV0YkFPQVBTcjhKU0ZON3Bsc00rSGgreUFObitRZXJpRzg4bUttNDBpdVFFejJ6NjlKU0U3ZWw4aC83KwovL1dDQWlyWGx4alZDUWIvWEFTeVVlbDFBME1sZzM0c3dYbXNQTERVck8ybUg0c1JUdmJBR2svRnZnVGJmODR5CkR3OW5FTzdDL0tDYmdJN0VzcjEyV05qeFpaZUp1R1c5UmlTVmlJaDh5UXVOdkk1MWMvdGJZMzBCUUVxTlY3RGEKbGtzaVo3c2FWRjNiRkUvcnhsSVBnNnNpcjh0U2d5bXhzcy9ZTGIzT2JXOUZiMjBkVER5dmtUcDg4emxKeFg2cApkSVlhWEFnd2s3ajUwMGhhT3hYcURvRE1tUXFBRzRjWU83SXFYNlRXVXhTbFhPNGxVV2tUaEFjZHoranVmcjRsCkN3ZU9TT1NHMGQ2YUQ5WWhqOVNJdVJ2Tmh2TzMxVnVXdUZSRnhoc0FvT0tsa3BGS0pxV1NSZzZMaEx1NkpPVncKVmV3RmJIT0ljRktSNUE5SVBQblFnR3V6MEo1T1J1MHhkRkVZbHNrTVF2SmE2bVJvdDIxcCtVL2tVcGgxT1QyRwpvenNOMmlVK3J6aTh2YUp3Ci0tLS0tRU5EIENFUlRJRklDQVRFLS0tLS0K\n    server: https://clusterk8s-50f1ae45.hcp.northeurope.azmk8s.io:443\n  name: cluster_k8s\ncontexts:\n- context:\n    cluster: cluster_k8s\n    user: clusterUser_Proyecto_Cloud_cluster_k8s\n  name: cluster_k8s\ncurrent-context: cluster_k8s\nkind: Config\npreferences: {}\nusers:\n- name: clusterUser_Proyecto_Cloud_cluster_k8s\n  user:\n    client-certificate-data: LS0tLS1CRUdJTiBDRVJUSUZJQ0FURS0tLS0tCk1JSUZIVENDQXdXZ0F3SUJBZ0lRWXgvRWhiT2szbWNvM2pySUQ0SGpUVEFOQmdrcWhraUc5dzBCQVFzRkFEQU4KTVFzd0NRWURWUVFERXdKallUQWVGdzB5TWpFeE1qSXhOVFUwTXpCYUZ3MHlOREV4TWpJeE5qQTBNekJhTURBeApGekFWQmdOVkJBb1REbk41YzNSbGJUcHRZWE4wWlhKek1SVXdFd1lEVlFRREV3eHRZWE4wWlhKamJHbGxiblF3CmdnSWlNQTBHQ1NxR1NJYjNEUUVCQVFVQUE0SUNEd0F3Z2dJS0FvSUNBUUR3Yy9EL1dMVnR1U2ViOVo3NXNjTGMKYzgydXRVNldzNWtXNXYwdHpjdUdBeUZ6eEw4bVF0MW8vMEsrQ1pHZVp4d0VwcG50S3hvOEdRUWkzZVNQMTNiMwpLcWJvZkEya3FYenhuK2tZdFYxQjd0SkJ5NTZuSEU0a0lrb3c0L2lMU2VqMnNnekpteVMxVkI4TFdQQnY3TVlMCnZySDNCUXVxUjkyNEFWVUhjZkExUDlsS3BJSUtEbHVOYlZobmQxYTF0VjFXOXFvOUZNWFcxZlBuNmZsNjI2TXoKcHVSNE9pcHgzcWdVdm14dzB0UE90YUdqUUN1eFc2MEYvS0tHdFpLRklLeVI5bnN5L1dGQnBaUXNRWnVvNEtxVwpJTVdRM3ErUkZZVHBpSHYrZ2RoVktmM3I4cVlBNGp0QmtHMlF4eDJjbXQ3ZklyVHJjTnV6cU02ekxnVDl0K2NmCk5kMG4rZEN5YUpNQXpYYzQ4V0VmQjJQSG01ZGRQTWhpYng2b0ZuY3JOQUdBSTJQN3NjaFB4dCtEZ1hoNzRWVm4KQTNGbythbHRSOEhRcmVBZmhzR3hXYXhtMGt2SGhEdWc0SGd0di9hNGRBcldCcjc5Ti9hOUl1RnMzaDE2bVpZegp2Q2xKMDJjc01oTHZUeFcvcEF1RDI1QUJiTHZxb1MwNVRpbWNKTFRUb1d0L3VMa1BaN3Z3Z29ZRUxjREl1c3RYCkZCVmZIcjVhWXJsdHFveEh2Wi9uMXBVTHp6U1JIUGpzU3Z6eS80Z1VKWGQ1SEE4RjNYblQvL2ZUSVhQTWI0d1UKZ1V6eEFiY3BhSUpQZTVpaERUMlpLYnFuQk9iSmc0Z09IZHVzMFJaZUVWRzZReTdPMmkzc3lRZnVDUXMzckpQWQo0TWlsTjY1YUlpZmI0ejd2aTIrY3F3SURBUUFCbzFZd1ZEQU9CZ05WSFE4QkFmOEVCQU1DQmFBd0V3WURWUjBsCkJBd3dDZ1lJS3dZQkJRVUhBd0l3REFZRFZSMFRBUUgvQkFJd0FEQWZCZ05WSFNNRUdEQVdnQlFGcVYrUG0rSnIKd0dWRDcrb3FPeWhLb2M2dGF6QU5CZ2txaGtpRzl3MEJBUXNGQUFPQ0FnRUFSeE0wOGZyNndZVFBnQ21BNi83MQo4UXBKTk5aK25YblhhNjNwbWhCZEZ4c1NUTVQ2YzY3MTRQT25Dc2E1L0ZrQ2ZtQXl1R0c1UXd4K1p1RE5UY2tZCndYdTZzWVprS0RMQkEyNmh6RU5UM2FuUG9DTXQ0clBiQVNTcGJ0UUREZnIvZEpXbWxrellPZlJ2bE1GelBwbjIKR1F1aFg0SlFjdDBiOVl5VHhWVlhrUHQvWnhHcXY0c3J1UFVaMFdQMnl3U2dFczFRcG9FYnNEdmJzNlVWRll6Lwp4by8vdmFnOGt3Ri9UWlY2Uk80alFUMHZkQnlzNXFMZjcxT29ucFBzZ2E0OSsrZHpPbXAraW5mUnRUS08yRGYwCklCby82eUtuVzNkVjhZak9xcWFsU0VKSXlJZDFKQVJsc2Jta3dUVDJicUxFZnBISzV1N3VGZWNYcXdUbks3eXEKOW9nVXpDcDFJNDB1NTgxTkhoZGE3K01JZ0QwRFBsamNoZVBoYnZ2RCtkLzk2T1NUWjF6SHpPVWhYMkt1Q2l3bgpJcTdXV2FIWXErdC92a2swVUlHYzFuby9UcUpGME56OHVma1BWVUdJNkplRENKUGIzSndDay9TcmNQNk1hbXBzClRMU1pQcDdxZTJULy9GZmhuYU81NjI5TU9LYUhSUlZ0MU1rVGlIc3RzRXg3bUxQR2tQTHJBdVBVNVh5cWtPbFgKOUVDd29La3d2Zyt1T3VtaFpMblZKRE5MOVlWd09xSXFNNXlianBQL2YyTzlSQ2ZMQ2tMOEUvRGF2cURzUVRxWApXQ29OTGVrckoxY0VydWdITGd1VExTclhEaXVncWJ1Zmp0eGxrMzE0T0JDU1ZvUUVOcGFmTmp0R05JdmttMGdoCmVSRE5nQ1FzU01NNHB3TEcvSDlGelBvPQotLS0tLUVORCBDRVJUSUZJQ0FURS0tLS0tCg==\n    client-key-data: LS0tLS1CRUdJTiBSU0EgUFJJVkFURSBLRVktLS0tLQpNSUlKS0FJQkFBS0NBZ0VBOEhQdy8xaTFiYmtubS9XZStiSEMzSFBOcnJWT2xyT1pGdWI5TGMzTGhnTWhjOFMvCkprTGRhUDlDdmdtUm5tY2NCS2FaN1NzYVBCa0VJdDNrajlkMjl5cW02SHdOcEtsODhaL3BHTFZkUWU3U1FjdWUKcHh4T0pDSktNT1A0aTBubzlySU15WnNrdFZRZkMxandiK3pHQzc2eDl3VUxxa2ZkdUFGVkIzSHdOVC9aU3FTQwpDZzVialcxWVozZFd0YlZkVnZhcVBSVEYxdFh6NStuNWV0dWpNNmJrZURvcWNkNm9GTDVzY05MVHpyV2hvMEFyCnNWdXRCZnlpaHJXU2hTQ3NrZlo3TXYxaFFhV1VMRUdicU9DcWxpREZrTjZ2a1JXRTZZaDcvb0hZVlNuOTYvS20KQU9JN1FaQnRrTWNkbkpyZTN5SzA2M0RiczZqT3N5NEUvYmZuSHpYZEovblFzbWlUQU0xM09QRmhId2RqeDV1WApYVHpJWW04ZXFCWjNLelFCZ0NOais3SElUOGJmZzRGNGUrRlZad054YVBtcGJVZkIwSzNnSDRiQnNWbXNadEpMCng0UTdvT0I0TGIvMnVIUUsxZ2ErL1RmMnZTTGhiTjRkZXBtV003d3BTZE5uTERJUzcwOFZ2NlFMZzl1UUFXeTcKNnFFdE9VNHBuQ1MwMDZGcmY3aTVEMmU3OElLR0JDM0F5THJMVnhRVlh4NitXbUs1YmFxTVI3MmY1OWFWQzg4MAprUno0N0VyODh2K0lGQ1YzZVJ3UEJkMTUwLy8zMHlGenpHK01GSUZNOFFHM0tXaUNUM3VZb1EwOW1TbTZwd1RtCnlZT0lEaDNick5FV1hoRlJ1a011enRvdDdNa0g3Z2tMTjZ5VDJPRElwVGV1V2lJbjIrTSs3NHR2bktzQ0F3RUEKQVFLQ0FnRUF0dTVPQThXMlNhS2Fhc0dEejgwWVJXVm9ycWpMQUVYa2l4THl2SjBiWUhvVFFpTUZsWk03SlAxRwpCcFA3RC9xN3l5SUFhdm5tdkovL2tKTWxwdlV5VWJwR1B3clp5bE1UZGpQRlA0SURUL3prUXlBcE5GT0pjMTRPCitZRUdmdG1jL2NuWmhxdWNVc09MMXJNMFFNSnVyVkxIeS9rdnRiMTFCZDhsbEVOdmp1TmphYkVjS1pCZ3dJalcKditoL3RFQWxvZHFKQzIwNVVrZDFoeE52TkxQU1JxS0tvSmtIMzVlWVlpZTVFbUNpdVZsZmZuWjhoek1Ld0VwQwpUNS9sdDVoekVaem1mNVZiSDNsYjhBdDk1QTRBV2JUVytXOGhQSXlWa0tIQVM1RDNSMXRxRGM2TjBwQktxb2U1CmczS29xWkw5U2Q3NnEwQXlOVTJRNjZwd0s2SjBsc1ZYRDFuQ0hzUXN2WFgyTzdpNVJ6QjN4bHBSaDI2d2g1aDcKbERXMjRXa0J2bU5jcDkwZ1Jvdyt0SkVsM1NIUWpJN0NOdS81ODFyQVpkMWlCemwzZ253Mi9VSGhaSXFTR0RkbwpLQXkxRGpTKzlocEY5RHRJUnNhZm9mb00rcVZuSUVjeGtrVkl3bTR0enRRbTBKaThLMm5haTRhVis0Y1VPVW12CkhaUys2Y0h1bzlLUW1idFNKVEVFWlV6ZEphMHJ2NnptSmJnNEFyd20yNSt4VkxpS25MTE1ldGFZWFZNQjdPbm0KRlB1Snk3ek5KQkpHeU14akxRVWhuMThuZWdOMHBFQmQ2RWRCSjFZOG91bERXZk9SNVBlM1dya05hMmozZEVrTgpkL1pCQTRwcUM3VEUyOVJkMkJKdCtCRndWcnZ6ZThNY2ZOUXhEMFlvb2U2SDBiakhXTGtDZ2dFQkFQOUZ2NmxlCjRYNm85d3RmNDJBTWJ6UnFlTXhOQlhiQnhIdnZGajdadDN3Y0EvY3ZDeTkzSGdhaVhVOUo2WS84R2ZqUEI0MlkKNDhyVHYwakF1Vk9EdWZBVDQ2ZkoxNGh5c1pXYXY0bHdpREt6L2RUSjcxWk1nVmV3RHZiYUhzUFdFOFdleFBIQgpVOVJ1TU9iOS9RZk1oRGQxU3BaSVY1MjQxT1lDUnVLOHIxVmdCNkpQQnFUWnJNbXRtUWJ2RHBHL040L2hrRUd0ClZRUlBFMGtLRlNEM2ZJZzZMZlUzemFURjVCd3VBd0JLRDhnT3YyYTRxb2l3eHQxWGVFdzVRU2dLaGlzWTlnUGoKSGhSNVlqUHJXSW5NWWZuampBYUw1TjJtQ0dPek9WTkg4U1oxS2dlb0FwVkF4TVdtRXNjRXZnQ2pOSmVRai9zOQpEeS9JQSszSGpBcGtXLzBDZ2dFQkFQRWpZVTU5dHhDejNiaWxNUGJXNXgwTjV6WDdDQ2JzaHZrY01Fa2ZYUzIyCkhoRkJkTWpkTzlwWXJSV3RuM0FodFVFbDhyRGpRbkJJOWVGbDdGM2dBQ2Njc1NWZXFBRGlvNWVjL1k3ZUUya20Kc0dMbUdFc0MrUFFlSC9VZkRld2pVeHNnQWMzV3YxYzFkREs4dE9ZQkM1TE5KcHdJcklBd0ZodEVrK0kydjhFbApFM1N5UzV6U2xNb2RZTXlZQ0kxTHZzZU5ZRGxScmdFN1c3cDZwSXYwSnNqS2MzTUdUSGMrT0d3VC96RWhSeWdBCk9BanhXeVU5Zm51QmpPMFJvR1NFaFNWZVFuSjk0U2dpblNsK3ZQUWRNb1E1U09JcWdPSVFtSTkzVVJEd3F4bFMKQ2lnbGFNQnBqQTFQNTE0NHhaRnFCd1l0U1JOUTRheGxwU1JmQVBYSDk4Y0NnZ0VBRVdZOHFSdTVmUHVoVXhvbgpFbDNtbW9rRFVOR1RKTVFTVTJ3NWRQRThDMjZSYXFDL1AyMzhFdkd3TUg1V09DVXowL3l3aEJzK3M0MTVSVWsxCm1KYXE3czA4UUN5R3oxc1o5WnVGb0tXVjh2Ykh2MkJBT3Y2ZDlrOGV4ZjZhQ0Rrb1Fka1BqWGJpOHVETDNvTEQKWTJ1eU8yRjRRd1FOVE1mVFl4WVdwTSs5bDdFaTlCSTAzcm1qaUYrWHhadzN2d0ZzbFJjSDBTSXlZRWZQaGJQMQpPcmtEdVBsV05wZW1JYXdIWDFCWGpnWitTdUdPZEQ3MENMc2I0dXhhVzcrdlRENWpaTDZmemlZRjM5bGlNeTNBCmJDd05KWTQzOWg1RTdFS3I0YmZPbVhtVzIwc3pJVEIzZEpya2pxQkNPV1IrV3ViRTUrdkhsSlZWMnFqa2M2bWQKUnZ3T05RS0NBUUJoZ1REamtDbnA4eEVBakt0VDVHbm5jYXZBUkJWeng4aDhDazNzQTJhbUNUSDNRRVI4eEJoagpuZCsvR0VtVUNjMUUzcGRYdDAweUlnNXFhZEE5MVVtNmh2dUtaTkFDSzZLQ3Q5US9aTVRzaTl4ZTRUT0pnVll4ClA4MGtUTDVRY2FnMUc2Z2ZGMnFmVk5uN2VocWJ0bWg3bjhDdzcwRHhSSUJyM2pyK0NhMVg2Q29KMGQ2Sk53MDYKL000YmJJNW9zK3djdktuZ0E0c2NyR2ZXNjZpRmZ0Ly82UHp0MGVveGZWTkxRSHE3M3Z6cXk4dmNzZHR0SDRSNQpaRlVidHpqbjdEMzZjamJrSE1waWREeWdmc0xnNHIxK2didGEyRnp0REZEa0VoY1JobjlvNmFkNXZFYXpKdnFlCmwyU3kwTG55cHJEWWFvOVY1Q3FjankxTG02N0RzMndaQW9JQkFENTdqcGNja3BJc1BJSDFUdFF1Ri9tREs2Z1kKYzIzS2c4TlVJZFcvRzFGU0hFR3BTZWttL0JCRVNGemp1aTBhcXJFUDJ6TkFSblpjTDNLNlRHUFJOMEoyaXMvTwpsVlhqZmJtZ2NLUXA2L2NjZDFlRkkrT215NGF5VXFVdHVmckgxUTlvcGJESDhTMlJRT0c4Z1p6Z2MxM1AvZXM3Ck9lNzJhR3M5a0IxTHJIYjFUWDFQWkZXNXI2TEM3WUs0R1NMeW43Z2VLQW4yS3BvODVmZTlLZkRrbjR6T2tFRGcKQXc3ZjRwcHArSHhXZFJOZEhzNXBhaG1tYzNXUCtRQmxNdmhTZC82c2lPN3dKSnpzRTVsazRoNWRFUDNqV0pXUwpva29WaHVpeDZFNnRYc1BQdGdGcTVCKzlIRTVPWVNVQWhJM25xSXdGNjU0ZC95SlV4V0R3eHB1WW5HQT0KLS0tLS1FTkQgUlNBIFBSSVZBVEUgS0VZLS0tLS0K\n    token: 42d418263e8ae48bd95f092551a2a4842d5252894ff9b8f2280f1c604befe40750e28125305f41f595903f980b50dfa20383daa297b09cce71f195fbbc145122\n",
            "kubelet_identity": [
              {
                "client_id": "32c3fa6b-66ea-4c53-a70c-5f177621c32c",
                "object_id": "2424e527-4205-4e8a-b991-2c2a0cf9bd6a",
                "user_assigned_identity_id": "/subscriptions/d154b22a-00e9-4d61-bccd-1c77b06247da/resourceGroups/MC_Proyecto_Cloud_cluster_k8s_northeurope/providers/Microsoft.ManagedIdentity/userAssignedIdentities/cluster_k8s-agentpool"
              }
            ],
            "kubernetes_version": "1.23.12",
            "linux_profile": [
              {
                "admin_username": "ubuntu",
                "ssh_key": [
                  {
                    "key_data": "ssh-rsa AAAAB3NzaC1yc2EAAAADAQABAAABAQCcZyCBTyPXGzj2hvGjOgTN3yrEX3AhxWPRPiIfZ/WqYDENStFgewpgJv+Pj5r+dBJDIoq6hIupQr71OxhkP8/FfQyYUzSyEC4+3F+KtdEm9so25UBHwaNcfiAgkp9siZ6gvbOArr86D0x7DZeG8mkqaD0IfrOUHPULALbNLdB+LAvFlpRkvQnfwIS1c0ZNZDQWooEsSce7JHtTQIDUnJhYaG4ahtKPp5pZX0PSIFddDS3GaPbjchGC2uWcW0GgBDcNsLfcQyM5NcYpN62ZwNwYZh4Rgf7805NmvxjEUBmaOA59n8dk7Kg+WFQI/usa2wnerh0pwojdXJXE/kGMiV53"
                  }
                ]
              }
            ],
            "local_account_disabled": false,
            "location": "northeurope",
            "maintenance_window": [],
            "microsoft_defender": [],
            "name": "cluster_k8s",
            "network_profile": [
              {
                "dns_service_ip": "10.0.0.10",
                "docker_bridge_cidr": "172.17.0.1/16",
                "ip_versions": [
                  "IPv4"
                ],
                "load_balancer_profile": [
                  {
                    "effective_outbound_ips": [
                      "/subscriptions/d154b22a-00e9-4d61-bccd-1c77b06247da/resourceGroups/MC_Proyecto_Cloud_cluster_k8s_northeurope/providers/Microsoft.Network/publicIPAddresses/f369e47f-a2f1-4248-b789-e09f3d0eb010"
                    ],
                    "idle_timeout_in_minutes": 0,
                    "managed_outbound_ip_count": 1,
                    "managed_outbound_ipv6_count": 0,
                    "outbound_ip_address_ids": [],
                    "outbound_ip_prefix_ids": [],
                    "outbound_ports_allocated": 0
                  }
                ],
                "load_balancer_sku": "standard",
                "nat_gateway_profile": [],
                "network_mode": "",
                "network_plugin": "kubenet",
                "network_policy": "",
                "outbound_type": "loadBalancer",
                "pod_cidr": "10.244.0.0/16",
                "pod_cidrs": [
                  "10.244.0.0/16"
                ],
                "service_cidr": "10.0.0.0/16",
                "service_cidrs": [
                  "10.0.0.0/16"
                ]
              }
            ],
            "node_resource_group": "MC_Proyecto_Cloud_cluster_k8s_northeurope",
            "oidc_issuer_enabled": false,
            "oidc_issuer_url": "",
            "oms_agent": [],
            "open_service_mesh_enabled": null,
            "portal_fqdn": "clusterk8s-50f1ae45.portal.hcp.northeurope.azmk8s.io",
            "private_cluster_enabled": false,
            "private_cluster_public_fqdn_enabled": false,
            "private_dns_zone_id": null,
            "private_fqdn": "",
            "public_network_access_enabled": true,
            "resource_group_name": "Proyecto_Cloud",
            "role_based_access_control_enabled": true,
            "run_command_enabled": true,
            "service_principal": [],
            "sku_tier": "Free",
            "tags": {
              "Environment": "Development"
            },
            "timeouts": null,
            "web_app_routing": [],
            "windows_profile": [],
            "workload_autoscaler_profile": [],
            "workload_identity_enabled": false
          },
          "sensitive_attributes": [],
          "private": "eyJlMmJmYjczMC1lY2FhLTExZTYtOGY4OC0zNDM2M2JjN2M0YzAiOnsiY3JlYXRlIjo1NDAwMDAwMDAwMDAwLCJkZWxldGUiOjU0MDAwMDAwMDAwMDAsInJlYWQiOjMwMDAwMDAwMDAwMCwidXBkYXRlIjo1NDAwMDAwMDAwMDAwfSwic2NoZW1hX3ZlcnNpb24iOiIyIn0=",
          "dependencies": [
            "azurerm_public_ip.publicIP",
            "azurerm_resource_group.rg",
            "module.network_vpc_west.azurerm_subnet.subnet",
            "module.network_vpc_west.azurerm_virtual_network.Vnet"
          ]
        }
      ]
    },
    {
      "module": "module.Recovery",
      "mode": "data",
      "type": "azurerm_subnet",
      "name": "sub01id",
      "provider": "provider[\"registry.terraform.io/hashicorp/azurerm\"]",
      "instances": [
        {
          "schema_version": 0,
          "attributes": {
            "address_prefix": "10.0.1.0/24",
            "address_prefixes": [
              "10.0.1.0/24"
            ],
            "enforce_private_link_endpoint_network_policies": false,
            "enforce_private_link_service_network_policies": false,
            "id": "/subscriptions/d154b22a-00e9-4d61-bccd-1c77b06247da/resourceGroups/Proyecto_Cloud/providers/Microsoft.Network/virtualNetworks/firs_vnet/subnets/subnet",
            "name": "subnet",
            "network_security_group_id": "",
            "private_endpoint_network_policies_enabled": true,
            "private_link_service_network_policies_enabled": true,
            "resource_group_name": "Proyecto_Cloud",
            "route_table_id": "",
            "service_endpoints": [],
            "timeouts": null,
            "virtual_network_name": "firs_vnet"
          },
          "sensitive_attributes": []
        }
      ]
    },
    {
      "module": "module.Recovery",
      "mode": "managed",
      "type": "azurerm_network_interface",
      "name": "NIC",
      "provider": "provider[\"registry.terraform.io/hashicorp/azurerm\"]",
      "instances": [
        {
          "schema_version": 0,
          "attributes": {
            "applied_dns_servers": [],
            "dns_servers": [],
            "edge_zone": "",
            "enable_accelerated_networking": false,
            "enable_ip_forwarding": false,
            "id": "/subscriptions/d154b22a-00e9-4d61-bccd-1c77b06247da/resourceGroups/Proyecto_Cloud/providers/Microsoft.Network/networkInterfaces/NIC1-Azure",
            "internal_dns_name_label": "",
            "internal_domain_name_suffix": "it3xauyv4lbuviqyjzx5ovf1aa.fx.internal.cloudapp.net",
            "ip_configuration": [
              {
                "gateway_load_balancer_frontend_ip_configuration_id": "",
                "name": "Nic-Config",
                "primary": true,
                "private_ip_address": "10.0.1.4",
                "private_ip_address_allocation": "Dynamic",
                "private_ip_address_version": "IPv4",
                "public_ip_address_id": "/subscriptions/d154b22a-00e9-4d61-bccd-1c77b06247da/resourceGroups/Proyecto_Cloud/providers/Microsoft.Network/publicIPAddresses/Public-Ip",
                "subnet_id": "/subscriptions/d154b22a-00e9-4d61-bccd-1c77b06247da/resourceGroups/Proyecto_Cloud/providers/Microsoft.Network/virtualNetworks/firs_vnet/subnets/subnet"
              }
            ],
            "location": "northeurope",
            "mac_address": "00-0D-3A-DD-BE-96",
            "name": "NIC1-Azure",
            "private_ip_address": "10.0.1.4",
            "private_ip_addresses": [
              "10.0.1.4"
            ],
            "resource_group_name": "Proyecto_Cloud",
            "tags": {},
            "timeouts": null,
            "virtual_machine_id": ""
          },
          "sensitive_attributes": [],
          "private": "eyJlMmJmYjczMC1lY2FhLTExZTYtOGY4OC0zNDM2M2JjN2M0YzAiOnsiY3JlYXRlIjoxODAwMDAwMDAwMDAwLCJkZWxldGUiOjE4MDAwMDAwMDAwMDAsInJlYWQiOjMwMDAwMDAwMDAwMCwidXBkYXRlIjoxODAwMDAwMDAwMDAwfX0=",
          "dependencies": [
            "azurerm_public_ip.publicIP",
            "azurerm_resource_group.rg",
            "module.Recovery.data.azurerm_subnet.sub01id",
            "module.network_vpc_west.azurerm_subnet.subnet",
            "module.network_vpc_west.azurerm_virtual_network.Vnet"
          ]
        }
      ]
    },
    {
      "module": "module.Recovery",
      "mode": "managed",
      "type": "azurerm_network_security_group",
      "name": "NSG",
      "provider": "provider[\"registry.terraform.io/hashicorp/azurerm\"]",
      "instances": [
        {
          "schema_version": 0,
          "attributes": {
            "id": "/subscriptions/d154b22a-00e9-4d61-bccd-1c77b06247da/resourceGroups/Proyecto_Cloud/providers/Microsoft.Network/networkSecurityGroups/segurity-group",
            "location": "northeurope",
            "name": "segurity-group",
            "resource_group_name": "Proyecto_Cloud",
            "security_rule": [
              {
                "access": "Allow",
                "description": "",
                "destination_address_prefix": "*",
                "destination_address_prefixes": [],
                "destination_application_security_group_ids": [],
                "destination_port_range": "22",
                "destination_port_ranges": [],
                "direction": "Inbound",
                "name": "SSH",
                "priority": 2000,
                "protocol": "Tcp",
                "source_address_prefix": "*",
                "source_address_prefixes": [],
                "source_application_security_group_ids": [],
                "source_port_range": "*",
                "source_port_ranges": []
              }
            ],
            "tags": {},
            "timeouts": null
          },
          "sensitive_attributes": [],
          "private": "eyJlMmJmYjczMC1lY2FhLTExZTYtOGY4OC0zNDM2M2JjN2M0YzAiOnsiY3JlYXRlIjoxODAwMDAwMDAwMDAwLCJkZWxldGUiOjE4MDAwMDAwMDAwMDAsInJlYWQiOjMwMDAwMDAwMDAwMCwidXBkYXRlIjoxODAwMDAwMDAwMDAwfX0=",
          "dependencies": [
            "azurerm_public_ip.publicIP",
            "azurerm_resource_group.rg",
            "module.network_vpc_west.azurerm_subnet.subnet",
            "module.network_vpc_west.azurerm_virtual_network.Vnet"
          ]
        }
      ]
    },
    {
      "module": "module.network_vpc_west",
      "mode": "managed",
      "type": "azurerm_subnet",
      "name": "subnet",
      "provider": "provider[\"registry.terraform.io/hashicorp/azurerm\"]",
      "instances": [
        {
          "schema_version": 0,
          "attributes": {
            "address_prefixes": [
              "10.0.1.0/24"
            ],
            "delegation": [],
            "enforce_private_link_endpoint_network_policies": false,
            "enforce_private_link_service_network_policies": false,
            "id": "/subscriptions/d154b22a-00e9-4d61-bccd-1c77b06247da/resourceGroups/Proyecto_Cloud/providers/Microsoft.Network/virtualNetworks/firs_vnet/subnets/subnet",
            "name": "subnet",
            "private_endpoint_network_policies_enabled": true,
            "private_link_service_network_policies_enabled": true,
            "resource_group_name": "Proyecto_Cloud",
            "service_endpoint_policy_ids": [],
            "service_endpoints": [],
            "timeouts": null,
            "virtual_network_name": "firs_vnet"
          },
          "sensitive_attributes": [],
          "private": "eyJlMmJmYjczMC1lY2FhLTExZTYtOGY4OC0zNDM2M2JjN2M0YzAiOnsiY3JlYXRlIjoxODAwMDAwMDAwMDAwLCJkZWxldGUiOjE4MDAwMDAwMDAwMDAsInJlYWQiOjMwMDAwMDAwMDAwMCwidXBkYXRlIjoxODAwMDAwMDAwMDAwfX0=",
          "dependencies": [
            "azurerm_public_ip.publicIP",
            "azurerm_resource_group.rg",
            "module.network_vpc_west.azurerm_virtual_network.Vnet"
          ]
        }
      ]
    },
    {
      "module": "module.network_vpc_west",
      "mode": "managed",
      "type": "azurerm_virtual_network",
      "name": "Vnet",
      "provider": "provider[\"registry.terraform.io/hashicorp/azurerm\"]",
      "instances": [
        {
          "schema_version": 0,
          "attributes": {
            "address_space": [
              "10.0.0.0/16"
            ],
            "bgp_community": "",
            "ddos_protection_plan": [],
            "dns_servers": [],
            "edge_zone": "",
            "flow_timeout_in_minutes": 0,
            "guid": "5370fb44-f215-4ac3-a218-4e6ff754bb00",
            "id": "/subscriptions/d154b22a-00e9-4d61-bccd-1c77b06247da/resourceGroups/Proyecto_Cloud/providers/Microsoft.Network/virtualNetworks/firs_vnet",
            "location": "northeurope",
            "name": "firs_vnet",
            "resource_group_name": "Proyecto_Cloud",
            "subnet": [
              {
                "address_prefix": "10.0.1.0/24",
                "id": "/subscriptions/d154b22a-00e9-4d61-bccd-1c77b06247da/resourceGroups/Proyecto_Cloud/providers/Microsoft.Network/virtualNetworks/firs_vnet/subnets/subnet",
                "name": "subnet",
                "security_group": ""
              }
            ],
            "tags": {},
            "timeouts": null
          },
          "sensitive_attributes": [],
          "private": "eyJlMmJmYjczMC1lY2FhLTExZTYtOGY4OC0zNDM2M2JjN2M0YzAiOnsiY3JlYXRlIjoxODAwMDAwMDAwMDAwLCJkZWxldGUiOjE4MDAwMDAwMDAwMDAsInJlYWQiOjMwMDAwMDAwMDAwMCwidXBkYXRlIjoxODAwMDAwMDAwMDAwfX0=",
          "dependencies": [
            "azurerm_public_ip.publicIP",
            "azurerm_resource_group.rg"
          ]
        }
      ]
    },
    {
      "module": "module.storage",
      "mode": "managed",
      "type": "azurerm_storage_account",
      "name": "Storage_account",
      "provider": "provider[\"registry.terraform.io/hashicorp/azurerm\"]",
      "instances": [
        {
          "schema_version": 3,
          "attributes": {
            "access_tier": "Hot",
            "account_kind": "StorageV2",
            "account_replication_type": "GRS",
            "account_tier": "Standard",
            "allow_nested_items_to_be_public": true,
            "azure_files_authentication": [],
            "blob_properties": [
              {
                "change_feed_enabled": false,
                "change_feed_retention_in_days": 0,
                "container_delete_retention_policy": [],
                "cors_rule": [],
                "default_service_version": "",
                "delete_retention_policy": [],
                "last_access_time_enabled": false,
                "versioning_enabled": false
              }
            ],
            "cross_tenant_replication_enabled": true,
            "custom_domain": [],
            "customer_managed_key": [],
            "default_to_oauth_authentication": false,
            "edge_zone": "",
            "enable_https_traffic_only": true,
            "id": "/subscriptions/d154b22a-00e9-4d61-bccd-1c77b06247da/resourceGroups/Proyecto_Cloud/providers/Microsoft.Storage/storageAccounts/storage1hector",
            "identity": [],
            "immutability_policy": [],
            "infrastructure_encryption_enabled": false,
            "is_hns_enabled": false,
            "large_file_share_enabled": null,
            "location": "northeurope",
            "min_tls_version": "TLS1_2",
            "name": "storage1hector",
            "network_rules": [
              {
                "bypass": [
                  "AzureServices"
                ],
                "default_action": "Allow",
                "ip_rules": [],
                "private_link_access": [],
                "virtual_network_subnet_ids": []
              }
            ],
            "nfsv3_enabled": false,
            "primary_access_key": "7mZJ6rC4MGhip81meny+PPFT5BZKyAPo4RRGx4mrZPcDQjb+A0sumyxlMyQSwfBUkK9PV9hlvGAh+AStfwEZzg==",
            "primary_blob_connection_string": "DefaultEndpointsProtocol=https;BlobEndpoint=https://storage1hector.blob.core.windows.net/;AccountName=storage1hector;AccountKey=7mZJ6rC4MGhip81meny+PPFT5BZKyAPo4RRGx4mrZPcDQjb+A0sumyxlMyQSwfBUkK9PV9hlvGAh+AStfwEZzg==",
            "primary_blob_endpoint": "https://storage1hector.blob.core.windows.net/",
            "primary_blob_host": "storage1hector.blob.core.windows.net",
            "primary_connection_string": "DefaultEndpointsProtocol=https;AccountName=storage1hector;AccountKey=7mZJ6rC4MGhip81meny+PPFT5BZKyAPo4RRGx4mrZPcDQjb+A0sumyxlMyQSwfBUkK9PV9hlvGAh+AStfwEZzg==;EndpointSuffix=core.windows.net",
            "primary_dfs_endpoint": "https://storage1hector.dfs.core.windows.net/",
            "primary_dfs_host": "storage1hector.dfs.core.windows.net",
            "primary_file_endpoint": "https://storage1hector.file.core.windows.net/",
            "primary_file_host": "storage1hector.file.core.windows.net",
            "primary_location": "northeurope",
            "primary_queue_endpoint": "https://storage1hector.queue.core.windows.net/",
            "primary_queue_host": "storage1hector.queue.core.windows.net",
            "primary_table_endpoint": "https://storage1hector.table.core.windows.net/",
            "primary_table_host": "storage1hector.table.core.windows.net",
            "primary_web_endpoint": "https://storage1hector.z16.web.core.windows.net/",
            "primary_web_host": "storage1hector.z16.web.core.windows.net",
            "public_network_access_enabled": true,
            "queue_encryption_key_type": "Service",
            "queue_properties": [
              {
                "cors_rule": [],
                "hour_metrics": [
                  {
                    "enabled": true,
                    "include_apis": true,
                    "retention_policy_days": 7,
                    "version": "1.0"
                  }
                ],
                "logging": [
                  {
                    "delete": false,
                    "read": false,
                    "retention_policy_days": 0,
                    "version": "1.0",
                    "write": false
                  }
                ],
                "minute_metrics": [
                  {
                    "enabled": false,
                    "include_apis": false,
                    "retention_policy_days": 0,
                    "version": "1.0"
                  }
                ]
              }
            ],
            "resource_group_name": "Proyecto_Cloud",
            "routing": [],
            "sas_policy": [],
            "secondary_access_key": "uGSQoZ7kEBGZ8Jy533UgsqfEd33qdd626NugHiTu5OBcQyNXdLtmAspACSctuupahiPmqnfib+bn+AStkJWw4Q==",
            "secondary_blob_connection_string": "",
            "secondary_blob_endpoint": null,
            "secondary_blob_host": null,
            "secondary_connection_string": "DefaultEndpointsProtocol=https;AccountName=storage1hector;AccountKey=uGSQoZ7kEBGZ8Jy533UgsqfEd33qdd626NugHiTu5OBcQyNXdLtmAspACSctuupahiPmqnfib+bn+AStkJWw4Q==;EndpointSuffix=core.windows.net",
            "secondary_dfs_endpoint": null,
            "secondary_dfs_host": null,
            "secondary_file_endpoint": null,
            "secondary_file_host": null,
            "secondary_location": "westeurope",
            "secondary_queue_endpoint": null,
            "secondary_queue_host": null,
            "secondary_table_endpoint": null,
            "secondary_table_host": null,
            "secondary_web_endpoint": null,
            "secondary_web_host": null,
            "share_properties": [
              {
                "cors_rule": [],
                "retention_policy": [
                  {
                    "days": 7
                  }
                ],
                "smb": []
              }
            ],
            "shared_access_key_enabled": true,
            "static_website": [],
            "table_encryption_key_type": "Service",
            "tags": {},
            "timeouts": null
          },
          "sensitive_attributes": [],
          "private": "eyJlMmJmYjczMC1lY2FhLTExZTYtOGY4OC0zNDM2M2JjN2M0YzAiOnsiY3JlYXRlIjozNjAwMDAwMDAwMDAwLCJkZWxldGUiOjM2MDAwMDAwMDAwMDAsInJlYWQiOjMwMDAwMDAwMDAwMCwidXBkYXRlIjozNjAwMDAwMDAwMDAwfSwic2NoZW1hX3ZlcnNpb24iOiIzIn0=",
          "dependencies": [
            "azurerm_resource_group.rg"
          ]
        }
      ]
    },
    {
      "module": "module.storage",
      "mode": "managed",
      "type": "azurerm_storage_container",
      "name": "tfstate",
      "provider": "provider[\"registry.terraform.io/hashicorp/azurerm\"]",
      "instances": [
        {
          "schema_version": 1,
          "attributes": {
            "container_access_type": "blob",
            "has_immutability_policy": false,
            "has_legal_hold": false,
            "id": "https://storage1hector.blob.core.windows.net/tfstate",
            "metadata": {},
            "name": "tfstate",
            "resource_manager_id": "/subscriptions/d154b22a-00e9-4d61-bccd-1c77b06247da/resourceGroups/Proyecto_Cloud/providers/Microsoft.Storage/storageAccounts/storage1hector/blobServices/default/containers/tfstate",
            "storage_account_name": "storage1hector",
            "timeouts": null
          },
          "sensitive_attributes": [],
          "private": "eyJlMmJmYjczMC1lY2FhLTExZTYtOGY4OC0zNDM2M2JjN2M0YzAiOnsiY3JlYXRlIjoxODAwMDAwMDAwMDAwLCJkZWxldGUiOjE4MDAwMDAwMDAwMDAsInJlYWQiOjMwMDAwMDAwMDAwMCwidXBkYXRlIjoxODAwMDAwMDAwMDAwfSwic2NoZW1hX3ZlcnNpb24iOiIxIn0=",
          "dependencies": [
            "azurerm_resource_group.rg",
            "module.storage.azurerm_storage_account.Storage_account"
          ]
        }
      ]
    }
  ],
  "check_results": []
}
